
Microsoft Visual Studio Solution File, Format Version 12.00
# Visual Studio 15
VisualStudioVersion = 15.0.28307.168
MinimumVisualStudioVersion = 10.0.40219.1
Project("{FAE04EC0-301F-11D3-BF4B-00C04F79EFBC}") = "myRaiCommonManager", "myRaiCommonManager\myRaiCommonManager.csproj", "{1D3D9AE9-AA83-406A-8938-488108E16BA7}"
EndProject
Project("{FAE04EC0-301F-11D3-BF4B-00C04F79EFBC}") = "myRaiData", "myRaiData\myRaiData.csproj", "{F63F72C2-8000-4784-8BC3-8B8A45C36807}"
EndProject
Project("{FAE04EC0-301F-11D3-BF4B-00C04F79EFBC}") = "myRaiCommonData", "myRaiCommonData\myRaiCommonData.csproj", "{D7AA7B14-90FE-4B50-91EE-AD89C40345FE}"
EndProject
Project("{FAE04EC0-301F-11D3-BF4B-00C04F79EFBC}") = "MyRaiServiceInterface", "MyRaiServiceInterface\MyRaiServiceInterface.csproj", "{A43C2B0F-D840-4028-A118-0A6065343B1E}"
EndProject
Project("{FAE04EC0-301F-11D3-BF4B-00C04F79EFBC}") = "myRaiCommonTasks", "myRaiCommonTasks\myRaiCommonTasks.csproj", "{46913CD6-FB60-46B8-98DF-57C347A2912E}"
EndProject
Project("{FAE04EC0-301F-11D3-BF4B-00C04F79EFBC}") = "myRaiHelper", "myRaiHelper\myRaiHelper.csproj", "{D5D1E0D3-4DFC-44D9-B9E5-39FF7D86532D}"
EndProject
Project("{FAE04EC0-301F-11D3-BF4B-00C04F79EFBC}") = "myRaiServiceHub", "myRaiServiceHub\myRaiServiceHub.csproj", "{7E151C1C-CF9C-4FF1-8DB1-2125055EE1E6}"
EndProject
Project("{FAE04EC0-301F-11D3-BF4B-00C04F79EFBC}") = "TimbratureCore", "Timbrature\TimbratureCore.csproj", "{B86CA964-9F8D-471B-BFC6-6EF0BD7704BD}"
EndProject
Project("{FAE04EC0-301F-11D3-BF4B-00C04F79EFBC}") = "myRaiGestionale", "myRaiGestionale\myRaiGestionale.csproj", "{4C42F30A-3DF7-478E-84C7-DF4E2F5B0005}"
EndProject
Project("{FAE04EC0-301F-11D3-BF4B-00C04F79EFBC}") = "myRai", "myRai\myRai.csproj", "{E678D2E1-3BCD-4440-914F-A854C833C17B}"
EndProject
Project("{FAE04EC0-301F-11D3-BF4B-00C04F79EFBC}") = "myRaiIlias", "myRaiIlias\myRaiIlias.csproj", "{43DDE02A-F8DB-4F7F-A4D1-B12E4AA02B6E}"
EndProject
Project("{FAE04EC0-301F-11D3-BF4B-00C04F79EFBC}") = "ComunicaCics", "ComunicaCics\ComunicaCics.csproj", "{B60408F4-09E2-4ABF-8C9B-0CA725D0DC4C}"
EndProject
Project("{FAE04EC0-301F-11D3-BF4B-00C04F79EFBC}") = "myRaiService", "myRaiService\myRaiService.csproj", "{04D71C3A-80F5-4560-AE3C-294767CAEFB0}"
EndProject
Project("{2150E333-8FDC-42A3-9474-1A3956D46DE8}") = "Batch", "Batch", "{EE206CE8-5F27-42CF-B984-5B04E7CAA0D5}"
EndProject
Project("{FAE04EC0-301F-11D3-BF4B-00C04F79EFBC}") = "CheckAbil", "CheckAbil\CheckAbil.csproj", "{EAB2F891-8AD7-48D3-8B3C-4B071E9F8AA6}"
EndProject
Project("{FAE04EC0-301F-11D3-BF4B-00C04F79EFBC}") = "Detax", "Detax\Detax.csproj", "{B4F08859-DD9F-4E41-AAD3-A1FDEB567275}"
EndProject
Project("{FAE04EC0-301F-11D3-BF4B-00C04F79EFBC}") = "Multiplo", "Multiplo\Multiplo.csproj", "{AF9CF6F8-6F40-46EA-8F63-ADC528BC5E8F}"
EndProject
Project("{FAE04EC0-301F-11D3-BF4B-00C04F79EFBC}") = "myRaiDataTalentia", "myRaiDataTalentia\myRaiDataTalentia.csproj", "{B54C18E9-991C-4325-90AD-8738B11C014B}"
EndProject
Project("{FAE04EC0-301F-11D3-BF4B-00C04F79EFBC}") = "MyRaiWindowsNotificheServices", "MyRaiWindowsNotificheServices\MyRaiWindowsNotificheServices.csproj", "{2BA8A975-7253-42A0-969A-84105AB0B1A7}"
EndProject
Project("{FAE04EC0-301F-11D3-BF4B-00C04F79EFBC}") = "myRaiServiceTestClient", "myRaiServiceTestClient\myRaiServiceTestClient.csproj", "{D7756228-219E-4B20-A539-10108054ADE9}"
EndProject
Project("{FAE04EC0-301F-11D3-BF4B-00C04F79EFBC}") = "PuliziaLogApi", "..\Batch\PuliziaLogApi\PuliziaLogApi.csproj", "{69DE9514-C3C5-42AF-B016-4491E9B16F1C}"
EndProject
Project("{FAE04EC0-301F-11D3-BF4B-00C04F79EFBC}") = "PuliziaLogAzioni", "..\Batch\PuliziaLogAzioni\PuliziaLogAzioni.csproj", "{7E6A23A9-95D4-4E7C-8CB3-B627F82CD872}"
EndProject
Project("{FAE04EC0-301F-11D3-BF4B-00C04F79EFBC}") = "PuliziaLogDB", "..\Batch\PuliziaLogDB\PuliziaLogDB.csproj", "{3E4AB114-74C9-4479-901B-9591BCBD365A}"
EndProject
Project("{FAE04EC0-301F-11D3-BF4B-00C04F79EFBC}") = "PuliziaLogErrori", "..\Batch\PuliziaLogErrori\PuliziaLogErrori.csproj", "{A635891D-DAC8-4CDE-A85A-E974130DB02A}"
EndProject
Project("{FAE04EC0-301F-11D3-BF4B-00C04F79EFBC}") = "PuliziaLogMensa", "..\Batch\PuliziaLogMensa\PuliziaLogMensa.csproj", "{A69E1209-576C-4B72-A54E-D1C7DDB15B74}"
EndProject
Project("{FAE04EC0-301F-11D3-BF4B-00C04F79EFBC}") = "PuliziaLOG", "..\Batch\PuliziaLOG\PuliziaLOG.csproj", "{27FC256B-A88A-43E2-90B9-B2E934B3B8ED}"
EndProject
Project("{2150E333-8FDC-42A3-9474-1A3956D46DE8}") = "_PuliziaLog", "_PuliziaLog", "{A250B0CC-0833-4813-B374-C1E10279CE2A}"
EndProject
Project("{FAE04EC0-301F-11D3-BF4B-00C04F79EFBC}") = "InvioMailApprovatoriProduzione", "..\Batch\InvioMailApprovatoriProduzione\InvioMailApprovatoriProduzione.csproj", "{9F7D4A85-AC42-46B5-8A1F-1028198CCECC}"
EndProject
Project("{2150E333-8FDC-42A3-9474-1A3956D46DE8}") = "_InvioMail", "_InvioMail", "{571EB713-9EA7-4130-9342-CFFCE4FBD47E}"
EndProject
Project("{2150E333-8FDC-42A3-9474-1A3956D46DE8}") = "_Gestionale", "_Gestionale", "{134B81D5-B2A9-438D-9539-285508A10059}"
EndProject
Project("{FAE04EC0-301F-11D3-BF4B-00C04F79EFBC}") = "GetReportSedi", "..\Batch\GetReportSedi\GetReportSedi\GetReportSedi.csproj", "{F23685C9-0352-46C3-9389-0B436F427759}"
EndProject
Project("{FAE04EC0-301F-11D3-BF4B-00C04F79EFBC}") = "RaiPolRetr", "..\Batch\RaiPolRetr\RaiPolRetr.csproj", "{00EF4713-14B9-4267-B1D9-915E84304DE8}"
EndProject
Project("{FAE04EC0-301F-11D3-BF4B-00C04F79EFBC}") = "RaiAcademyBatch", "..\Batch\RaiAcademyBatch\RaiAcademyBatch.csproj", "{8A701B42-97C3-4B59-9E5F-F0F85C88A9B1}"
EndProject
Project("{FAE04EC0-301F-11D3-BF4B-00C04F79EFBC}") = "StoricizzaCasseScontrini", "..\Batch\StoricizzaCasseScontrini\StoricizzaCasseScontrini.csproj", "{3850EA81-8E88-4A76-A917-48F9EEACA1C9}"
EndProject
Project("{FAE04EC0-301F-11D3-BF4B-00C04F79EFBC}") = "ConsoleCodificaCorsiCics", "..\Batch\ConsoleCodificaCorsiCics\ConsoleCodificaCorsiCics\ConsoleCodificaCorsiCics.csproj", "{4F8C1A48-D5BF-443A-B10B-1C063C22C7E5}"
EndProject
Project("{FAE04EC0-301F-11D3-BF4B-00C04F79EFBC}") = "RAIIncentivi", "..\Batch\RAIIncentivi\RAIIncentivi.csproj", "{EB3C2CEC-229B-4749-974F-BB78558588D7}"
EndProject
Project("{FAE04EC0-301F-11D3-BF4B-00C04F79EFBC}") = "ImportProgViaggiTrasferte", "..\Batch\ImportProgViaggiTrasferte\ImportProgViaggiTrasferte.csproj", "{D9AEDCB6-4DE4-4896-86BF-025AF563101E}"
EndProject
Project("{FAE04EC0-301F-11D3-BF4B-00C04F79EFBC}") = "InvioMailReminderPDFDaFirmare", "..\Batch\InvioMailReminderPDFDaFirmare\InvioMailReminderPDFDaFirmare.csproj", "{9815C2EB-7FE3-49B0-99AB-5254D958C5A6}"
EndProject
Project("{FAE04EC0-301F-11D3-BF4B-00C04F79EFBC}") = "InvioMailReminderPerApprovatori", "..\Batch\InvioMailReminderPerApprovatori\InvioMailReminderPerApprovatori.csproj", "{F002ED3E-AD1E-4CDB-A03A-7AE2E7E2523B}"
EndProject
Project("{FAE04EC0-301F-11D3-BF4B-00C04F79EFBC}") = "InvioMailRiepilogoRichiesteDaApprovare", "..\Batch\InvioMailRiepilogoRichiesteDaApprovare\InvioMailRiepilogoRichiesteDaApprovare.csproj", "{A6A9C8F6-81DE-4005-9F4A-C5D6A361B6FB}"
EndProject
Project("{FAE04EC0-301F-11D3-BF4B-00C04F79EFBC}") = "InviaMail_PDFgenerati", "..\Batch\InviaMail_PDFgenerati\InviaMail_PDFgenerati.csproj", "{DF512E27-78A7-408A-BEA6-7502518632A0}"
EndProject
Project("{FAE04EC0-301F-11D3-BF4B-00C04F79EFBC}") = "InviaMailNotificheDipendente", "..\Batch\InviaNotificheDipendente\InviaMailNotificheDipendente.csproj", "{E85CCD8A-2525-4DA0-B589-EABD7FF8C51C}"
EndProject
Project("{FAE04EC0-301F-11D3-BF4B-00C04F79EFBC}") = "InvioMailDetax", "..\Batch\InvioMailDetax\InvioMailDetax.csproj", "{9704112E-EB2F-4128-98AC-B097C2A37E5D}"
EndProject
Project("{FAE04EC0-301F-11D3-BF4B-00C04F79EFBC}") = "RefreshCacheAbilitazioni", "..\Batch\RefreshCacheAbilitazioni\RefreshCacheAbilitazioni.csproj", "{32A534E2-9BCB-472F-8F6D-321E5EAB1844}"
EndProject
Project("{FAE04EC0-301F-11D3-BF4B-00C04F79EFBC}") = "MarcaUrgentiScadute", "..\Batch\MarcaUrgentiScadute\MarcaUrgentiScadute.csproj", "{30F18AD7-F1D1-4C13-BDB2-2E85B40CE8A9}"
EndProject
Project("{FAE04EC0-301F-11D3-BF4B-00C04F79EFBC}") = "GetPresenzeFeed", "..\Batch\GetPresenzeFeed\GetPresenzeFeed.csproj", "{E8D04619-87C9-403E-9032-0E6AD792DFEC}"
EndProject
Project("{2150E333-8FDC-42A3-9474-1A3956D46DE8}") = "_GenerazionePDF", "_GenerazionePDF", "{EF7EE3EA-08F5-4249-AB40-B319C795A3AC}"
EndProject
Project("{FAE04EC0-301F-11D3-BF4B-00C04F79EFBC}") = "GeneraPDF", "..\Batch\GeneraPDF\GeneraPDF.csproj", "{E6C07480-3AD7-4FFA-AA9D-57BD64945533}"
EndProject
Project("{FAE04EC0-301F-11D3-BF4B-00C04F79EFBC}") = "GeneraPDFsostitutivo", "..\Batch\GeneraPDFsostitutivo\GeneraPDFsostitutivo.csproj", "{EB920DB3-55A7-4F47-BED8-96E17864BD69}"
EndProject
Project("{FAE04EC0-301F-11D3-BF4B-00C04F79EFBC}") = "CeitonSend", "..\Batch\CeitonSend\CeitonSend.csproj", "{DD1FA937-EA31-4031-8C42-D7EA6B6443DE}"
EndProject
Project("{FAE04EC0-301F-11D3-BF4B-00C04F79EFBC}") = "Arruolatore", "..\Batch\Arruolatore\Arruolatore.csproj", "{3680EE6B-2FD0-4504-81E2-ED21C9A1AF12}"
EndProject
Project("{2150E333-8FDC-42A3-9474-1A3956D46DE8}") = "_Allinea", "_Allinea", "{23FC1D08-33EB-494F-9632-B7F60144E5EE}"
EndProject
Project("{FAE04EC0-301F-11D3-BF4B-00C04F79EFBC}") = "AllineaGAPP_DB", "..\Batch\AllineaGAPP_DB\AllineaGAPP_DB.csproj", "{EA92B4DC-7225-49B2-974C-A4E3FEA428BA}"
EndProject
Project("{FAE04EC0-301F-11D3-BF4B-00C04F79EFBC}") = "AllineaInApprovazione", "..\Batch\AllineaInApprovazione\AllineaInApprovazione.csproj", "{2A114D61-788B-4D96-95B3-D2B2CDA2D23C}"
EndProject
Project("{FAE04EC0-301F-11D3-BF4B-00C04F79EFBC}") = "AllineaSediGAPPdaHRDW", "..\Batch\AllineaSediGAPPdaHRDW\AllineaSediGAPPdaHRDW.csproj", "{CA490130-7446-4FF7-95A2-44DC0FDC8079}"
EndProject
Project("{FAE04EC0-301F-11D3-BF4B-00C04F79EFBC}") = "AllineaRichiesteEliminate", "..\Batch\AllineaRichiesteEliminate\AllineaRichiesteEliminate.csproj", "{7E99A877-181E-4360-A8AD-4179329BE0BD}"
EndProject
Project("{2150E333-8FDC-42A3-9474-1A3956D46DE8}") = "_ExportPresenzeDipendenti", "_ExportPresenzeDipendenti", "{5DB1993B-0F78-46D1-A7C0-35C7A88A48E0}"
EndProject
Project("{FAE04EC0-301F-11D3-BF4B-00C04F79EFBC}") = "EsportaPresenzeDipendenti", "..\Batch\EsportaPresenzeDipendenti\EsportaPresenzeDipendenti.csproj", "{AF90AE2B-4CFC-46E1-BEC1-850ED9ED5399}"
EndProject
Project("{FAE04EC0-301F-11D3-BF4B-00C04F79EFBC}") = "Allinea_Ceiton_Gapp", "..\Batch\Allinea_Ceiton_Gapp\Allinea_Ceiton_Gapp.csproj", "{F98F0110-A22D-4152-B042-AA7D31E4DC2D}"
EndProject
Project("{2150E333-8FDC-42A3-9474-1A3956D46DE8}") = "PianoFerie", "PianoFerie", "{393F6581-1F57-45C7-BFBC-D60D819E9DFA}"
EndProject
Project("{FAE04EC0-301F-11D3-BF4B-00C04F79EFBC}") = "InserimentoPianoFerie", "..\Batch\InserimentoPianoFerie\InserimentoPianoFerie.csproj", "{C67F5C91-49E0-467E-B58E-6363B82AB05A}"
EndProject
Project("{2150E333-8FDC-42A3-9474-1A3956D46DE8}") = "_ExportMultiplo", "_ExportMultiplo", "{A6F2130E-B0F9-47C7-8917-24CAD6FADB71}"
EndProject
Project("{2150E333-8FDC-42A3-9474-1A3956D46DE8}") = "_ExportFerieERecuperi", "_ExportFerieERecuperi", "{B0F7B936-10CF-4A5E-8852-4DF3A16EEC06}"
EndProject
Project("{FAE04EC0-301F-11D3-BF4B-00C04F79EFBC}") = "EsportaFerieERecuperi", "..\Batch\EsportaFerieERecuperi\EsportaFerieERecuperi.csproj", "{D9359AD5-1B51-4662-B44E-597AC8069DD3}"
EndProject
Project("{2150E333-8FDC-42A3-9474-1A3956D46DE8}") = "ApprovazioneMassiva", "ApprovazioneMassiva", "{E25DCA56-B459-4F48-9143-196989B21CE2}"
EndProject
Project("{FAE04EC0-301F-11D3-BF4B-00C04F79EFBC}") = "ApprovazioneMassiva", "..\Batch\ApprovazioneMassiva\ApprovazioneMassiva.csproj", "{1F2F59B8-FCE2-4EA1-870A-F5E1C022A74B}"
EndProject
Project("{FAE04EC0-301F-11D3-BF4B-00C04F79EFBC}") = "InvioMail", "..\Batch\InvioMail\InvioMail.csproj", "{392F4C80-7E2E-4AA3-A982-2D324B5398A7}"
EndProject
Project("{FAE04EC0-301F-11D3-BF4B-00C04F79EFBC}") = "ProjectArturo", "ProjectArturo\ProjectArturo.csproj", "{D436C102-7BCB-4AD1-9727-0CC8DFACC88E}"
EndProject
Project("{FAE04EC0-301F-11D3-BF4B-00C04F79EFBC}") = "RaiCognitive", "RaiCognitive\RaiCognitive.csproj", "{89E2377E-B3E7-43DC-BB9D-92E8B68B66A4}"
EndProject
Project("{FAE04EC0-301F-11D3-BF4B-00C04F79EFBC}") = "RaiSWUpdateUNICO", "..\Batch\RaiSWUpdateUNICO\RaiSWUpdateUNICO\RaiSWUpdateUNICO.csproj", "{E34741B2-F676-452A-B932-BDEB1EADA4B1}"
EndProject
Project("{FAE04EC0-301F-11D3-BF4B-00C04F79EFBC}") = "EsecutoreTask", "EsecutoreTask\EsecutoreTask.csproj", "{51D29521-B3D7-4769-AA1A-37F4097EBB8D}"
EndProject
Project("{FAE04EC0-301F-11D3-BF4B-00C04F79EFBC}") = "RaiBatch", "RaiBatch\RaiBatch.csproj", "{87DE695D-9F76-4017-95B2-D8B63FA5F298}"
EndProject
Project("{FAE04EC0-301F-11D3-BF4B-00C04F79EFBC}") = "Caccia70", "Caccia70\Caccia70.csproj", "{3DE46D97-7ABF-4C4D-8CE2-3FCB1FBAD1D0}"
EndProject
Project("{2150E333-8FDC-42A3-9474-1A3956D46DE8}") = "ExportTabelle", "ExportTabelle", "{B66B7CFC-9697-4169-BAF3-F324D7FD5B35}"
EndProject
Project("{FAE04EC0-301F-11D3-BF4B-00C04F79EFBC}") = "ExportTabelle", "..\Batch\ExportTabelle\ExportTabelle.csproj", "{C82950D0-C8E5-41E2-A7AD-791CF67C4494}"
EndProject
Project("{2150E333-8FDC-42A3-9474-1A3956D46DE8}") = "Caricamento Dem Documenti Automatico", "Caricamento Dem Documenti Automatico", "{20CC7D72-5025-45A8-9578-B50CA5A55062}"
EndProject
Project("{FAE04EC0-301F-11D3-BF4B-00C04F79EFBC}") = "Caricamento_DEM_Documenti_Automatico", "..\Batch\Caricamento_DEM_Documenti_Automatico\Caricamento_DEM_Documenti_Automatico.csproj", "{356A595F-5651-43CF-864B-1562E029ED11}"
EndProject
Project("{2150E333-8FDC-42A3-9474-1A3956D46DE8}") = "Creazione lettere provvedimenti", "Creazione lettere provvedimenti", "{3005801A-F2D9-413F-96C2-32DD5B240013}"
EndProject
Project("{FAE04EC0-301F-11D3-BF4B-00C04F79EFBC}") = "CreazioneLettereProvvedimenti", "..\Batch\CreazioneLettereProvvedimenti\CreazioneLettereProvvedimenti.csproj", "{E8644AFF-6FE5-4674-BDE3-F9747BA96B04}"
EndProject
Project("{2150E333-8FDC-42A3-9474-1A3956D46DE8}") = "CheckIn WebApi Consumer", "CheckIn WebApi Consumer", "{9624DD83-F46C-4062-BAF8-B8992CAE9B38}"
EndProject
Project("{FAE04EC0-301F-11D3-BF4B-00C04F79EFBC}") = "CheckInWebApiConsumer", "..\Batch\CheckInWebApiConsumer\CheckInWebApiConsumer.csproj", "{CFAE993E-B263-443A-91F3-EFD2E07B82F9}"
EndProject
Project("{FAE04EC0-301F-11D3-BF4B-00C04F79EFBC}") = "InvioComunicazioni", "..\Batch\InvioComunicazioni\InvioComunicazioni.csproj", "{9967E7FE-C1BF-46FA-89FB-63CED8C55915}"
EndProject
Project("{2150E333-8FDC-42A3-9474-1A3956D46DE8}") = "HRDOC", "HRDOC", "{D736CD67-597C-480F-9EF4-2D000F03EE50}"
EndProject
Project("{FAE04EC0-301F-11D3-BF4B-00C04F79EFBC}") = "SendingToHRDOC", "..\Batch\SendingToHRDOC\SendingToHRDOC.csproj", "{960FB0D6-5D00-429C-9941-6718CB30F62B}"
EndProject
Project("{2150E333-8FDC-42A3-9474-1A3956D46DE8}") = "Dematerializzazione", "Dematerializzazione", "{7B9C3C00-70CB-4466-88E9-31AE254D4B65}"
EndProject
Project("{FAE04EC0-301F-11D3-BF4B-00C04F79EFBC}") = "EsecutoreAzioniAutomatiche", "..\Batch\Dematerializzazione\EsecutoreAzioniAutomatiche\EsecutoreAzioniAutomatiche.csproj", "{3F1156F8-9170-4162-9089-3AD647552713}"
EndProject
Global
	GlobalSection(SolutionConfigurationPlatforms) = preSolution
		Debug|Any CPU = Debug|Any CPU
		Release|Any CPU = Release|Any CPU
	EndGlobalSection
	GlobalSection(ProjectConfigurationPlatforms) = postSolution
		{1D3D9AE9-AA83-406A-8938-488108E16BA7}.Debug|Any CPU.ActiveCfg = Debug|Any CPU
		{1D3D9AE9-AA83-406A-8938-488108E16BA7}.Debug|Any CPU.Build.0 = Debug|Any CPU
		{1D3D9AE9-AA83-406A-8938-488108E16BA7}.Release|Any CPU.ActiveCfg = Release|Any CPU
		{1D3D9AE9-AA83-406A-8938-488108E16BA7}.Release|Any CPU.Build.0 = Release|Any CPU
		{F63F72C2-8000-4784-8BC3-8B8A45C36807}.Debug|Any CPU.ActiveCfg = Debug|Any CPU
		{F63F72C2-8000-4784-8BC3-8B8A45C36807}.Debug|Any CPU.Build.0 = Debug|Any CPU
		{F63F72C2-8000-4784-8BC3-8B8A45C36807}.Release|Any CPU.ActiveCfg = Release|Any CPU
		{F63F72C2-8000-4784-8BC3-8B8A45C36807}.Release|Any CPU.Build.0 = Release|Any CPU
		{D7AA7B14-90FE-4B50-91EE-AD89C40345FE}.Debug|Any CPU.ActiveCfg = Debug|Any CPU
		{D7AA7B14-90FE-4B50-91EE-AD89C40345FE}.Debug|Any CPU.Build.0 = Debug|Any CPU
		{D7AA7B14-90FE-4B50-91EE-AD89C40345FE}.Release|Any CPU.ActiveCfg = Release|Any CPU
		{D7AA7B14-90FE-4B50-91EE-AD89C40345FE}.Release|Any CPU.Build.0 = Release|Any CPU
		{A43C2B0F-D840-4028-A118-0A6065343B1E}.Debug|Any CPU.ActiveCfg = Debug|Any CPU
		{A43C2B0F-D840-4028-A118-0A6065343B1E}.Debug|Any CPU.Build.0 = Debug|Any CPU
		{A43C2B0F-D840-4028-A118-0A6065343B1E}.Release|Any CPU.ActiveCfg = Release|Any CPU
		{A43C2B0F-D840-4028-A118-0A6065343B1E}.Release|Any CPU.Build.0 = Release|Any CPU
		{46913CD6-FB60-46B8-98DF-57C347A2912E}.Debug|Any CPU.ActiveCfg = Debug|Any CPU
		{46913CD6-FB60-46B8-98DF-57C347A2912E}.Debug|Any CPU.Build.0 = Debug|Any CPU
		{46913CD6-FB60-46B8-98DF-57C347A2912E}.Release|Any CPU.ActiveCfg = Release|Any CPU
		{46913CD6-FB60-46B8-98DF-57C347A2912E}.Release|Any CPU.Build.0 = Release|Any CPU
		{D5D1E0D3-4DFC-44D9-B9E5-39FF7D86532D}.Debug|Any CPU.ActiveCfg = Debug|Any CPU
		{D5D1E0D3-4DFC-44D9-B9E5-39FF7D86532D}.Debug|Any CPU.Build.0 = Debug|Any CPU
		{D5D1E0D3-4DFC-44D9-B9E5-39FF7D86532D}.Release|Any CPU.ActiveCfg = Release|Any CPU
		{D5D1E0D3-4DFC-44D9-B9E5-39FF7D86532D}.Release|Any CPU.Build.0 = Release|Any CPU
		{7E151C1C-CF9C-4FF1-8DB1-2125055EE1E6}.Debug|Any CPU.ActiveCfg = Debug|Any CPU
		{7E151C1C-CF9C-4FF1-8DB1-2125055EE1E6}.Debug|Any CPU.Build.0 = Debug|Any CPU
		{7E151C1C-CF9C-4FF1-8DB1-2125055EE1E6}.Release|Any CPU.ActiveCfg = Release|Any CPU
		{7E151C1C-CF9C-4FF1-8DB1-2125055EE1E6}.Release|Any CPU.Build.0 = Release|Any CPU
		{B86CA964-9F8D-471B-BFC6-6EF0BD7704BD}.Debug|Any CPU.ActiveCfg = Debug|Any CPU
		{B86CA964-9F8D-471B-BFC6-6EF0BD7704BD}.Debug|Any CPU.Build.0 = Debug|Any CPU
		{B86CA964-9F8D-471B-BFC6-6EF0BD7704BD}.Release|Any CPU.ActiveCfg = Release|Any CPU
		{B86CA964-9F8D-471B-BFC6-6EF0BD7704BD}.Release|Any CPU.Build.0 = Release|Any CPU
		{4C42F30A-3DF7-478E-84C7-DF4E2F5B0005}.Debug|Any CPU.ActiveCfg = Debug|Any CPU
		{4C42F30A-3DF7-478E-84C7-DF4E2F5B0005}.Debug|Any CPU.Build.0 = Debug|Any CPU
		{4C42F30A-3DF7-478E-84C7-DF4E2F5B0005}.Release|Any CPU.ActiveCfg = Release|Any CPU
		{4C42F30A-3DF7-478E-84C7-DF4E2F5B0005}.Release|Any CPU.Build.0 = Release|Any CPU
		{E678D2E1-3BCD-4440-914F-A854C833C17B}.Debug|Any CPU.ActiveCfg = Debug|Any CPU
		{E678D2E1-3BCD-4440-914F-A854C833C17B}.Debug|Any CPU.Build.0 = Debug|Any CPU
		{E678D2E1-3BCD-4440-914F-A854C833C17B}.Release|Any CPU.ActiveCfg = Release|Any CPU
		{E678D2E1-3BCD-4440-914F-A854C833C17B}.Release|Any CPU.Build.0 = Release|Any CPU
		{43DDE02A-F8DB-4F7F-A4D1-B12E4AA02B6E}.Debug|Any CPU.ActiveCfg = Debug|Any CPU
		{43DDE02A-F8DB-4F7F-A4D1-B12E4AA02B6E}.Debug|Any CPU.Build.0 = Debug|Any CPU
		{43DDE02A-F8DB-4F7F-A4D1-B12E4AA02B6E}.Release|Any CPU.ActiveCfg = Release|Any CPU
		{43DDE02A-F8DB-4F7F-A4D1-B12E4AA02B6E}.Release|Any CPU.Build.0 = Release|Any CPU
		{B60408F4-09E2-4ABF-8C9B-0CA725D0DC4C}.Debug|Any CPU.ActiveCfg = Debug|Any CPU
		{B60408F4-09E2-4ABF-8C9B-0CA725D0DC4C}.Debug|Any CPU.Build.0 = Debug|Any CPU
		{B60408F4-09E2-4ABF-8C9B-0CA725D0DC4C}.Release|Any CPU.ActiveCfg = Release|Any CPU
		{B60408F4-09E2-4ABF-8C9B-0CA725D0DC4C}.Release|Any CPU.Build.0 = Release|Any CPU
		{04D71C3A-80F5-4560-AE3C-294767CAEFB0}.Debug|Any CPU.ActiveCfg = Debug|Any CPU
		{04D71C3A-80F5-4560-AE3C-294767CAEFB0}.Debug|Any CPU.Build.0 = Debug|Any CPU
		{04D71C3A-80F5-4560-AE3C-294767CAEFB0}.Release|Any CPU.ActiveCfg = Release|Any CPU
		{04D71C3A-80F5-4560-AE3C-294767CAEFB0}.Release|Any CPU.Build.0 = Release|Any CPU
		{EAB2F891-8AD7-48D3-8B3C-4B071E9F8AA6}.Debug|Any CPU.ActiveCfg = Debug|Any CPU
		{EAB2F891-8AD7-48D3-8B3C-4B071E9F8AA6}.Debug|Any CPU.Build.0 = Debug|Any CPU
		{EAB2F891-8AD7-48D3-8B3C-4B071E9F8AA6}.Release|Any CPU.ActiveCfg = Release|Any CPU
		{EAB2F891-8AD7-48D3-8B3C-4B071E9F8AA6}.Release|Any CPU.Build.0 = Release|Any CPU
		{B4F08859-DD9F-4E41-AAD3-A1FDEB567275}.Debug|Any CPU.ActiveCfg = Debug|Any CPU
		{B4F08859-DD9F-4E41-AAD3-A1FDEB567275}.Debug|Any CPU.Build.0 = Debug|Any CPU
		{B4F08859-DD9F-4E41-AAD3-A1FDEB567275}.Release|Any CPU.ActiveCfg = Release|Any CPU
		{B4F08859-DD9F-4E41-AAD3-A1FDEB567275}.Release|Any CPU.Build.0 = Release|Any CPU
		{AF9CF6F8-6F40-46EA-8F63-ADC528BC5E8F}.Debug|Any CPU.ActiveCfg = Debug|Any CPU
		{AF9CF6F8-6F40-46EA-8F63-ADC528BC5E8F}.Debug|Any CPU.Build.0 = Debug|Any CPU
		{AF9CF6F8-6F40-46EA-8F63-ADC528BC5E8F}.Release|Any CPU.ActiveCfg = Release|Any CPU
		{AF9CF6F8-6F40-46EA-8F63-ADC528BC5E8F}.Release|Any CPU.Build.0 = Release|Any CPU
		{B54C18E9-991C-4325-90AD-8738B11C014B}.Debug|Any CPU.ActiveCfg = Debug|Any CPU
		{B54C18E9-991C-4325-90AD-8738B11C014B}.Debug|Any CPU.Build.0 = Debug|Any CPU
		{B54C18E9-991C-4325-90AD-8738B11C014B}.Release|Any CPU.ActiveCfg = Release|Any CPU
		{B54C18E9-991C-4325-90AD-8738B11C014B}.Release|Any CPU.Build.0 = Release|Any CPU
		{2BA8A975-7253-42A0-969A-84105AB0B1A7}.Debug|Any CPU.ActiveCfg = Debug|Any CPU
		{2BA8A975-7253-42A0-969A-84105AB0B1A7}.Debug|Any CPU.Build.0 = Debug|Any CPU
		{2BA8A975-7253-42A0-969A-84105AB0B1A7}.Release|Any CPU.ActiveCfg = Release|Any CPU
		{2BA8A975-7253-42A0-969A-84105AB0B1A7}.Release|Any CPU.Build.0 = Release|Any CPU
		{D7756228-219E-4B20-A539-10108054ADE9}.Debug|Any CPU.ActiveCfg = Debug|Any CPU
		{D7756228-219E-4B20-A539-10108054ADE9}.Debug|Any CPU.Build.0 = Debug|Any CPU
		{D7756228-219E-4B20-A539-10108054ADE9}.Release|Any CPU.ActiveCfg = Release|Any CPU
		{D7756228-219E-4B20-A539-10108054ADE9}.Release|Any CPU.Build.0 = Release|Any CPU
		{69DE9514-C3C5-42AF-B016-4491E9B16F1C}.Debug|Any CPU.ActiveCfg = Debug|Any CPU
		{69DE9514-C3C5-42AF-B016-4491E9B16F1C}.Debug|Any CPU.Build.0 = Debug|Any CPU
		{69DE9514-C3C5-42AF-B016-4491E9B16F1C}.Release|Any CPU.ActiveCfg = Release|Any CPU
		{69DE9514-C3C5-42AF-B016-4491E9B16F1C}.Release|Any CPU.Build.0 = Release|Any CPU
		{7E6A23A9-95D4-4E7C-8CB3-B627F82CD872}.Debug|Any CPU.ActiveCfg = Debug|Any CPU
		{7E6A23A9-95D4-4E7C-8CB3-B627F82CD872}.Debug|Any CPU.Build.0 = Debug|Any CPU
		{7E6A23A9-95D4-4E7C-8CB3-B627F82CD872}.Release|Any CPU.ActiveCfg = Release|Any CPU
		{7E6A23A9-95D4-4E7C-8CB3-B627F82CD872}.Release|Any CPU.Build.0 = Release|Any CPU
		{3E4AB114-74C9-4479-901B-9591BCBD365A}.Debug|Any CPU.ActiveCfg = Debug|Any CPU
		{3E4AB114-74C9-4479-901B-9591BCBD365A}.Debug|Any CPU.Build.0 = Debug|Any CPU
		{3E4AB114-74C9-4479-901B-9591BCBD365A}.Release|Any CPU.ActiveCfg = Release|Any CPU
		{3E4AB114-74C9-4479-901B-9591BCBD365A}.Release|Any CPU.Build.0 = Release|Any CPU
		{A635891D-DAC8-4CDE-A85A-E974130DB02A}.Debug|Any CPU.ActiveCfg = Debug|Any CPU
		{A635891D-DAC8-4CDE-A85A-E974130DB02A}.Debug|Any CPU.Build.0 = Debug|Any CPU
		{A635891D-DAC8-4CDE-A85A-E974130DB02A}.Release|Any CPU.ActiveCfg = Release|Any CPU
		{A635891D-DAC8-4CDE-A85A-E974130DB02A}.Release|Any CPU.Build.0 = Release|Any CPU
		{A69E1209-576C-4B72-A54E-D1C7DDB15B74}.Debug|Any CPU.ActiveCfg = Debug|Any CPU
		{A69E1209-576C-4B72-A54E-D1C7DDB15B74}.Debug|Any CPU.Build.0 = Debug|Any CPU
		{A69E1209-576C-4B72-A54E-D1C7DDB15B74}.Release|Any CPU.ActiveCfg = Release|Any CPU
		{A69E1209-576C-4B72-A54E-D1C7DDB15B74}.Release|Any CPU.Build.0 = Release|Any CPU
		{27FC256B-A88A-43E2-90B9-B2E934B3B8ED}.Debug|Any CPU.ActiveCfg = Debug|Any CPU
		{27FC256B-A88A-43E2-90B9-B2E934B3B8ED}.Debug|Any CPU.Build.0 = Debug|Any CPU
		{27FC256B-A88A-43E2-90B9-B2E934B3B8ED}.Release|Any CPU.ActiveCfg = Release|Any CPU
		{27FC256B-A88A-43E2-90B9-B2E934B3B8ED}.Release|Any CPU.Build.0 = Release|Any CPU
		{9F7D4A85-AC42-46B5-8A1F-1028198CCECC}.Debug|Any CPU.ActiveCfg = Debug|Any CPU
		{9F7D4A85-AC42-46B5-8A1F-1028198CCECC}.Debug|Any CPU.Build.0 = Debug|Any CPU
		{9F7D4A85-AC42-46B5-8A1F-1028198CCECC}.Release|Any CPU.ActiveCfg = Release|Any CPU
		{9F7D4A85-AC42-46B5-8A1F-1028198CCECC}.Release|Any CPU.Build.0 = Release|Any CPU
		{F23685C9-0352-46C3-9389-0B436F427759}.Debug|Any CPU.ActiveCfg = Debug|Any CPU
		{F23685C9-0352-46C3-9389-0B436F427759}.Debug|Any CPU.Build.0 = Debug|Any CPU
		{F23685C9-0352-46C3-9389-0B436F427759}.Release|Any CPU.ActiveCfg = Release|Any CPU
		{F23685C9-0352-46C3-9389-0B436F427759}.Release|Any CPU.Build.0 = Release|Any CPU
		{00EF4713-14B9-4267-B1D9-915E84304DE8}.Debug|Any CPU.ActiveCfg = Debug|Any CPU
		{00EF4713-14B9-4267-B1D9-915E84304DE8}.Debug|Any CPU.Build.0 = Debug|Any CPU
		{00EF4713-14B9-4267-B1D9-915E84304DE8}.Release|Any CPU.ActiveCfg = Release|Any CPU
		{00EF4713-14B9-4267-B1D9-915E84304DE8}.Release|Any CPU.Build.0 = Release|Any CPU
		{8A701B42-97C3-4B59-9E5F-F0F85C88A9B1}.Debug|Any CPU.ActiveCfg = Debug|Any CPU
		{8A701B42-97C3-4B59-9E5F-F0F85C88A9B1}.Debug|Any CPU.Build.0 = Debug|Any CPU
		{8A701B42-97C3-4B59-9E5F-F0F85C88A9B1}.Release|Any CPU.ActiveCfg = Release|Any CPU
		{8A701B42-97C3-4B59-9E5F-F0F85C88A9B1}.Release|Any CPU.Build.0 = Release|Any CPU
		{3850EA81-8E88-4A76-A917-48F9EEACA1C9}.Debug|Any CPU.ActiveCfg = Debug|Any CPU
		{3850EA81-8E88-4A76-A917-48F9EEACA1C9}.Debug|Any CPU.Build.0 = Debug|Any CPU
		{3850EA81-8E88-4A76-A917-48F9EEACA1C9}.Release|Any CPU.ActiveCfg = Release|Any CPU
		{3850EA81-8E88-4A76-A917-48F9EEACA1C9}.Release|Any CPU.Build.0 = Release|Any CPU
		{4F8C1A48-D5BF-443A-B10B-1C063C22C7E5}.Debug|Any CPU.ActiveCfg = Debug|Any CPU
		{4F8C1A48-D5BF-443A-B10B-1C063C22C7E5}.Debug|Any CPU.Build.0 = Debug|Any CPU
		{4F8C1A48-D5BF-443A-B10B-1C063C22C7E5}.Release|Any CPU.ActiveCfg = Release|Any CPU
		{4F8C1A48-D5BF-443A-B10B-1C063C22C7E5}.Release|Any CPU.Build.0 = Release|Any CPU
		{EB3C2CEC-229B-4749-974F-BB78558588D7}.Debug|Any CPU.ActiveCfg = Debug|Any CPU
		{EB3C2CEC-229B-4749-974F-BB78558588D7}.Debug|Any CPU.Build.0 = Debug|Any CPU
		{EB3C2CEC-229B-4749-974F-BB78558588D7}.Release|Any CPU.ActiveCfg = Release|Any CPU
		{EB3C2CEC-229B-4749-974F-BB78558588D7}.Release|Any CPU.Build.0 = Release|Any CPU
		{D9AEDCB6-4DE4-4896-86BF-025AF563101E}.Debug|Any CPU.ActiveCfg = Debug|Any CPU
		{D9AEDCB6-4DE4-4896-86BF-025AF563101E}.Debug|Any CPU.Build.0 = Debug|Any CPU
		{D9AEDCB6-4DE4-4896-86BF-025AF563101E}.Release|Any CPU.ActiveCfg = Release|Any CPU
		{D9AEDCB6-4DE4-4896-86BF-025AF563101E}.Release|Any CPU.Build.0 = Release|Any CPU
		{9815C2EB-7FE3-49B0-99AB-5254D958C5A6}.Debug|Any CPU.ActiveCfg = Debug|Any CPU
		{9815C2EB-7FE3-49B0-99AB-5254D958C5A6}.Debug|Any CPU.Build.0 = Debug|Any CPU
		{9815C2EB-7FE3-49B0-99AB-5254D958C5A6}.Release|Any CPU.ActiveCfg = Release|Any CPU
		{9815C2EB-7FE3-49B0-99AB-5254D958C5A6}.Release|Any CPU.Build.0 = Release|Any CPU
		{F002ED3E-AD1E-4CDB-A03A-7AE2E7E2523B}.Debug|Any CPU.ActiveCfg = Debug|Any CPU
		{F002ED3E-AD1E-4CDB-A03A-7AE2E7E2523B}.Debug|Any CPU.Build.0 = Debug|Any CPU
		{F002ED3E-AD1E-4CDB-A03A-7AE2E7E2523B}.Release|Any CPU.ActiveCfg = Release|Any CPU
		{F002ED3E-AD1E-4CDB-A03A-7AE2E7E2523B}.Release|Any CPU.Build.0 = Release|Any CPU
		{A6A9C8F6-81DE-4005-9F4A-C5D6A361B6FB}.Debug|Any CPU.ActiveCfg = Debug|Any CPU
		{A6A9C8F6-81DE-4005-9F4A-C5D6A361B6FB}.Debug|Any CPU.Build.0 = Debug|Any CPU
		{A6A9C8F6-81DE-4005-9F4A-C5D6A361B6FB}.Release|Any CPU.ActiveCfg = Release|Any CPU
		{A6A9C8F6-81DE-4005-9F4A-C5D6A361B6FB}.Release|Any CPU.Build.0 = Release|Any CPU
		{DF512E27-78A7-408A-BEA6-7502518632A0}.Debug|Any CPU.ActiveCfg = Debug|Any CPU
		{DF512E27-78A7-408A-BEA6-7502518632A0}.Debug|Any CPU.Build.0 = Debug|Any CPU
		{DF512E27-78A7-408A-BEA6-7502518632A0}.Release|Any CPU.ActiveCfg = Release|Any CPU
		{DF512E27-78A7-408A-BEA6-7502518632A0}.Release|Any CPU.Build.0 = Release|Any CPU
		{E85CCD8A-2525-4DA0-B589-EABD7FF8C51C}.Debug|Any CPU.ActiveCfg = Debug|Any CPU
		{E85CCD8A-2525-4DA0-B589-EABD7FF8C51C}.Debug|Any CPU.Build.0 = Debug|Any CPU
		{E85CCD8A-2525-4DA0-B589-EABD7FF8C51C}.Release|Any CPU.ActiveCfg = Release|Any CPU
		{E85CCD8A-2525-4DA0-B589-EABD7FF8C51C}.Release|Any CPU.Build.0 = Release|Any CPU
		{9704112E-EB2F-4128-98AC-B097C2A37E5D}.Debug|Any CPU.ActiveCfg = Debug|Any CPU
		{9704112E-EB2F-4128-98AC-B097C2A37E5D}.Debug|Any CPU.Build.0 = Debug|Any CPU
		{9704112E-EB2F-4128-98AC-B097C2A37E5D}.Release|Any CPU.ActiveCfg = Release|Any CPU
		{9704112E-EB2F-4128-98AC-B097C2A37E5D}.Release|Any CPU.Build.0 = Release|Any CPU
		{32A534E2-9BCB-472F-8F6D-321E5EAB1844}.Debug|Any CPU.ActiveCfg = Debug|Any CPU
		{32A534E2-9BCB-472F-8F6D-321E5EAB1844}.Debug|Any CPU.Build.0 = Debug|Any CPU
		{32A534E2-9BCB-472F-8F6D-321E5EAB1844}.Release|Any CPU.ActiveCfg = Release|Any CPU
		{32A534E2-9BCB-472F-8F6D-321E5EAB1844}.Release|Any CPU.Build.0 = Release|Any CPU
		{30F18AD7-F1D1-4C13-BDB2-2E85B40CE8A9}.Debug|Any CPU.ActiveCfg = Debug|Any CPU
		{30F18AD7-F1D1-4C13-BDB2-2E85B40CE8A9}.Debug|Any CPU.Build.0 = Debug|Any CPU
		{30F18AD7-F1D1-4C13-BDB2-2E85B40CE8A9}.Release|Any CPU.ActiveCfg = Release|Any CPU
		{30F18AD7-F1D1-4C13-BDB2-2E85B40CE8A9}.Release|Any CPU.Build.0 = Release|Any CPU
		{E8D04619-87C9-403E-9032-0E6AD792DFEC}.Debug|Any CPU.ActiveCfg = Debug|Any CPU
		{E8D04619-87C9-403E-9032-0E6AD792DFEC}.Debug|Any CPU.Build.0 = Debug|Any CPU
		{E8D04619-87C9-403E-9032-0E6AD792DFEC}.Release|Any CPU.ActiveCfg = Release|Any CPU
		{E8D04619-87C9-403E-9032-0E6AD792DFEC}.Release|Any CPU.Build.0 = Release|Any CPU
		{E6C07480-3AD7-4FFA-AA9D-57BD64945533}.Debug|Any CPU.ActiveCfg = Debug|Any CPU
		{E6C07480-3AD7-4FFA-AA9D-57BD64945533}.Debug|Any CPU.Build.0 = Debug|Any CPU
		{E6C07480-3AD7-4FFA-AA9D-57BD64945533}.Release|Any CPU.ActiveCfg = Release|Any CPU
		{E6C07480-3AD7-4FFA-AA9D-57BD64945533}.Release|Any CPU.Build.0 = Release|Any CPU
		{EB920DB3-55A7-4F47-BED8-96E17864BD69}.Debug|Any CPU.ActiveCfg = Debug|Any CPU
		{EB920DB3-55A7-4F47-BED8-96E17864BD69}.Debug|Any CPU.Build.0 = Debug|Any CPU
		{EB920DB3-55A7-4F47-BED8-96E17864BD69}.Release|Any CPU.ActiveCfg = Release|Any CPU
		{EB920DB3-55A7-4F47-BED8-96E17864BD69}.Release|Any CPU.Build.0 = Release|Any CPU
		{DD1FA937-EA31-4031-8C42-D7EA6B6443DE}.Debug|Any CPU.ActiveCfg = Debug|Any CPU
		{DD1FA937-EA31-4031-8C42-D7EA6B6443DE}.Debug|Any CPU.Build.0 = Debug|Any CPU
		{DD1FA937-EA31-4031-8C42-D7EA6B6443DE}.Release|Any CPU.ActiveCfg = Release|Any CPU
		{DD1FA937-EA31-4031-8C42-D7EA6B6443DE}.Release|Any CPU.Build.0 = Release|Any CPU
		{3680EE6B-2FD0-4504-81E2-ED21C9A1AF12}.Debug|Any CPU.ActiveCfg = Debug|Any CPU
		{3680EE6B-2FD0-4504-81E2-ED21C9A1AF12}.Debug|Any CPU.Build.0 = Debug|Any CPU
		{3680EE6B-2FD0-4504-81E2-ED21C9A1AF12}.Release|Any CPU.ActiveCfg = Release|Any CPU
		{3680EE6B-2FD0-4504-81E2-ED21C9A1AF12}.Release|Any CPU.Build.0 = Release|Any CPU
		{EA92B4DC-7225-49B2-974C-A4E3FEA428BA}.Debug|Any CPU.ActiveCfg = Debug|Any CPU
		{EA92B4DC-7225-49B2-974C-A4E3FEA428BA}.Debug|Any CPU.Build.0 = Debug|Any CPU
		{EA92B4DC-7225-49B2-974C-A4E3FEA428BA}.Release|Any CPU.ActiveCfg = Release|Any CPU
		{EA92B4DC-7225-49B2-974C-A4E3FEA428BA}.Release|Any CPU.Build.0 = Release|Any CPU
		{2A114D61-788B-4D96-95B3-D2B2CDA2D23C}.Debug|Any CPU.ActiveCfg = Debug|Any CPU
		{2A114D61-788B-4D96-95B3-D2B2CDA2D23C}.Debug|Any CPU.Build.0 = Debug|Any CPU
		{2A114D61-788B-4D96-95B3-D2B2CDA2D23C}.Release|Any CPU.ActiveCfg = Release|Any CPU
		{2A114D61-788B-4D96-95B3-D2B2CDA2D23C}.Release|Any CPU.Build.0 = Release|Any CPU
		{CA490130-7446-4FF7-95A2-44DC0FDC8079}.Debug|Any CPU.ActiveCfg = Debug|Any CPU
		{CA490130-7446-4FF7-95A2-44DC0FDC8079}.Debug|Any CPU.Build.0 = Debug|Any CPU
		{CA490130-7446-4FF7-95A2-44DC0FDC8079}.Release|Any CPU.ActiveCfg = Release|Any CPU
		{CA490130-7446-4FF7-95A2-44DC0FDC8079}.Release|Any CPU.Build.0 = Release|Any CPU
		{7E99A877-181E-4360-A8AD-4179329BE0BD}.Debug|Any CPU.ActiveCfg = Debug|Any CPU
		{7E99A877-181E-4360-A8AD-4179329BE0BD}.Debug|Any CPU.Build.0 = Debug|Any CPU
		{7E99A877-181E-4360-A8AD-4179329BE0BD}.Release|Any CPU.ActiveCfg = Release|Any CPU
		{7E99A877-181E-4360-A8AD-4179329BE0BD}.Release|Any CPU.Build.0 = Release|Any CPU
		{AF90AE2B-4CFC-46E1-BEC1-850ED9ED5399}.Debug|Any CPU.ActiveCfg = Debug|Any CPU
		{AF90AE2B-4CFC-46E1-BEC1-850ED9ED5399}.Debug|Any CPU.Build.0 = Debug|Any CPU
		{AF90AE2B-4CFC-46E1-BEC1-850ED9ED5399}.Release|Any CPU.ActiveCfg = Release|Any CPU
		{AF90AE2B-4CFC-46E1-BEC1-850ED9ED5399}.Release|Any CPU.Build.0 = Release|Any CPU
		{F98F0110-A22D-4152-B042-AA7D31E4DC2D}.Debug|Any CPU.ActiveCfg = Debug|Any CPU
		{F98F0110-A22D-4152-B042-AA7D31E4DC2D}.Debug|Any CPU.Build.0 = Debug|Any CPU
		{F98F0110-A22D-4152-B042-AA7D31E4DC2D}.Release|Any CPU.ActiveCfg = Release|Any CPU
		{F98F0110-A22D-4152-B042-AA7D31E4DC2D}.Release|Any CPU.Build.0 = Release|Any CPU
		{C67F5C91-49E0-467E-B58E-6363B82AB05A}.Debug|Any CPU.ActiveCfg = Debug|Any CPU
		{C67F5C91-49E0-467E-B58E-6363B82AB05A}.Debug|Any CPU.Build.0 = Debug|Any CPU
		{C67F5C91-49E0-467E-B58E-6363B82AB05A}.Release|Any CPU.ActiveCfg = Release|Any CPU
		{C67F5C91-49E0-467E-B58E-6363B82AB05A}.Release|Any CPU.Build.0 = Release|Any CPU
		{D9359AD5-1B51-4662-B44E-597AC8069DD3}.Debug|Any CPU.ActiveCfg = Debug|Any CPU
		{D9359AD5-1B51-4662-B44E-597AC8069DD3}.Debug|Any CPU.Build.0 = Debug|Any CPU
		{D9359AD5-1B51-4662-B44E-597AC8069DD3}.Release|Any CPU.ActiveCfg = Release|Any CPU
		{D9359AD5-1B51-4662-B44E-597AC8069DD3}.Release|Any CPU.Build.0 = Release|Any CPU
		{1F2F59B8-FCE2-4EA1-870A-F5E1C022A74B}.Debug|Any CPU.ActiveCfg = Debug|Any CPU
		{1F2F59B8-FCE2-4EA1-870A-F5E1C022A74B}.Debug|Any CPU.Build.0 = Debug|Any CPU
		{1F2F59B8-FCE2-4EA1-870A-F5E1C022A74B}.Release|Any CPU.ActiveCfg = Release|Any CPU
		{1F2F59B8-FCE2-4EA1-870A-F5E1C022A74B}.Release|Any CPU.Build.0 = Release|Any CPU
		{392F4C80-7E2E-4AA3-A982-2D324B5398A7}.Debug|Any CPU.ActiveCfg = Debug|Any CPU
		{392F4C80-7E2E-4AA3-A982-2D324B5398A7}.Debug|Any CPU.Build.0 = Debug|Any CPU
		{392F4C80-7E2E-4AA3-A982-2D324B5398A7}.Release|Any CPU.ActiveCfg = Release|Any CPU
		{392F4C80-7E2E-4AA3-A982-2D324B5398A7}.Release|Any CPU.Build.0 = Release|Any CPU
		{D436C102-7BCB-4AD1-9727-0CC8DFACC88E}.Debug|Any CPU.ActiveCfg = Debug|Any CPU
		{D436C102-7BCB-4AD1-9727-0CC8DFACC88E}.Debug|Any CPU.Build.0 = Debug|Any CPU
		{D436C102-7BCB-4AD1-9727-0CC8DFACC88E}.Release|Any CPU.ActiveCfg = Release|Any CPU
		{D436C102-7BCB-4AD1-9727-0CC8DFACC88E}.Release|Any CPU.Build.0 = Release|Any CPU
		{89E2377E-B3E7-43DC-BB9D-92E8B68B66A4}.Debug|Any CPU.ActiveCfg = Debug|Any CPU
		{89E2377E-B3E7-43DC-BB9D-92E8B68B66A4}.Debug|Any CPU.Build.0 = Debug|Any CPU
		{89E2377E-B3E7-43DC-BB9D-92E8B68B66A4}.Release|Any CPU.ActiveCfg = Release|Any CPU
		{89E2377E-B3E7-43DC-BB9D-92E8B68B66A4}.Release|Any CPU.Build.0 = Release|Any CPU
		{E34741B2-F676-452A-B932-BDEB1EADA4B1}.Debug|Any CPU.ActiveCfg = Debug|Any CPU
		{E34741B2-F676-452A-B932-BDEB1EADA4B1}.Debug|Any CPU.Build.0 = Debug|Any CPU
		{E34741B2-F676-452A-B932-BDEB1EADA4B1}.Release|Any CPU.ActiveCfg = Release|Any CPU
		{E34741B2-F676-452A-B932-BDEB1EADA4B1}.Release|Any CPU.Build.0 = Release|Any CPU
		{51D29521-B3D7-4769-AA1A-37F4097EBB8D}.Debug|Any CPU.ActiveCfg = Debug|Any CPU
		{51D29521-B3D7-4769-AA1A-37F4097EBB8D}.Debug|Any CPU.Build.0 = Debug|Any CPU
		{51D29521-B3D7-4769-AA1A-37F4097EBB8D}.Release|Any CPU.ActiveCfg = Release|Any CPU
		{51D29521-B3D7-4769-AA1A-37F4097EBB8D}.Release|Any CPU.Build.0 = Release|Any CPU
		{87DE695D-9F76-4017-95B2-D8B63FA5F298}.Debug|Any CPU.ActiveCfg = Debug|Any CPU
		{87DE695D-9F76-4017-95B2-D8B63FA5F298}.Debug|Any CPU.Build.0 = Debug|Any CPU
		{87DE695D-9F76-4017-95B2-D8B63FA5F298}.Release|Any CPU.ActiveCfg = Release|Any CPU
		{87DE695D-9F76-4017-95B2-D8B63FA5F298}.Release|Any CPU.Build.0 = Release|Any CPU
		{3DE46D97-7ABF-4C4D-8CE2-3FCB1FBAD1D0}.Debug|Any CPU.ActiveCfg = Debug|Any CPU
		{3DE46D97-7ABF-4C4D-8CE2-3FCB1FBAD1D0}.Debug|Any CPU.Build.0 = Debug|Any CPU
		{3DE46D97-7ABF-4C4D-8CE2-3FCB1FBAD1D0}.Release|Any CPU.ActiveCfg = Release|Any CPU
		{3DE46D97-7ABF-4C4D-8CE2-3FCB1FBAD1D0}.Release|Any CPU.Build.0 = Release|Any CPU
		{C82950D0-C8E5-41E2-A7AD-791CF67C4494}.Debug|Any CPU.ActiveCfg = Debug|Any CPU
		{C82950D0-C8E5-41E2-A7AD-791CF67C4494}.Debug|Any CPU.Build.0 = Debug|Any CPU
		{C82950D0-C8E5-41E2-A7AD-791CF67C4494}.Release|Any CPU.ActiveCfg = Release|Any CPU
		{C82950D0-C8E5-41E2-A7AD-791CF67C4494}.Release|Any CPU.Build.0 = Release|Any CPU
		{356A595F-5651-43CF-864B-1562E029ED11}.Debug|Any CPU.ActiveCfg = Debug|Any CPU
		{356A595F-5651-43CF-864B-1562E029ED11}.Debug|Any CPU.Build.0 = Debug|Any CPU
		{356A595F-5651-43CF-864B-1562E029ED11}.Release|Any CPU.ActiveCfg = Release|Any CPU
		{356A595F-5651-43CF-864B-1562E029ED11}.Release|Any CPU.Build.0 = Release|Any CPU
		{E8644AFF-6FE5-4674-BDE3-F9747BA96B04}.Debug|Any CPU.ActiveCfg = Debug|Any CPU
		{E8644AFF-6FE5-4674-BDE3-F9747BA96B04}.Debug|Any CPU.Build.0 = Debug|Any CPU
		{E8644AFF-6FE5-4674-BDE3-F9747BA96B04}.Release|Any CPU.ActiveCfg = Release|Any CPU
		{E8644AFF-6FE5-4674-BDE3-F9747BA96B04}.Release|Any CPU.Build.0 = Release|Any CPU
		{CFAE993E-B263-443A-91F3-EFD2E07B82F9}.Debug|Any CPU.ActiveCfg = Debug|Any CPU
		{CFAE993E-B263-443A-91F3-EFD2E07B82F9}.Debug|Any CPU.Build.0 = Debug|Any CPU
		{CFAE993E-B263-443A-91F3-EFD2E07B82F9}.Release|Any CPU.ActiveCfg = Release|Any CPU
		{CFAE993E-B263-443A-91F3-EFD2E07B82F9}.Release|Any CPU.Build.0 = Release|Any CPU
		{9967E7FE-C1BF-46FA-89FB-63CED8C55915}.Debug|Any CPU.ActiveCfg = Debug|Any CPU
		{9967E7FE-C1BF-46FA-89FB-63CED8C55915}.Debug|Any CPU.Build.0 = Debug|Any CPU
		{9967E7FE-C1BF-46FA-89FB-63CED8C55915}.Release|Any CPU.ActiveCfg = Release|Any CPU
		{9967E7FE-C1BF-46FA-89FB-63CED8C55915}.Release|Any CPU.Build.0 = Release|Any CPU
		{960FB0D6-5D00-429C-9941-6718CB30F62B}.Debug|Any CPU.ActiveCfg = Debug|Any CPU
		{960FB0D6-5D00-429C-9941-6718CB30F62B}.Debug|Any CPU.Build.0 = Debug|Any CPU
		{960FB0D6-5D00-429C-9941-6718CB30F62B}.Release|Any CPU.ActiveCfg = Release|Any CPU
		{960FB0D6-5D00-429C-9941-6718CB30F62B}.Release|Any CPU.Build.0 = Release|Any CPU
		{3F1156F8-9170-4162-9089-3AD647552713}.Debug|Any CPU.ActiveCfg = Debug|Any CPU
		{3F1156F8-9170-4162-9089-3AD647552713}.Debug|Any CPU.Build.0 = Debug|Any CPU
		{3F1156F8-9170-4162-9089-3AD647552713}.Release|Any CPU.ActiveCfg = Release|Any CPU
		{3F1156F8-9170-4162-9089-3AD647552713}.Release|Any CPU.Build.0 = Release|Any CPU
	EndGlobalSection
	GlobalSection(SolutionProperties) = preSolution
		HideSolutionNode = FALSE
	EndGlobalSection
	GlobalSection(NestedProjects) = preSolution
		{EAB2F891-8AD7-48D3-8B3C-4B071E9F8AA6} = {EE206CE8-5F27-42CF-B984-5B04E7CAA0D5}
		{B4F08859-DD9F-4E41-AAD3-A1FDEB567275} = {EE206CE8-5F27-42CF-B984-5B04E7CAA0D5}
		{AF9CF6F8-6F40-46EA-8F63-ADC528BC5E8F} = {EE206CE8-5F27-42CF-B984-5B04E7CAA0D5}
		{69DE9514-C3C5-42AF-B016-4491E9B16F1C} = {A250B0CC-0833-4813-B374-C1E10279CE2A}
		{7E6A23A9-95D4-4E7C-8CB3-B627F82CD872} = {A250B0CC-0833-4813-B374-C1E10279CE2A}
		{3E4AB114-74C9-4479-901B-9591BCBD365A} = {A250B0CC-0833-4813-B374-C1E10279CE2A}
		{A635891D-DAC8-4CDE-A85A-E974130DB02A} = {A250B0CC-0833-4813-B374-C1E10279CE2A}
		{A69E1209-576C-4B72-A54E-D1C7DDB15B74} = {A250B0CC-0833-4813-B374-C1E10279CE2A}
		{27FC256B-A88A-43E2-90B9-B2E934B3B8ED} = {A250B0CC-0833-4813-B374-C1E10279CE2A}
		{A250B0CC-0833-4813-B374-C1E10279CE2A} = {EE206CE8-5F27-42CF-B984-5B04E7CAA0D5}
		{9F7D4A85-AC42-46B5-8A1F-1028198CCECC} = {571EB713-9EA7-4130-9342-CFFCE4FBD47E}
		{571EB713-9EA7-4130-9342-CFFCE4FBD47E} = {EE206CE8-5F27-42CF-B984-5B04E7CAA0D5}
		{134B81D5-B2A9-438D-9539-285508A10059} = {EE206CE8-5F27-42CF-B984-5B04E7CAA0D5}
		{F23685C9-0352-46C3-9389-0B436F427759} = {EE206CE8-5F27-42CF-B984-5B04E7CAA0D5}
		{00EF4713-14B9-4267-B1D9-915E84304DE8} = {134B81D5-B2A9-438D-9539-285508A10059}
		{8A701B42-97C3-4B59-9E5F-F0F85C88A9B1} = {EE206CE8-5F27-42CF-B984-5B04E7CAA0D5}
		{3850EA81-8E88-4A76-A917-48F9EEACA1C9} = {EE206CE8-5F27-42CF-B984-5B04E7CAA0D5}
		{4F8C1A48-D5BF-443A-B10B-1C063C22C7E5} = {EE206CE8-5F27-42CF-B984-5B04E7CAA0D5}
		{EB3C2CEC-229B-4749-974F-BB78558588D7} = {134B81D5-B2A9-438D-9539-285508A10059}
		{D9AEDCB6-4DE4-4896-86BF-025AF563101E} = {EE206CE8-5F27-42CF-B984-5B04E7CAA0D5}
		{9815C2EB-7FE3-49B0-99AB-5254D958C5A6} = {571EB713-9EA7-4130-9342-CFFCE4FBD47E}
		{F002ED3E-AD1E-4CDB-A03A-7AE2E7E2523B} = {571EB713-9EA7-4130-9342-CFFCE4FBD47E}
		{A6A9C8F6-81DE-4005-9F4A-C5D6A361B6FB} = {571EB713-9EA7-4130-9342-CFFCE4FBD47E}
		{DF512E27-78A7-408A-BEA6-7502518632A0} = {571EB713-9EA7-4130-9342-CFFCE4FBD47E}
		{E85CCD8A-2525-4DA0-B589-EABD7FF8C51C} = {571EB713-9EA7-4130-9342-CFFCE4FBD47E}
		{9704112E-EB2F-4128-98AC-B097C2A37E5D} = {571EB713-9EA7-4130-9342-CFFCE4FBD47E}
		{32A534E2-9BCB-472F-8F6D-321E5EAB1844} = {EE206CE8-5F27-42CF-B984-5B04E7CAA0D5}
		{30F18AD7-F1D1-4C13-BDB2-2E85B40CE8A9} = {EE206CE8-5F27-42CF-B984-5B04E7CAA0D5}
		{E8D04619-87C9-403E-9032-0E6AD792DFEC} = {EE206CE8-5F27-42CF-B984-5B04E7CAA0D5}
		{EF7EE3EA-08F5-4249-AB40-B319C795A3AC} = {EE206CE8-5F27-42CF-B984-5B04E7CAA0D5}
		{E6C07480-3AD7-4FFA-AA9D-57BD64945533} = {EF7EE3EA-08F5-4249-AB40-B319C795A3AC}
		{EB920DB3-55A7-4F47-BED8-96E17864BD69} = {EF7EE3EA-08F5-4249-AB40-B319C795A3AC}
		{DD1FA937-EA31-4031-8C42-D7EA6B6443DE} = {EE206CE8-5F27-42CF-B984-5B04E7CAA0D5}
		{3680EE6B-2FD0-4504-81E2-ED21C9A1AF12} = {EE206CE8-5F27-42CF-B984-5B04E7CAA0D5}
		{23FC1D08-33EB-494F-9632-B7F60144E5EE} = {EE206CE8-5F27-42CF-B984-5B04E7CAA0D5}
		{EA92B4DC-7225-49B2-974C-A4E3FEA428BA} = {23FC1D08-33EB-494F-9632-B7F60144E5EE}
		{2A114D61-788B-4D96-95B3-D2B2CDA2D23C} = {23FC1D08-33EB-494F-9632-B7F60144E5EE}
		{CA490130-7446-4FF7-95A2-44DC0FDC8079} = {23FC1D08-33EB-494F-9632-B7F60144E5EE}
		{7E99A877-181E-4360-A8AD-4179329BE0BD} = {23FC1D08-33EB-494F-9632-B7F60144E5EE}
		{5DB1993B-0F78-46D1-A7C0-35C7A88A48E0} = {EE206CE8-5F27-42CF-B984-5B04E7CAA0D5}
		{AF90AE2B-4CFC-46E1-BEC1-850ED9ED5399} = {5DB1993B-0F78-46D1-A7C0-35C7A88A48E0}
		{F98F0110-A22D-4152-B042-AA7D31E4DC2D} = {23FC1D08-33EB-494F-9632-B7F60144E5EE}
		{393F6581-1F57-45C7-BFBC-D60D819E9DFA} = {EE206CE8-5F27-42CF-B984-5B04E7CAA0D5}
		{C67F5C91-49E0-467E-B58E-6363B82AB05A} = {393F6581-1F57-45C7-BFBC-D60D819E9DFA}
		{A6F2130E-B0F9-47C7-8917-24CAD6FADB71} = {EE206CE8-5F27-42CF-B984-5B04E7CAA0D5}
		{B0F7B936-10CF-4A5E-8852-4DF3A16EEC06} = {A6F2130E-B0F9-47C7-8917-24CAD6FADB71}
		{D9359AD5-1B51-4662-B44E-597AC8069DD3} = {B0F7B936-10CF-4A5E-8852-4DF3A16EEC06}
		{E25DCA56-B459-4F48-9143-196989B21CE2} = {EE206CE8-5F27-42CF-B984-5B04E7CAA0D5}
		{1F2F59B8-FCE2-4EA1-870A-F5E1C022A74B} = {E25DCA56-B459-4F48-9143-196989B21CE2}
		{392F4C80-7E2E-4AA3-A982-2D324B5398A7} = {571EB713-9EA7-4130-9342-CFFCE4FBD47E}
		{89E2377E-B3E7-43DC-BB9D-92E8B68B66A4} = {EE206CE8-5F27-42CF-B984-5B04E7CAA0D5}
		{E34741B2-F676-452A-B932-BDEB1EADA4B1} = {EE206CE8-5F27-42CF-B984-5B04E7CAA0D5}
		{51D29521-B3D7-4769-AA1A-37F4097EBB8D} = {EE206CE8-5F27-42CF-B984-5B04E7CAA0D5}
		{87DE695D-9F76-4017-95B2-D8B63FA5F298} = {134B81D5-B2A9-438D-9539-285508A10059}
		{3DE46D97-7ABF-4C4D-8CE2-3FCB1FBAD1D0} = {23FC1D08-33EB-494F-9632-B7F60144E5EE}
		{B66B7CFC-9697-4169-BAF3-F324D7FD5B35} = {A6F2130E-B0F9-47C7-8917-24CAD6FADB71}
		{C82950D0-C8E5-41E2-A7AD-791CF67C4494} = {B66B7CFC-9697-4169-BAF3-F324D7FD5B35}
		{20CC7D72-5025-45A8-9578-B50CA5A55062} = {EE206CE8-5F27-42CF-B984-5B04E7CAA0D5}
		{356A595F-5651-43CF-864B-1562E029ED11} = {20CC7D72-5025-45A8-9578-B50CA5A55062}
		{3005801A-F2D9-413F-96C2-32DD5B240013} = {EE206CE8-5F27-42CF-B984-5B04E7CAA0D5}
		{E8644AFF-6FE5-4674-BDE3-F9747BA96B04} = {3005801A-F2D9-413F-96C2-32DD5B240013}
		{9624DD83-F46C-4062-BAF8-B8992CAE9B38} = {EE206CE8-5F27-42CF-B984-5B04E7CAA0D5}
		{CFAE993E-B263-443A-91F3-EFD2E07B82F9} = {9624DD83-F46C-4062-BAF8-B8992CAE9B38}
		{9967E7FE-C1BF-46FA-89FB-63CED8C55915} = {571EB713-9EA7-4130-9342-CFFCE4FBD47E}
		{D736CD67-597C-480F-9EF4-2D000F03EE50} = {EE206CE8-5F27-42CF-B984-5B04E7CAA0D5}
		{960FB0D6-5D00-429C-9941-6718CB30F62B} = {D736CD67-597C-480F-9EF4-2D000F03EE50}
		{7B9C3C00-70CB-4466-88E9-31AE254D4B65} = {EE206CE8-5F27-42CF-B984-5B04E7CAA0D5}
		{3F1156F8-9170-4162-9089-3AD647552713} = {7B9C3C00-70CB-4466-88E9-31AE254D4B65}
	EndGlobalSection
	GlobalSection(ExtensibilityGlobals) = postSolution
		SolutionGuid = {F71109CB-CA87-4A6D-9890-6D3BFF9E60B0}
	EndGlobalSection
	GlobalSection(TeamFoundationVersionControl) = preSolution
		SccNumberOfProjects = 70
		SccEnterpriseProvider = {4CA58AB2-18FA-4F8D-95D4-32DDF27D184C}
		SccTeamFoundationServer = http://ztocerv212:8080/tfs/rai
		SccLocalPath0 = .
		SccProjectUniqueName1 = myRaiCommonData\\myRaiCommonData.csproj
		SccProjectName1 = myRaiCommonData
		SccLocalPath1 = myRaiCommonData
		SccProjectUniqueName2 = myRaiCommonManager\\myRaiCommonManager.csproj
		SccProjectName2 = myRaiCommonManager
		SccLocalPath2 = myRaiCommonManager
		SccProjectUniqueName3 = myRaiCommonTasks\\myRaiCommonTasks.csproj
		SccProjectName3 = myRaiCommonTasks
		SccLocalPath3 = myRaiCommonTasks
		SccProjectUniqueName4 = myRaiData\\myRaiData.csproj
		SccProjectName4 = myRaiData
		SccLocalPath4 = myRaiData
		SccProjectUniqueName5 = myRaiHelper\\myRaiHelper.csproj
		SccProjectName5 = myRaiHelper
		SccLocalPath5 = myRaiHelper
		SccProjectUniqueName6 = MyRaiServiceInterface\\MyRaiServiceInterface.csproj
		SccProjectName6 = MyRaiServiceInterface
		SccLocalPath6 = MyRaiServiceInterface
		SccProjectUniqueName7 = myRaiServiceHub\\myRaiServiceHub.csproj
		SccProjectName7 = myRaiServiceHub
		SccLocalPath7 = myRaiServiceHub
		SccProjectUniqueName8 = Timbrature\\TimbratureCore.csproj
		SccProjectName8 = Timbrature
		SccLocalPath8 = Timbrature
		SccProjectUniqueName9 = myRaiGestionale\\myRaiGestionale.csproj
		SccProjectName9 = myRaiGestionale
		SccLocalPath9 = myRaiGestionale
		SccProjectUniqueName10 = myRai\\myRai.csproj
		SccProjectName10 = myRai
		SccLocalPath10 = myRai
		SccProjectUniqueName11 = myRaiIlias\\myRaiIlias.csproj
		SccProjectName11 = myRaiIlias
		SccLocalPath11 = myRaiIlias
		SccProjectUniqueName12 = ComunicaCics\\ComunicaCics.csproj
		SccProjectName12 = ComunicaCics
		SccLocalPath12 = ComunicaCics
		SccProjectUniqueName13 = myRaiService\\myRaiService.csproj
		SccProjectName13 = myRaiService
		SccLocalPath13 = myRaiService
		SccProjectUniqueName14 = CheckAbil\\CheckAbil.csproj
		SccProjectTopLevelParentUniqueName14 = myRaiCommon.sln
		SccProjectName14 = CheckAbil
		SccLocalPath14 = CheckAbil
		SccProjectUniqueName15 = Detax\\Detax.csproj
		SccProjectTopLevelParentUniqueName15 = myRaiCommon.sln
		SccProjectName15 = Detax
		SccLocalPath15 = Detax
		SccProjectUniqueName16 = Multiplo\\Multiplo.csproj
		SccProjectTopLevelParentUniqueName16 = myRaiCommon.sln
		SccProjectName16 = Multiplo
		SccLocalPath16 = Multiplo
		SccProjectUniqueName17 = myRaiDataTalentia\\myRaiDataTalentia.csproj
		SccProjectName17 = myRaiDataTalentia
		SccLocalPath17 = myRaiDataTalentia
		SccProjectUniqueName18 = MyRaiWindowsNotificheServices\\MyRaiWindowsNotificheServices.csproj
		SccProjectName18 = MyRaiWindowsNotificheServices
		SccLocalPath18 = MyRaiWindowsNotificheServices
		SccProjectUniqueName19 = myRaiServiceTestClient\\myRaiServiceTestClient.csproj
		SccProjectName19 = myRaiServiceTestClient
		SccLocalPath19 = myRaiServiceTestClient
		SccProjectUniqueName20 = ..\\Batch\\PuliziaLogApi\\PuliziaLogApi.csproj
		SccProjectTopLevelParentUniqueName20 = myRaiCommon.sln
		SccProjectName20 = ../Batch/PuliziaLogApi
		SccLocalPath20 = ..\\Batch\\PuliziaLogApi
		SccProjectUniqueName21 = ..\\Batch\\PuliziaLogAzioni\\PuliziaLogAzioni.csproj
		SccProjectTopLevelParentUniqueName21 = myRaiCommon.sln
		SccProjectName21 = ../Batch/PuliziaLogAzioni
		SccLocalPath21 = ..\\Batch\\PuliziaLogAzioni
		SccProjectUniqueName22 = ..\\Batch\\PuliziaLogDB\\PuliziaLogDB.csproj
		SccProjectTopLevelParentUniqueName22 = myRaiCommon.sln
		SccProjectName22 = ../Batch/PuliziaLogDB
		SccLocalPath22 = ..\\Batch\\PuliziaLogDB
		SccProjectUniqueName23 = ..\\Batch\\PuliziaLogErrori\\PuliziaLogErrori.csproj
		SccProjectTopLevelParentUniqueName23 = myRaiCommon.sln
		SccProjectName23 = ../Batch/PuliziaLogErrori
		SccLocalPath23 = ..\\Batch\\PuliziaLogErrori
		SccProjectUniqueName24 = ..\\Batch\\PuliziaLogMensa\\PuliziaLogMensa.csproj
		SccProjectTopLevelParentUniqueName24 = myRaiCommon.sln
		SccProjectName24 = ../Batch/PuliziaLogMensa
		SccLocalPath24 = ..\\Batch\\PuliziaLogMensa
		SccProjectUniqueName25 = ..\\Batch\\PuliziaLOG\\PuliziaLOG.csproj
		SccProjectTopLevelParentUniqueName25 = myRaiCommon.sln
		SccProjectName25 = ../Batch/PuliziaLOG
		SccLocalPath25 = ..\\Batch\\PuliziaLOG
		SccProjectUniqueName26 = ..\\Batch\\InvioMailApprovatoriProduzione\\InvioMailApprovatoriProduzione.csproj
		SccProjectTopLevelParentUniqueName26 = myRaiCommon.sln
		SccProjectName26 = ../Batch/InvioMailApprovatoriProduzione
		SccLocalPath26 = ..\\Batch\\InvioMailApprovatoriProduzione
		SccProjectUniqueName27 = ..\\Batch\\GetReportSedi\\GetReportSedi\\GetReportSedi.csproj
		SccProjectTopLevelParentUniqueName27 = myRaiCommon.sln
		SccProjectName27 = ../Batch/GetReportSedi/GetReportSedi
		SccLocalPath27 = ..\\Batch\\GetReportSedi\\GetReportSedi
		SccProjectUniqueName28 = ..\\Batch\\RaiPolRetr\\RaiPolRetr.csproj
		SccProjectTopLevelParentUniqueName28 = myRaiCommon.sln
		SccProjectName28 = ../Batch/RaiPolRetr
		SccLocalPath28 = ..\\Batch\\RaiPolRetr
		SccProjectUniqueName29 = ..\\Batch\\RaiAcademyBatch\\RaiAcademyBatch.csproj
		SccProjectTopLevelParentUniqueName29 = myRaiCommon.sln
		SccProjectName29 = ../Batch/RaiAcademyBatch
		SccLocalPath29 = ..\\Batch\\RaiAcademyBatch
		SccProjectUniqueName30 = ..\\Batch\\StoricizzaCasseScontrini\\StoricizzaCasseScontrini.csproj
		SccProjectTopLevelParentUniqueName30 = myRaiCommon.sln
		SccProjectName30 = ../Batch/StoricizzaCasseScontrini
		SccLocalPath30 = ..\\Batch\\StoricizzaCasseScontrini
		SccProjectUniqueName31 = ..\\Batch\\ConsoleCodificaCorsiCics\\ConsoleCodificaCorsiCics\\ConsoleCodificaCorsiCics.csproj
		SccProjectTopLevelParentUniqueName31 = myRaiCommon.sln
		SccProjectName31 = ../Batch/ConsoleCodificaCorsiCics/ConsoleCodificaCorsiCics
		SccLocalPath31 = ..\\Batch\\ConsoleCodificaCorsiCics\\ConsoleCodificaCorsiCics
		SccProjectUniqueName32 = ..\\Batch\\RAIIncentivi\\RAIIncentivi.csproj
		SccProjectTopLevelParentUniqueName32 = myRaiCommon.sln
		SccProjectName32 = ../Batch/RAIIncentivi
		SccLocalPath32 = ..\\Batch\\RAIIncentivi
		SccProjectUniqueName33 = ..\\Batch\\ImportProgViaggiTrasferte\\ImportProgViaggiTrasferte.csproj
		SccProjectTopLevelParentUniqueName33 = myRaiCommon.sln
		SccProjectName33 = ../Batch/ImportProgViaggiTrasferte
		SccLocalPath33 = ..\\Batch\\ImportProgViaggiTrasferte
		SccProjectUniqueName34 = ..\\Batch\\InvioMailReminderPDFDaFirmare\\InvioMailReminderPDFDaFirmare.csproj
		SccProjectTopLevelParentUniqueName34 = myRaiCommon.sln
		SccProjectName34 = ../Batch/InvioMailReminderPDFDaFirmare
		SccLocalPath34 = ..\\Batch\\InvioMailReminderPDFDaFirmare
		SccProjectUniqueName35 = ..\\Batch\\InvioMailReminderPerApprovatori\\InvioMailReminderPerApprovatori.csproj
		SccProjectTopLevelParentUniqueName35 = myRaiCommon.sln
		SccProjectName35 = ../Batch/InvioMailReminderPerApprovatori
		SccLocalPath35 = ..\\Batch\\InvioMailReminderPerApprovatori
		SccProjectUniqueName36 = ..\\Batch\\InvioMailRiepilogoRichiesteDaApprovare\\InvioMailRiepilogoRichiesteDaApprovare.csproj
		SccProjectTopLevelParentUniqueName36 = myRaiCommon.sln
		SccProjectName36 = ../Batch/InvioMailRiepilogoRichiesteDaApprovare
		SccLocalPath36 = ..\\Batch\\InvioMailRiepilogoRichiesteDaApprovare
		SccProjectUniqueName37 = ..\\Batch\\InviaMail_PDFgenerati\\InviaMail_PDFgenerati.csproj
		SccProjectTopLevelParentUniqueName37 = myRaiCommon.sln
		SccProjectName37 = ../Batch/InviaMail_PDFgenerati
		SccLocalPath37 = ..\\Batch\\InviaMail_PDFgenerati
		SccProjectUniqueName38 = ..\\Batch\\InviaNotificheDipendente\\InviaMailNotificheDipendente.csproj
		SccProjectTopLevelParentUniqueName38 = myRaiCommon.sln
		SccProjectName38 = ../Batch/InviaNotificheDipendente
		SccLocalPath38 = ..\\Batch\\InviaNotificheDipendente
		SccProjectUniqueName39 = ..\\Batch\\InvioMailDetax\\InvioMailDetax.csproj
		SccProjectTopLevelParentUniqueName39 = myRaiCommon.sln
		SccProjectName39 = ../Batch/InvioMailDetax
		SccLocalPath39 = ..\\Batch\\InvioMailDetax
		SccProjectUniqueName40 = ..\\Batch\\RefreshCacheAbilitazioni\\RefreshCacheAbilitazioni.csproj
		SccProjectTopLevelParentUniqueName40 = myRaiCommon.sln
		SccProjectName40 = ../Batch/RefreshCacheAbilitazioni
		SccLocalPath40 = ..\\Batch\\RefreshCacheAbilitazioni
		SccProjectUniqueName41 = ..\\Batch\\MarcaUrgentiScadute\\MarcaUrgentiScadute.csproj
		SccProjectTopLevelParentUniqueName41 = myRaiCommon.sln
		SccProjectName41 = ../Batch/MarcaUrgentiScadute
		SccLocalPath41 = ..\\Batch\\MarcaUrgentiScadute
		SccProjectUniqueName42 = ..\\Batch\\GetPresenzeFeed\\GetPresenzeFeed.csproj
		SccProjectTopLevelParentUniqueName42 = myRaiCommon.sln
		SccProjectName42 = ../Batch/GetPresenzeFeed
		SccLocalPath42 = ..\\Batch\\GetPresenzeFeed
		SccProjectUniqueName43 = ..\\Batch\\GeneraPDF\\GeneraPDF.csproj
		SccProjectTopLevelParentUniqueName43 = myRaiCommon.sln
		SccProjectName43 = ../Batch/GeneraPDF
		SccLocalPath43 = ..\\Batch\\GeneraPDF
		SccProjectUniqueName44 = ..\\Batch\\GeneraPDFsostitutivo\\GeneraPDFsostitutivo.csproj
		SccProjectTopLevelParentUniqueName44 = myRaiCommon.sln
		SccProjectName44 = ../Batch/GeneraPDFsostitutivo
		SccLocalPath44 = ..\\Batch\\GeneraPDFsostitutivo
		SccProjectUniqueName45 = ..\\Batch\\CeitonSend\\CeitonSend.csproj
		SccProjectTopLevelParentUniqueName45 = myRaiCommon.sln
		SccProjectName45 = ../Batch/CeitonSend
		SccLocalPath45 = ..\\Batch\\CeitonSend
		SccProjectUniqueName46 = ..\\Batch\\Arruolatore\\Arruolatore.csproj
		SccProjectTopLevelParentUniqueName46 = myRaiCommon.sln
		SccProjectName46 = ../Batch/Arruolatore
		SccLocalPath46 = ..\\Batch\\Arruolatore
		SccProjectUniqueName47 = ..\\Batch\\AllineaGAPP_DB\\AllineaGAPP_DB.csproj
		SccProjectTopLevelParentUniqueName47 = myRaiCommon.sln
		SccProjectName47 = ../Batch/AllineaGAPP_DB
		SccLocalPath47 = ..\\Batch\\AllineaGAPP_DB
		SccProjectUniqueName48 = ..\\Batch\\AllineaInApprovazione\\AllineaInApprovazione.csproj
		SccProjectTopLevelParentUniqueName48 = myRaiCommon.sln
		SccProjectName48 = ../Batch/AllineaInApprovazione
		SccLocalPath48 = ..\\Batch\\AllineaInApprovazione
		SccProjectUniqueName49 = ..\\Batch\\AllineaSediGAPPdaHRDW\\AllineaSediGAPPdaHRDW.csproj
		SccProjectTopLevelParentUniqueName49 = myRaiCommon.sln
		SccProjectName49 = ../Batch/AllineaSediGAPPdaHRDW
		SccLocalPath49 = ..\\Batch\\AllineaSediGAPPdaHRDW
		SccProjectUniqueName50 = ..\\Batch\\AllineaRichiesteEliminate\\AllineaRichiesteEliminate.csproj
		SccProjectTopLevelParentUniqueName50 = myRaiCommon.sln
		SccProjectName50 = ../Batch/AllineaRichiesteEliminate
		SccLocalPath50 = ..\\Batch\\AllineaRichiesteEliminate
		SccProjectUniqueName51 = ..\\Batch\\EsportaPresenzeDipendenti\\EsportaPresenzeDipendenti.csproj
		SccProjectTopLevelParentUniqueName51 = myRaiCommon.sln
		SccProjectName51 = ../Batch/EsportaPresenzeDipendenti
		SccLocalPath51 = ..\\Batch\\EsportaPresenzeDipendenti
		SccProjectUniqueName52 = ..\\Batch\\Allinea_Ceiton_Gapp\\Allinea_Ceiton_Gapp.csproj
		SccProjectTopLevelParentUniqueName52 = myRaiCommon.sln
		SccProjectName52 = ../Batch/Allinea_Ceiton_Gapp
		SccLocalPath52 = ..\\Batch\\Allinea_Ceiton_Gapp
		SccProjectUniqueName53 = ..\\Batch\\InserimentoPianoFerie\\InserimentoPianoFerie.csproj
		SccProjectTopLevelParentUniqueName53 = myRaiCommon.sln
		SccProjectName53 = ../Batch/InserimentoPianoFerie
		SccLocalPath53 = ..\\Batch\\InserimentoPianoFerie
		SccProjectUniqueName54 = ..\\Batch\\EsportaFerieERecuperi\\EsportaFerieERecuperi.csproj
		SccProjectTopLevelParentUniqueName54 = myRaiCommon.sln
		SccProjectName54 = ../Batch/EsportaFerieERecuperi
		SccLocalPath54 = ..\\Batch\\EsportaFerieERecuperi
		SccProjectUniqueName55 = ..\\Batch\\ApprovazioneMassiva\\ApprovazioneMassiva.csproj
		SccProjectTopLevelParentUniqueName55 = myRaiCommon.sln
		SccProjectName55 = ../Batch/ApprovazioneMassiva
		SccLocalPath55 = ..\\Batch\\ApprovazioneMassiva
		SccProjectUniqueName56 = ..\\Batch\\InvioMail\\InvioMail.csproj
		SccProjectTopLevelParentUniqueName56 = myRaiCommon.sln
		SccProjectName56 = ../Batch/InvioMail
		SccLocalPath56 = ..\\Batch\\InvioMail
		SccProjectUniqueName57 = ProjectArturo\\ProjectArturo.csproj
		SccProjectName57 = ProjectArturo
		SccLocalPath57 = ProjectArturo
		SccProjectUniqueName58 = RaiCognitive\\RaiCognitive.csproj
		SccProjectTopLevelParentUniqueName58 = myRaiCommon.sln
		SccProjectName58 = RaiCognitive
		SccLocalPath58 = RaiCognitive
		SccProjectUniqueName59 = ..\\Batch\\RaiSWUpdateUNICO\\RaiSWUpdateUNICO\\RaiSWUpdateUNICO.csproj
		SccProjectTopLevelParentUniqueName59 = myRaiCommon.sln
		SccProjectName59 = ../Batch/RaiSWUpdateUNICO/RaiSWUpdateUNICO
		SccLocalPath59 = ..\\Batch\\RaiSWUpdateUNICO\\RaiSWUpdateUNICO
		SccProjectUniqueName60 = EsecutoreTask\\EsecutoreTask.csproj
		SccProjectTopLevelParentUniqueName60 = myRaiCommon.sln
		SccProjectName60 = EsecutoreTask
		SccLocalPath60 = EsecutoreTask
		SccProjectUniqueName61 = RaiBatch\\RaiBatch.csproj
		SccProjectTopLevelParentUniqueName61 = myRaiCommon.sln
		SccProjectName61 = RaiBatch
		SccLocalPath61 = RaiBatch
		SccProjectUniqueName62 = Caccia70\\Caccia70.csproj
		SccProjectTopLevelParentUniqueName62 = myRaiCommon.sln
		SccProjectName62 = Caccia70
		SccLocalPath62 = Caccia70
		SccProjectUniqueName63 = ..\\Batch\\ExportTabelle\\ExportTabelle.csproj
		SccProjectTopLevelParentUniqueName63 = myRaiCommon.sln
		SccProjectName63 = ../Batch/ExportTabelle
		SccLocalPath63 = ..\\Batch\\ExportTabelle
		SccProjectUniqueName64 = ..\\Batch\\Caricamento_DEM_Documenti_Automatico\\Caricamento_DEM_Documenti_Automatico.csproj
		SccProjectTopLevelParentUniqueName64 = myRaiCommon.sln
		SccProjectName64 = ../Batch/Caricamento_DEM_Documenti_Automatico
		SccLocalPath64 = ..\\Batch\\Caricamento_DEM_Documenti_Automatico
		SccProjectUniqueName65 = ..\\Batch\\CreazioneLettereProvvedimenti\\CreazioneLettereProvvedimenti.csproj
		SccProjectTopLevelParentUniqueName65 = myRaiCommon.sln
		SccProjectName65 = ../Batch/CreazioneLettereProvvedimenti
		SccLocalPath65 = ..\\Batch\\CreazioneLettereProvvedimenti
		SccProjectUniqueName66 = ..\\Batch\\CheckInWebApiConsumer\\CheckInWebApiConsumer.csproj
		SccProjectTopLevelParentUniqueName66 = myRaiCommon.sln
		SccProjectName66 = ../Batch/CheckInWebApiConsumer
		SccLocalPath66 = ..\\Batch\\CheckInWebApiConsumer
		SccProjectUniqueName67 = ..\\Batch\\InvioComunicazioni\\InvioComunicazioni.csproj
		SccProjectTopLevelParentUniqueName67 = myRaiCommon.sln
		SccProjectName67 = ../Batch/InvioComunicazioni
		SccLocalPath67 = ..\\Batch\\InvioComunicazioni
		SccProjectUniqueName68 = ..\\Batch\\SendingToHRDOC\\SendingToHRDOC.csproj
		SccProjectTopLevelParentUniqueName68 = myRaiCommon.sln
		SccProjectName68 = ../Batch/SendingToHRDOC
		SccLocalPath68 = ..\\Batch\\SendingToHRDOC
		SccProjectUniqueName69 = ..\\Batch\\Dematerializzazione\\EsecutoreAzioniAutomatiche\\EsecutoreAzioniAutomatiche.csproj
		SccProjectTopLevelParentUniqueName69 = myRaiCommon.sln
		SccProjectName69 = ../Batch/Dematerializzazione/EsecutoreAzioniAutomatiche
		SccLocalPath69 = ..\\Batch\\Dematerializzazione\\EsecutoreAzioniAutomatiche
	EndGlobalSection
	GlobalSection(Performance) = preSolution
		HasPerformanceSessions = true
	EndGlobalSection
	GlobalSection(Performance) = preSolution
		HasPerformanceSessions = true
	EndGlobalSection
	GlobalSection(Performance) = preSolution
		HasPerformanceSessions = true
	EndGlobalSection
	GlobalSection(Performance) = preSolution
		HasPerformanceSessions = true
	EndGlobalSection
	GlobalSection(Performance) = preSolution
		HasPerformanceSessions = true
	EndGlobalSection
	GlobalSection(Performance) = preSolution
		HasPerformanceSessions = true
	EndGlobalSection
EndGlobal
