
Microsoft Visual Studio Solution File, Format Version 12.00
# Visual Studio 15
VisualStudioVersion = 15.0.28307.168
MinimumVisualStudioVersion = 10.0.40219.1
Project("{FAE04EC0-301F-11D3-BF4B-00C04F79EFBC}") = "myRai", "myRai.csproj", "{4C42F30A-3DF7-478E-84C7-DF4E2F5B0005}"
	ProjectSection(ProjectDependencies) = postProject
		{04D71C3A-80F5-4560-AE3C-294767CAEFB0} = {04D71C3A-80F5-4560-AE3C-294767CAEFB0}
	EndProjectSection
EndProject
Project("{FAE04EC0-301F-11D3-BF4B-00C04F79EFBC}") = "myRaiData", "..\myRaiData\myRaiData.csproj", "{F63F72C2-8000-4784-8BC3-8B8A45C36807}"
EndProject
Project("{FAE04EC0-301F-11D3-BF4B-00C04F79EFBC}") = "myRaiService", "..\myRaiService\myRaiService.csproj", "{04D71C3A-80F5-4560-AE3C-294767CAEFB0}"
EndProject
Project("{FAE04EC0-301F-11D3-BF4B-00C04F79EFBC}") = "myRaiServiceTestClient", "..\myRaiServiceTestClient\myRaiServiceTestClient.csproj", "{D7756228-219E-4B20-A539-10108054ADE9}"
	ProjectSection(ProjectDependencies) = postProject
		{04D71C3A-80F5-4560-AE3C-294767CAEFB0} = {04D71C3A-80F5-4560-AE3C-294767CAEFB0}
	EndProjectSection
EndProject
Project("{E24C65DC-7377-472B-9ABA-BC803B73C61A}") = "digiGAPPWS(1)", "..\..\..\digiGAPPWS", "{8540EB53-2173-412D-B164-E40372A5AEEC}"
	ProjectSection(WebsiteProperties) = preProject
		SccProjectName = "SAK"
		SccAuxPath = "SAK"
		SccLocalPath = "SAK"
		SccProvider = "SAK"
		TargetFrameworkMoniker = ".NETFramework,Version%3Dv4.0"
		ProjectReferences = "{796CC4D0-E8BD-42AA-89E8-8C95B83002BC}|GestionePDFDigigapp.dll;"
		Debug.AspNetCompiler.VirtualPath = "/digiGAPPWS"
		Debug.AspNetCompiler.PhysicalPath = "..\..\..\digiGAPPWS\"
		Debug.AspNetCompiler.TargetPath = "PrecompiledWeb\digiGAPPWS\"
		Debug.AspNetCompiler.Updateable = "true"
		Debug.AspNetCompiler.ForceOverwrite = "true"
		Debug.AspNetCompiler.FixedNames = "false"
		Debug.AspNetCompiler.Debug = "True"
		Release.AspNetCompiler.VirtualPath = "/digiGAPPWS"
		Release.AspNetCompiler.PhysicalPath = "..\..\..\digiGAPPWS\"
		Release.AspNetCompiler.TargetPath = "PrecompiledWeb\digiGAPPWS\"
		Release.AspNetCompiler.Updateable = "true"
		Release.AspNetCompiler.ForceOverwrite = "true"
		Release.AspNetCompiler.FixedNames = "false"
		Release.AspNetCompiler.Debug = "False"
		VWDPort = "25311"
		SlnRelativePath = "..\..\..\digiGAPPWS\"
	EndProjectSection
EndProject
Project("{F184B08F-C81C-45F6-A57F-5ABD9991F28F}") = "GestionePDFDigigapp", "..\..\..\GestionePDFDigigapp\GestionePDFDigigapp.vbproj", "{796CC4D0-E8BD-42AA-89E8-8C95B83002BC}"
EndProject
Project("{FAE04EC0-301F-11D3-BF4B-00C04F79EFBC}") = "wcfApi", "..\..\..\wcfApi\wcfApi\wcfApi\wcfApi.csproj", "{91B90559-20DC-4635-AE8F-E7E7B6C90C56}"
EndProject
Project("{FAE04EC0-301F-11D3-BF4B-00C04F79EFBC}") = "StoricizzaCasseScontrini", "..\StoricizzaCasseScontrini\StoricizzaCasseScontrini.csproj", "{3850EA81-8E88-4A76-A917-48F9EEACA1C9}"
EndProject
Project("{FAE04EC0-301F-11D3-BF4B-00C04F79EFBC}") = "myRaiCommonTasks", "..\myRaiCommonTasks\myRaiCommonTasks.csproj", "{46913CD6-FB60-46B8-98DF-57C347A2912E}"
EndProject
Project("{FAE04EC0-301F-11D3-BF4B-00C04F79EFBC}") = "ComunicaCics", "..\ComunicaCics\ComunicaCics.csproj", "{B60408F4-09E2-4ABF-8C9B-0CA725D0DC4C}"
EndProject
Project("{FAE04EC0-301F-11D3-BF4B-00C04F79EFBC}") = "TimbratureCore", "..\Timbrature\TimbratureCore.csproj", "{B86CA964-9F8D-471B-BFC6-6EF0BD7704BD}"
EndProject
Project("{FAE04EC0-301F-11D3-BF4B-00C04F79EFBC}") = "MyRaiServiceInterface", "..\MyRaiServiceInterface\MyRaiServiceInterface.csproj", "{A43C2B0F-D840-4028-A118-0A6065343B1E}"
EndProject
Project("{FAE04EC0-301F-11D3-BF4B-00C04F79EFBC}") = "PdfPolicy", "..\PdfPolicy\PdfPolicy.csproj", "{4B9F3D16-24CF-4BB9-BDB1-0FCAE47F892C}"
EndProject
Project("{FAE04EC0-301F-11D3-BF4B-00C04F79EFBC}") = "ProgViaggiTrasferteLoader", "..\..\..\Batch\LoaderProgViaggiTrasferte\LoaderProgViaggiTrasferte\ProgViaggiTrasferteLoader.csproj", "{4AA28750-860B-403F-9269-B21433F51EA3}"
EndProject
Project("{FAE04EC0-301F-11D3-BF4B-00C04F79EFBC}") = "PDFcli", "..\PDFcli\PDFcli.csproj", "{49FE93F5-DD46-4426-8856-D9483955DB54}"
EndProject
Project("{FAE04EC0-301F-11D3-BF4B-00C04F79EFBC}") = "MyRaiWindowsNotificheServices", "MyRaiWindowsNotificheServices\MyRaiWindowsNotificheServices.csproj", "{2BA8A975-7253-42A0-969A-84105AB0B1A7}"
EndProject
Project("{2150E333-8FDC-42A3-9474-1A3956D46DE8}") = "Batch", "Batch", "{60CED175-867B-4020-8BBB-D0413A9CE057}"
EndProject
Project("{FAE04EC0-301F-11D3-BF4B-00C04F79EFBC}") = "GeneraPDF", "..\GeneraPDF\GeneraPDF.csproj", "{E6C07480-3AD7-4FFA-AA9D-57BD64945533}"
EndProject
Project("{FAE04EC0-301F-11D3-BF4B-00C04F79EFBC}") = "InviaMail_PDFgenerati", "..\InviaMail_PDFgenerati\InviaMail_PDFgenerati.csproj", "{DF512E27-78A7-408A-BEA6-7502518632A0}"
EndProject
Project("{FAE04EC0-301F-11D3-BF4B-00C04F79EFBC}") = "MarcaUrgentiScadute", "MarcaUrgentiScadute\MarcaUrgentiScadute.csproj", "{30F18AD7-F1D1-4C13-BDB2-2E85B40CE8A9}"
EndProject
Project("{FAE04EC0-301F-11D3-BF4B-00C04F79EFBC}") = "myRaiCommonDatacontrollers", "myRaiCommonDatacontrollers\myRaiCommonDatacontrollers.csproj", "{2265058D-6DC6-4A6E-A745-41A7DB9A93BA}"
EndProject
Project("{FAE04EC0-301F-11D3-BF4B-00C04F79EFBC}") = "InviaMailNotificheDipendente", "..\InviaNotificheDipendente\InviaMailNotificheDipendente.csproj", "{E85CCD8A-2525-4DA0-B589-EABD7FF8C51C}"
EndProject
Project("{FAE04EC0-301F-11D3-BF4B-00C04F79EFBC}") = "InvioMailReminderPerApprovatori", "InvioMailReminderPerApprovatori\InvioMailReminderPerApprovatori.csproj", "{F002ED3E-AD1E-4CDB-A03A-7AE2E7E2523B}"
EndProject
Project("{FAE04EC0-301F-11D3-BF4B-00C04F79EFBC}") = "InvioMailReminderPDFDaFirmare", "InvioMailReminderPDFDaFirmare\InvioMailReminderPDFDaFirmare.csproj", "{9815C2EB-7FE3-49B0-99AB-5254D958C5A6}"
EndProject
Project("{FAE04EC0-301F-11D3-BF4B-00C04F79EFBC}") = "InvioMailRiepilogoRichiesteDaApprovare", "InvioMailRiepilogoRichiesteDaApprovare\InvioMailRiepilogoRichiesteDaApprovare.csproj", "{A6A9C8F6-81DE-4005-9F4A-C5D6A361B6FB}"
EndProject
Project("{FAE04EC0-301F-11D3-BF4B-00C04F79EFBC}") = "ImportProgViaggiTrasferte", "..\ImportProgViaggiTrasferte\ImportProgViaggiTrasferte.csproj", "{D9AEDCB6-4DE4-4896-86BF-025AF563101E}"
EndProject
Project("{FAE04EC0-301F-11D3-BF4B-00C04F79EFBC}") = "myRaiIlias", "myRaiIlias\myRaiIlias.csproj", "{43DDE02A-F8DB-4F7F-A4D1-B12E4AA02B6E}"
EndProject
Project("{FAE04EC0-301F-11D3-BF4B-00C04F79EFBC}") = "CeitonSend", "..\CeitonSend\CeitonSend.csproj", "{DD1FA937-EA31-4031-8C42-D7EA6B6443DE}"
EndProject
Project("{FAE04EC0-301F-11D3-BF4B-00C04F79EFBC}") = "ConsoleCodificaCorsiCics", "..\ConsoleCodificaCorsiCics\ConsoleCodificaCorsiCics\ConsoleCodificaCorsiCics.csproj", "{4F8C1A48-D5BF-443A-B10B-1C063C22C7E5}"
EndProject
Project("{FAE04EC0-301F-11D3-BF4B-00C04F79EFBC}") = "RaiAcademyBatch", "..\RaiAcademyBatch\RaiAcademyBatch\RaiAcademyBatch.csproj", "{8A701B42-97C3-4B59-9E5F-F0F85C88A9B1}"
EndProject
Project("{FAE04EC0-301F-11D3-BF4B-00C04F79EFBC}") = "AllineaInApprovazione", "..\AllineaInApprovazione\AllineaInApprovazione.csproj", "{2A114D61-788B-4D96-95B3-D2B2CDA2D23C}"
EndProject
Project("{FAE04EC0-301F-11D3-BF4B-00C04F79EFBC}") = "GeneraPDFsostitutivo", "..\GeneraPDFsostitutivo\GeneraPDFsostitutivo.csproj", "{EB920DB3-55A7-4F47-BED8-96E17864BD69}"
EndProject
Project("{FAE04EC0-301F-11D3-BF4B-00C04F79EFBC}") = "PuliziaLogErrori", "..\..\..\Batch\PuliziaLogErrori\PuliziaLogErrori.csproj", "{A635891D-DAC8-4CDE-A85A-E974130DB02A}"
EndProject
Project("{FAE04EC0-301F-11D3-BF4B-00C04F79EFBC}") = "AllineaGAPP_DB", "..\AllineaGAPP_DB\AllineaGAPP_DB.csproj", "{EA92B4DC-7225-49B2-974C-A4E3FEA428BA}"
EndProject
Project("{FAE04EC0-301F-11D3-BF4B-00C04F79EFBC}") = "AllineaSediGAPPdaHRDW", "..\AllineaSediGAPPdaHRDW\AllineaSediGAPPdaHRDW.csproj", "{CA490130-7446-4FF7-95A2-44DC0FDC8079}"
EndProject
Project("{FAE04EC0-301F-11D3-BF4B-00C04F79EFBC}") = "PuliziaLogApi", "..\..\..\Batch\PuliziaLogApi\PuliziaLogApi.csproj", "{69DE9514-C3C5-42AF-B016-4491E9B16F1C}"
EndProject
Project("{FAE04EC0-301F-11D3-BF4B-00C04F79EFBC}") = "PuliziaLogAzioni", "..\..\..\Batch\PuliziaLogAzioni\PuliziaLogAzioni.csproj", "{7E6A23A9-95D4-4E7C-8CB3-B627F82CD872}"
EndProject
Project("{FAE04EC0-301F-11D3-BF4B-00C04F79EFBC}") = "PuliziaLOG", "..\..\..\Batch\PuliziaLOG\PuliziaLOG.csproj", "{27FC256B-A88A-43E2-90B9-B2E934B3B8ED}"
EndProject
Project("{FAE04EC0-301F-11D3-BF4B-00C04F79EFBC}") = "PuliziaLogDB", "..\..\..\Batch\PuliziaLogDB\PuliziaLogDB.csproj", "{3E4AB114-74C9-4479-901B-9591BCBD365A}"
EndProject
Project("{FAE04EC0-301F-11D3-BF4B-00C04F79EFBC}") = "PuliziaLogMensa", "..\..\..\Batch\PuliziaLogMensa\PuliziaLogMensa.csproj", "{A69E1209-576C-4B72-A54E-D1C7DDB15B74}"
EndProject
Project("{FAE04EC0-301F-11D3-BF4B-00C04F79EFBC}") = "InserimentoPianoFerie", "..\..\..\Batch\InserimentoPianoFerie\InserimentoPianoFerie.csproj", "{C67F5C91-49E0-467E-B58E-6363B82AB05A}"
EndProject
Project("{FAE04EC0-301F-11D3-BF4B-00C04F79EFBC}") = "GestionePianoFerieBatch", "..\..\..\Batch\GestionePianoFerieBatch\GestionePianoFerieBatch.csproj", "{43F25E00-3CDF-49DD-A805-A50D3BD42022}"
EndProject
Project("{FAE04EC0-301F-11D3-BF4B-00C04F79EFBC}") = "wsControlloBadge", "..\wsControlloBadge\wsControlloBadge\wsControlloBadge.csproj", "{24E2CC3B-B167-4F1C-8736-97F4CB0AB901}"
EndProject
Project("{FAE04EC0-301F-11D3-BF4B-00C04F79EFBC}") = "Allinea_Ceiton_Gapp", "..\..\..\Batch\Allinea_Ceiton_Gapp\Allinea_Ceiton_Gapp.csproj", "{F98F0110-A22D-4152-B042-AA7D31E4DC2D}"
EndProject
Project("{FAE04EC0-301F-11D3-BF4B-00C04F79EFBC}") = "Multiplo", "..\Multiplo\Multiplo.csproj", "{AF9CF6F8-6F40-46EA-8F63-ADC528BC5E8F}"
EndProject
Project("{FAE04EC0-301F-11D3-BF4B-00C04F79EFBC}") = "CezanneBatch", "..\CezanneBatch\CezanneBatch.csproj", "{34F5E1DC-0E3D-4BD3-8687-046C04489AAC}"
EndProject
Project("{FAE04EC0-301F-11D3-BF4B-00C04F79EFBC}") = "AllineaRichiesteEliminate", "AllineaRichiesteEliminate\AllineaRichiesteEliminate.csproj", "{7E99A877-181E-4360-A8AD-4179329BE0BD}"
EndProject
Project("{FAE04EC0-301F-11D3-BF4B-00C04F79EFBC}") = "GetReportSedi", "..\..\..\Batch\GetReportSedi\GetReportSedi\GetReportSedi.csproj", "{F23685C9-0352-46C3-9389-0B436F427759}"
EndProject
Project("{FAE04EC0-301F-11D3-BF4B-00C04F79EFBC}") = "InvioMailDetax", "..\InvioMailDetax\InvioMailDetax.csproj", "{9704112E-EB2F-4128-98AC-B097C2A37E5D}"
EndProject
Project("{FAE04EC0-301F-11D3-BF4B-00C04F79EFBC}") = "Detax", "..\..\..\Batch\Detax\Detax.csproj", "{B4F08859-DD9F-4E41-AAD3-A1FDEB567275}"
EndProject
Global
	GlobalSection(SolutionConfigurationPlatforms) = preSolution
		Debug|Any CPU = Debug|Any CPU
		Debug|Mixed Platforms = Debug|Mixed Platforms
		Debug|x86 = Debug|x86
		Release|Any CPU = Release|Any CPU
		Release|Mixed Platforms = Release|Mixed Platforms
		Release|x86 = Release|x86
	EndGlobalSection
	GlobalSection(ProjectConfigurationPlatforms) = postSolution
		{4C42F30A-3DF7-478E-84C7-DF4E2F5B0005}.Debug|Any CPU.ActiveCfg = Debug|Any CPU
		{4C42F30A-3DF7-478E-84C7-DF4E2F5B0005}.Debug|Any CPU.Build.0 = Debug|Any CPU
		{4C42F30A-3DF7-478E-84C7-DF4E2F5B0005}.Debug|Mixed Platforms.ActiveCfg = Debug|Any CPU
		{4C42F30A-3DF7-478E-84C7-DF4E2F5B0005}.Debug|Mixed Platforms.Build.0 = Debug|Any CPU
		{4C42F30A-3DF7-478E-84C7-DF4E2F5B0005}.Debug|x86.ActiveCfg = Debug|Any CPU
		{4C42F30A-3DF7-478E-84C7-DF4E2F5B0005}.Release|Any CPU.ActiveCfg = Release|Any CPU
		{4C42F30A-3DF7-478E-84C7-DF4E2F5B0005}.Release|Any CPU.Build.0 = Release|Any CPU
		{4C42F30A-3DF7-478E-84C7-DF4E2F5B0005}.Release|Mixed Platforms.ActiveCfg = Release|Any CPU
		{4C42F30A-3DF7-478E-84C7-DF4E2F5B0005}.Release|Mixed Platforms.Build.0 = Release|Any CPU
		{4C42F30A-3DF7-478E-84C7-DF4E2F5B0005}.Release|x86.ActiveCfg = Release|Any CPU
		{F63F72C2-8000-4784-8BC3-8B8A45C36807}.Debug|Any CPU.ActiveCfg = Debug|Any CPU
		{F63F72C2-8000-4784-8BC3-8B8A45C36807}.Debug|Any CPU.Build.0 = Debug|Any CPU
		{F63F72C2-8000-4784-8BC3-8B8A45C36807}.Debug|Mixed Platforms.ActiveCfg = Debug|Any CPU
		{F63F72C2-8000-4784-8BC3-8B8A45C36807}.Debug|Mixed Platforms.Build.0 = Debug|Any CPU
		{F63F72C2-8000-4784-8BC3-8B8A45C36807}.Debug|x86.ActiveCfg = Debug|Any CPU
		{F63F72C2-8000-4784-8BC3-8B8A45C36807}.Release|Any CPU.ActiveCfg = Release|Any CPU
		{F63F72C2-8000-4784-8BC3-8B8A45C36807}.Release|Any CPU.Build.0 = Release|Any CPU
		{F63F72C2-8000-4784-8BC3-8B8A45C36807}.Release|Mixed Platforms.ActiveCfg = Release|Any CPU
		{F63F72C2-8000-4784-8BC3-8B8A45C36807}.Release|Mixed Platforms.Build.0 = Release|Any CPU
		{F63F72C2-8000-4784-8BC3-8B8A45C36807}.Release|x86.ActiveCfg = Release|Any CPU
		{04D71C3A-80F5-4560-AE3C-294767CAEFB0}.Debug|Any CPU.ActiveCfg = Debug|Any CPU
		{04D71C3A-80F5-4560-AE3C-294767CAEFB0}.Debug|Mixed Platforms.ActiveCfg = Debug|Any CPU
		{04D71C3A-80F5-4560-AE3C-294767CAEFB0}.Debug|Mixed Platforms.Build.0 = Debug|Any CPU
		{04D71C3A-80F5-4560-AE3C-294767CAEFB0}.Debug|x86.ActiveCfg = Debug|Any CPU
		{04D71C3A-80F5-4560-AE3C-294767CAEFB0}.Release|Any CPU.ActiveCfg = Release|Any CPU
		{04D71C3A-80F5-4560-AE3C-294767CAEFB0}.Release|Any CPU.Build.0 = Release|Any CPU
		{04D71C3A-80F5-4560-AE3C-294767CAEFB0}.Release|Mixed Platforms.ActiveCfg = Release|Any CPU
		{04D71C3A-80F5-4560-AE3C-294767CAEFB0}.Release|Mixed Platforms.Build.0 = Release|Any CPU
		{04D71C3A-80F5-4560-AE3C-294767CAEFB0}.Release|x86.ActiveCfg = Release|Any CPU
		{D7756228-219E-4B20-A539-10108054ADE9}.Debug|Any CPU.ActiveCfg = Debug|Any CPU
		{D7756228-219E-4B20-A539-10108054ADE9}.Debug|Mixed Platforms.ActiveCfg = Debug|Any CPU
		{D7756228-219E-4B20-A539-10108054ADE9}.Debug|Mixed Platforms.Build.0 = Debug|Any CPU
		{D7756228-219E-4B20-A539-10108054ADE9}.Debug|x86.ActiveCfg = Debug|Any CPU
		{D7756228-219E-4B20-A539-10108054ADE9}.Release|Any CPU.ActiveCfg = Release|Any CPU
		{D7756228-219E-4B20-A539-10108054ADE9}.Release|Any CPU.Build.0 = Release|Any CPU
		{D7756228-219E-4B20-A539-10108054ADE9}.Release|Mixed Platforms.ActiveCfg = Release|Any CPU
		{D7756228-219E-4B20-A539-10108054ADE9}.Release|Mixed Platforms.Build.0 = Release|Any CPU
		{D7756228-219E-4B20-A539-10108054ADE9}.Release|x86.ActiveCfg = Release|Any CPU
		{8540EB53-2173-412D-B164-E40372A5AEEC}.Debug|Any CPU.ActiveCfg = Debug|Any CPU
		{8540EB53-2173-412D-B164-E40372A5AEEC}.Debug|Mixed Platforms.ActiveCfg = Debug|Any CPU
		{8540EB53-2173-412D-B164-E40372A5AEEC}.Debug|Mixed Platforms.Build.0 = Debug|Any CPU
		{8540EB53-2173-412D-B164-E40372A5AEEC}.Debug|x86.ActiveCfg = Debug|Any CPU
		{8540EB53-2173-412D-B164-E40372A5AEEC}.Release|Any CPU.ActiveCfg = Debug|Any CPU
		{8540EB53-2173-412D-B164-E40372A5AEEC}.Release|Any CPU.Build.0 = Debug|Any CPU
		{8540EB53-2173-412D-B164-E40372A5AEEC}.Release|Mixed Platforms.ActiveCfg = Debug|Any CPU
		{8540EB53-2173-412D-B164-E40372A5AEEC}.Release|Mixed Platforms.Build.0 = Debug|Any CPU
		{8540EB53-2173-412D-B164-E40372A5AEEC}.Release|x86.ActiveCfg = Debug|Any CPU
		{796CC4D0-E8BD-42AA-89E8-8C95B83002BC}.Debug|Any CPU.ActiveCfg = Debug|Any CPU
		{796CC4D0-E8BD-42AA-89E8-8C95B83002BC}.Debug|Mixed Platforms.ActiveCfg = Debug|Any CPU
		{796CC4D0-E8BD-42AA-89E8-8C95B83002BC}.Debug|Mixed Platforms.Build.0 = Debug|Any CPU
		{796CC4D0-E8BD-42AA-89E8-8C95B83002BC}.Debug|x86.ActiveCfg = Debug|Any CPU
		{796CC4D0-E8BD-42AA-89E8-8C95B83002BC}.Release|Any CPU.ActiveCfg = Release|Any CPU
		{796CC4D0-E8BD-42AA-89E8-8C95B83002BC}.Release|Any CPU.Build.0 = Release|Any CPU
		{796CC4D0-E8BD-42AA-89E8-8C95B83002BC}.Release|Mixed Platforms.ActiveCfg = Release|Any CPU
		{796CC4D0-E8BD-42AA-89E8-8C95B83002BC}.Release|Mixed Platforms.Build.0 = Release|Any CPU
		{796CC4D0-E8BD-42AA-89E8-8C95B83002BC}.Release|x86.ActiveCfg = Release|Any CPU
		{91B90559-20DC-4635-AE8F-E7E7B6C90C56}.Debug|Any CPU.ActiveCfg = Debug|Any CPU
		{91B90559-20DC-4635-AE8F-E7E7B6C90C56}.Debug|Mixed Platforms.ActiveCfg = Debug|Any CPU
		{91B90559-20DC-4635-AE8F-E7E7B6C90C56}.Debug|Mixed Platforms.Build.0 = Debug|Any CPU
		{91B90559-20DC-4635-AE8F-E7E7B6C90C56}.Debug|x86.ActiveCfg = Debug|Any CPU
		{91B90559-20DC-4635-AE8F-E7E7B6C90C56}.Release|Any CPU.ActiveCfg = Release|Any CPU
		{91B90559-20DC-4635-AE8F-E7E7B6C90C56}.Release|Any CPU.Build.0 = Release|Any CPU
		{91B90559-20DC-4635-AE8F-E7E7B6C90C56}.Release|Mixed Platforms.ActiveCfg = Release|Any CPU
		{91B90559-20DC-4635-AE8F-E7E7B6C90C56}.Release|Mixed Platforms.Build.0 = Release|Any CPU
		{91B90559-20DC-4635-AE8F-E7E7B6C90C56}.Release|x86.ActiveCfg = Release|Any CPU
		{3850EA81-8E88-4A76-A917-48F9EEACA1C9}.Debug|Any CPU.ActiveCfg = Debug|Any CPU
		{3850EA81-8E88-4A76-A917-48F9EEACA1C9}.Debug|Any CPU.Build.0 = Debug|Any CPU
		{3850EA81-8E88-4A76-A917-48F9EEACA1C9}.Debug|Mixed Platforms.ActiveCfg = Debug|Any CPU
		{3850EA81-8E88-4A76-A917-48F9EEACA1C9}.Debug|Mixed Platforms.Build.0 = Debug|Any CPU
		{3850EA81-8E88-4A76-A917-48F9EEACA1C9}.Debug|x86.ActiveCfg = Debug|Any CPU
		{3850EA81-8E88-4A76-A917-48F9EEACA1C9}.Release|Any CPU.ActiveCfg = Release|Any CPU
		{3850EA81-8E88-4A76-A917-48F9EEACA1C9}.Release|Any CPU.Build.0 = Release|Any CPU
		{3850EA81-8E88-4A76-A917-48F9EEACA1C9}.Release|Mixed Platforms.ActiveCfg = Release|Any CPU
		{3850EA81-8E88-4A76-A917-48F9EEACA1C9}.Release|Mixed Platforms.Build.0 = Release|Any CPU
		{3850EA81-8E88-4A76-A917-48F9EEACA1C9}.Release|x86.ActiveCfg = Release|Any CPU
		{46913CD6-FB60-46B8-98DF-57C347A2912E}.Debug|Any CPU.ActiveCfg = Debug|Any CPU
		{46913CD6-FB60-46B8-98DF-57C347A2912E}.Debug|Any CPU.Build.0 = Debug|Any CPU
		{46913CD6-FB60-46B8-98DF-57C347A2912E}.Debug|Mixed Platforms.ActiveCfg = Debug|Any CPU
		{46913CD6-FB60-46B8-98DF-57C347A2912E}.Debug|Mixed Platforms.Build.0 = Debug|Any CPU
		{46913CD6-FB60-46B8-98DF-57C347A2912E}.Debug|x86.ActiveCfg = Debug|Any CPU
		{46913CD6-FB60-46B8-98DF-57C347A2912E}.Release|Any CPU.ActiveCfg = Release|Any CPU
		{46913CD6-FB60-46B8-98DF-57C347A2912E}.Release|Any CPU.Build.0 = Release|Any CPU
		{46913CD6-FB60-46B8-98DF-57C347A2912E}.Release|Mixed Platforms.ActiveCfg = Release|Any CPU
		{46913CD6-FB60-46B8-98DF-57C347A2912E}.Release|Mixed Platforms.Build.0 = Release|Any CPU
		{46913CD6-FB60-46B8-98DF-57C347A2912E}.Release|x86.ActiveCfg = Release|Any CPU
		{B60408F4-09E2-4ABF-8C9B-0CA725D0DC4C}.Debug|Any CPU.ActiveCfg = Debug|Any CPU
		{B60408F4-09E2-4ABF-8C9B-0CA725D0DC4C}.Debug|Any CPU.Build.0 = Debug|Any CPU
		{B60408F4-09E2-4ABF-8C9B-0CA725D0DC4C}.Debug|Mixed Platforms.ActiveCfg = Debug|Any CPU
		{B60408F4-09E2-4ABF-8C9B-0CA725D0DC4C}.Debug|Mixed Platforms.Build.0 = Debug|Any CPU
		{B60408F4-09E2-4ABF-8C9B-0CA725D0DC4C}.Debug|x86.ActiveCfg = Debug|Any CPU
		{B60408F4-09E2-4ABF-8C9B-0CA725D0DC4C}.Release|Any CPU.ActiveCfg = Release|Any CPU
		{B60408F4-09E2-4ABF-8C9B-0CA725D0DC4C}.Release|Any CPU.Build.0 = Release|Any CPU
		{B60408F4-09E2-4ABF-8C9B-0CA725D0DC4C}.Release|Mixed Platforms.ActiveCfg = Release|Any CPU
		{B60408F4-09E2-4ABF-8C9B-0CA725D0DC4C}.Release|Mixed Platforms.Build.0 = Release|Any CPU
		{B60408F4-09E2-4ABF-8C9B-0CA725D0DC4C}.Release|x86.ActiveCfg = Release|Any CPU
		{B86CA964-9F8D-471B-BFC6-6EF0BD7704BD}.Debug|Any CPU.ActiveCfg = Debug|Any CPU
		{B86CA964-9F8D-471B-BFC6-6EF0BD7704BD}.Debug|Any CPU.Build.0 = Debug|Any CPU
		{B86CA964-9F8D-471B-BFC6-6EF0BD7704BD}.Debug|Mixed Platforms.ActiveCfg = Debug|Any CPU
		{B86CA964-9F8D-471B-BFC6-6EF0BD7704BD}.Debug|Mixed Platforms.Build.0 = Debug|Any CPU
		{B86CA964-9F8D-471B-BFC6-6EF0BD7704BD}.Debug|x86.ActiveCfg = Debug|Any CPU
		{B86CA964-9F8D-471B-BFC6-6EF0BD7704BD}.Release|Any CPU.ActiveCfg = Release|Any CPU
		{B86CA964-9F8D-471B-BFC6-6EF0BD7704BD}.Release|Any CPU.Build.0 = Release|Any CPU
		{B86CA964-9F8D-471B-BFC6-6EF0BD7704BD}.Release|Mixed Platforms.ActiveCfg = Release|Any CPU
		{B86CA964-9F8D-471B-BFC6-6EF0BD7704BD}.Release|Mixed Platforms.Build.0 = Release|Any CPU
		{B86CA964-9F8D-471B-BFC6-6EF0BD7704BD}.Release|x86.ActiveCfg = Release|Any CPU
		{A43C2B0F-D840-4028-A118-0A6065343B1E}.Debug|Any CPU.ActiveCfg = Debug|Any CPU
		{A43C2B0F-D840-4028-A118-0A6065343B1E}.Debug|Any CPU.Build.0 = Debug|Any CPU
		{A43C2B0F-D840-4028-A118-0A6065343B1E}.Debug|Mixed Platforms.ActiveCfg = Debug|Any CPU
		{A43C2B0F-D840-4028-A118-0A6065343B1E}.Debug|Mixed Platforms.Build.0 = Debug|Any CPU
		{A43C2B0F-D840-4028-A118-0A6065343B1E}.Debug|x86.ActiveCfg = Debug|Any CPU
		{A43C2B0F-D840-4028-A118-0A6065343B1E}.Release|Any CPU.ActiveCfg = Release|Any CPU
		{A43C2B0F-D840-4028-A118-0A6065343B1E}.Release|Any CPU.Build.0 = Release|Any CPU
		{A43C2B0F-D840-4028-A118-0A6065343B1E}.Release|Mixed Platforms.ActiveCfg = Release|Any CPU
		{A43C2B0F-D840-4028-A118-0A6065343B1E}.Release|Mixed Platforms.Build.0 = Release|Any CPU
		{A43C2B0F-D840-4028-A118-0A6065343B1E}.Release|x86.ActiveCfg = Release|Any CPU
		{4B9F3D16-24CF-4BB9-BDB1-0FCAE47F892C}.Debug|Any CPU.ActiveCfg = Debug|Any CPU
		{4B9F3D16-24CF-4BB9-BDB1-0FCAE47F892C}.Debug|Any CPU.Build.0 = Debug|Any CPU
		{4B9F3D16-24CF-4BB9-BDB1-0FCAE47F892C}.Debug|Mixed Platforms.ActiveCfg = Debug|Any CPU
		{4B9F3D16-24CF-4BB9-BDB1-0FCAE47F892C}.Debug|Mixed Platforms.Build.0 = Debug|Any CPU
		{4B9F3D16-24CF-4BB9-BDB1-0FCAE47F892C}.Debug|x86.ActiveCfg = Debug|Any CPU
		{4B9F3D16-24CF-4BB9-BDB1-0FCAE47F892C}.Release|Any CPU.ActiveCfg = Release|Any CPU
		{4B9F3D16-24CF-4BB9-BDB1-0FCAE47F892C}.Release|Any CPU.Build.0 = Release|Any CPU
		{4B9F3D16-24CF-4BB9-BDB1-0FCAE47F892C}.Release|Mixed Platforms.ActiveCfg = Release|Any CPU
		{4B9F3D16-24CF-4BB9-BDB1-0FCAE47F892C}.Release|Mixed Platforms.Build.0 = Release|Any CPU
		{4B9F3D16-24CF-4BB9-BDB1-0FCAE47F892C}.Release|x86.ActiveCfg = Release|Any CPU
		{4AA28750-860B-403F-9269-B21433F51EA3}.Debug|Any CPU.ActiveCfg = Debug|Any CPU
		{4AA28750-860B-403F-9269-B21433F51EA3}.Debug|Any CPU.Build.0 = Debug|Any CPU
		{4AA28750-860B-403F-9269-B21433F51EA3}.Debug|Mixed Platforms.ActiveCfg = Debug|Any CPU
		{4AA28750-860B-403F-9269-B21433F51EA3}.Debug|Mixed Platforms.Build.0 = Debug|Any CPU
		{4AA28750-860B-403F-9269-B21433F51EA3}.Debug|x86.ActiveCfg = Debug|Any CPU
		{4AA28750-860B-403F-9269-B21433F51EA3}.Release|Any CPU.ActiveCfg = Release|Any CPU
		{4AA28750-860B-403F-9269-B21433F51EA3}.Release|Any CPU.Build.0 = Release|Any CPU
		{4AA28750-860B-403F-9269-B21433F51EA3}.Release|Mixed Platforms.ActiveCfg = Release|Any CPU
		{4AA28750-860B-403F-9269-B21433F51EA3}.Release|Mixed Platforms.Build.0 = Release|Any CPU
		{4AA28750-860B-403F-9269-B21433F51EA3}.Release|x86.ActiveCfg = Release|Any CPU
		{49FE93F5-DD46-4426-8856-D9483955DB54}.Debug|Any CPU.ActiveCfg = Debug|Any CPU
		{49FE93F5-DD46-4426-8856-D9483955DB54}.Debug|Any CPU.Build.0 = Debug|Any CPU
		{49FE93F5-DD46-4426-8856-D9483955DB54}.Debug|Mixed Platforms.ActiveCfg = Debug|Any CPU
		{49FE93F5-DD46-4426-8856-D9483955DB54}.Debug|Mixed Platforms.Build.0 = Debug|Any CPU
		{49FE93F5-DD46-4426-8856-D9483955DB54}.Debug|x86.ActiveCfg = Debug|Any CPU
		{49FE93F5-DD46-4426-8856-D9483955DB54}.Release|Any CPU.ActiveCfg = Release|Any CPU
		{49FE93F5-DD46-4426-8856-D9483955DB54}.Release|Any CPU.Build.0 = Release|Any CPU
		{49FE93F5-DD46-4426-8856-D9483955DB54}.Release|Mixed Platforms.ActiveCfg = Release|Any CPU
		{49FE93F5-DD46-4426-8856-D9483955DB54}.Release|Mixed Platforms.Build.0 = Release|Any CPU
		{49FE93F5-DD46-4426-8856-D9483955DB54}.Release|x86.ActiveCfg = Release|Any CPU
		{2BA8A975-7253-42A0-969A-84105AB0B1A7}.Debug|Any CPU.ActiveCfg = Debug|Any CPU
		{2BA8A975-7253-42A0-969A-84105AB0B1A7}.Debug|Any CPU.Build.0 = Debug|Any CPU
		{2BA8A975-7253-42A0-969A-84105AB0B1A7}.Debug|Mixed Platforms.ActiveCfg = Debug|Any CPU
		{2BA8A975-7253-42A0-969A-84105AB0B1A7}.Debug|Mixed Platforms.Build.0 = Debug|Any CPU
		{2BA8A975-7253-42A0-969A-84105AB0B1A7}.Debug|x86.ActiveCfg = Debug|Any CPU
		{2BA8A975-7253-42A0-969A-84105AB0B1A7}.Release|Any CPU.ActiveCfg = Release|Any CPU
		{2BA8A975-7253-42A0-969A-84105AB0B1A7}.Release|Any CPU.Build.0 = Release|Any CPU
		{2BA8A975-7253-42A0-969A-84105AB0B1A7}.Release|Mixed Platforms.ActiveCfg = Release|Any CPU
		{2BA8A975-7253-42A0-969A-84105AB0B1A7}.Release|Mixed Platforms.Build.0 = Release|Any CPU
		{2BA8A975-7253-42A0-969A-84105AB0B1A7}.Release|x86.ActiveCfg = Release|Any CPU
		{E6C07480-3AD7-4FFA-AA9D-57BD64945533}.Debug|Any CPU.ActiveCfg = Debug|Any CPU
		{E6C07480-3AD7-4FFA-AA9D-57BD64945533}.Debug|Any CPU.Build.0 = Debug|Any CPU
		{E6C07480-3AD7-4FFA-AA9D-57BD64945533}.Debug|Mixed Platforms.ActiveCfg = Debug|Any CPU
		{E6C07480-3AD7-4FFA-AA9D-57BD64945533}.Debug|Mixed Platforms.Build.0 = Debug|Any CPU
		{E6C07480-3AD7-4FFA-AA9D-57BD64945533}.Debug|x86.ActiveCfg = Debug|Any CPU
		{E6C07480-3AD7-4FFA-AA9D-57BD64945533}.Release|Any CPU.ActiveCfg = Release|Any CPU
		{E6C07480-3AD7-4FFA-AA9D-57BD64945533}.Release|Any CPU.Build.0 = Release|Any CPU
		{E6C07480-3AD7-4FFA-AA9D-57BD64945533}.Release|Mixed Platforms.ActiveCfg = Release|Any CPU
		{E6C07480-3AD7-4FFA-AA9D-57BD64945533}.Release|Mixed Platforms.Build.0 = Release|Any CPU
		{E6C07480-3AD7-4FFA-AA9D-57BD64945533}.Release|x86.ActiveCfg = Release|Any CPU
		{DF512E27-78A7-408A-BEA6-7502518632A0}.Debug|Any CPU.ActiveCfg = Debug|Any CPU
		{DF512E27-78A7-408A-BEA6-7502518632A0}.Debug|Any CPU.Build.0 = Debug|Any CPU
		{DF512E27-78A7-408A-BEA6-7502518632A0}.Debug|Mixed Platforms.ActiveCfg = Debug|Any CPU
		{DF512E27-78A7-408A-BEA6-7502518632A0}.Debug|Mixed Platforms.Build.0 = Debug|Any CPU
		{DF512E27-78A7-408A-BEA6-7502518632A0}.Debug|x86.ActiveCfg = Debug|Any CPU
		{DF512E27-78A7-408A-BEA6-7502518632A0}.Release|Any CPU.ActiveCfg = Release|Any CPU
		{DF512E27-78A7-408A-BEA6-7502518632A0}.Release|Any CPU.Build.0 = Release|Any CPU
		{DF512E27-78A7-408A-BEA6-7502518632A0}.Release|Mixed Platforms.ActiveCfg = Release|Any CPU
		{DF512E27-78A7-408A-BEA6-7502518632A0}.Release|Mixed Platforms.Build.0 = Release|Any CPU
		{DF512E27-78A7-408A-BEA6-7502518632A0}.Release|x86.ActiveCfg = Release|Any CPU
		{30F18AD7-F1D1-4C13-BDB2-2E85B40CE8A9}.Debug|Any CPU.ActiveCfg = Debug|Any CPU
		{30F18AD7-F1D1-4C13-BDB2-2E85B40CE8A9}.Debug|Any CPU.Build.0 = Debug|Any CPU
		{30F18AD7-F1D1-4C13-BDB2-2E85B40CE8A9}.Debug|Mixed Platforms.ActiveCfg = Debug|Any CPU
		{30F18AD7-F1D1-4C13-BDB2-2E85B40CE8A9}.Debug|Mixed Platforms.Build.0 = Debug|Any CPU
		{30F18AD7-F1D1-4C13-BDB2-2E85B40CE8A9}.Debug|x86.ActiveCfg = Debug|Any CPU
		{30F18AD7-F1D1-4C13-BDB2-2E85B40CE8A9}.Release|Any CPU.ActiveCfg = Release|Any CPU
		{30F18AD7-F1D1-4C13-BDB2-2E85B40CE8A9}.Release|Any CPU.Build.0 = Release|Any CPU
		{30F18AD7-F1D1-4C13-BDB2-2E85B40CE8A9}.Release|Mixed Platforms.ActiveCfg = Release|Any CPU
		{30F18AD7-F1D1-4C13-BDB2-2E85B40CE8A9}.Release|Mixed Platforms.Build.0 = Release|Any CPU
		{30F18AD7-F1D1-4C13-BDB2-2E85B40CE8A9}.Release|x86.ActiveCfg = Release|Any CPU
		{2265058D-6DC6-4A6E-A745-41A7DB9A93BA}.Debug|Any CPU.ActiveCfg = Debug|Any CPU
		{2265058D-6DC6-4A6E-A745-41A7DB9A93BA}.Debug|Any CPU.Build.0 = Debug|Any CPU
		{2265058D-6DC6-4A6E-A745-41A7DB9A93BA}.Debug|Mixed Platforms.ActiveCfg = Debug|Any CPU
		{2265058D-6DC6-4A6E-A745-41A7DB9A93BA}.Debug|Mixed Platforms.Build.0 = Debug|Any CPU
		{2265058D-6DC6-4A6E-A745-41A7DB9A93BA}.Debug|x86.ActiveCfg = Debug|Any CPU
		{2265058D-6DC6-4A6E-A745-41A7DB9A93BA}.Release|Any CPU.ActiveCfg = Release|Any CPU
		{2265058D-6DC6-4A6E-A745-41A7DB9A93BA}.Release|Any CPU.Build.0 = Release|Any CPU
		{2265058D-6DC6-4A6E-A745-41A7DB9A93BA}.Release|Mixed Platforms.ActiveCfg = Release|Any CPU
		{2265058D-6DC6-4A6E-A745-41A7DB9A93BA}.Release|Mixed Platforms.Build.0 = Release|Any CPU
		{2265058D-6DC6-4A6E-A745-41A7DB9A93BA}.Release|x86.ActiveCfg = Release|Any CPU
		{E85CCD8A-2525-4DA0-B589-EABD7FF8C51C}.Debug|Any CPU.ActiveCfg = Debug|Any CPU
		{E85CCD8A-2525-4DA0-B589-EABD7FF8C51C}.Debug|Any CPU.Build.0 = Debug|Any CPU
		{E85CCD8A-2525-4DA0-B589-EABD7FF8C51C}.Debug|Mixed Platforms.ActiveCfg = Debug|Any CPU
		{E85CCD8A-2525-4DA0-B589-EABD7FF8C51C}.Debug|Mixed Platforms.Build.0 = Debug|Any CPU
		{E85CCD8A-2525-4DA0-B589-EABD7FF8C51C}.Debug|x86.ActiveCfg = Debug|Any CPU
		{E85CCD8A-2525-4DA0-B589-EABD7FF8C51C}.Release|Any CPU.ActiveCfg = Release|Any CPU
		{E85CCD8A-2525-4DA0-B589-EABD7FF8C51C}.Release|Any CPU.Build.0 = Release|Any CPU
		{E85CCD8A-2525-4DA0-B589-EABD7FF8C51C}.Release|Mixed Platforms.ActiveCfg = Release|Any CPU
		{E85CCD8A-2525-4DA0-B589-EABD7FF8C51C}.Release|Mixed Platforms.Build.0 = Release|Any CPU
		{E85CCD8A-2525-4DA0-B589-EABD7FF8C51C}.Release|x86.ActiveCfg = Release|Any CPU
		{F002ED3E-AD1E-4CDB-A03A-7AE2E7E2523B}.Debug|Any CPU.ActiveCfg = Debug|Any CPU
		{F002ED3E-AD1E-4CDB-A03A-7AE2E7E2523B}.Debug|Any CPU.Build.0 = Debug|Any CPU
		{F002ED3E-AD1E-4CDB-A03A-7AE2E7E2523B}.Debug|Mixed Platforms.ActiveCfg = Debug|Any CPU
		{F002ED3E-AD1E-4CDB-A03A-7AE2E7E2523B}.Debug|Mixed Platforms.Build.0 = Debug|Any CPU
		{F002ED3E-AD1E-4CDB-A03A-7AE2E7E2523B}.Debug|x86.ActiveCfg = Debug|Any CPU
		{F002ED3E-AD1E-4CDB-A03A-7AE2E7E2523B}.Release|Any CPU.ActiveCfg = Release|Any CPU
		{F002ED3E-AD1E-4CDB-A03A-7AE2E7E2523B}.Release|Any CPU.Build.0 = Release|Any CPU
		{F002ED3E-AD1E-4CDB-A03A-7AE2E7E2523B}.Release|Mixed Platforms.ActiveCfg = Release|Any CPU
		{F002ED3E-AD1E-4CDB-A03A-7AE2E7E2523B}.Release|Mixed Platforms.Build.0 = Release|Any CPU
		{F002ED3E-AD1E-4CDB-A03A-7AE2E7E2523B}.Release|x86.ActiveCfg = Release|Any CPU
		{9815C2EB-7FE3-49B0-99AB-5254D958C5A6}.Debug|Any CPU.ActiveCfg = Debug|Any CPU
		{9815C2EB-7FE3-49B0-99AB-5254D958C5A6}.Debug|Any CPU.Build.0 = Debug|Any CPU
		{9815C2EB-7FE3-49B0-99AB-5254D958C5A6}.Debug|Mixed Platforms.ActiveCfg = Debug|Any CPU
		{9815C2EB-7FE3-49B0-99AB-5254D958C5A6}.Debug|Mixed Platforms.Build.0 = Debug|Any CPU
		{9815C2EB-7FE3-49B0-99AB-5254D958C5A6}.Debug|x86.ActiveCfg = Debug|Any CPU
		{9815C2EB-7FE3-49B0-99AB-5254D958C5A6}.Release|Any CPU.ActiveCfg = Release|Any CPU
		{9815C2EB-7FE3-49B0-99AB-5254D958C5A6}.Release|Any CPU.Build.0 = Release|Any CPU
		{9815C2EB-7FE3-49B0-99AB-5254D958C5A6}.Release|Mixed Platforms.ActiveCfg = Release|Any CPU
		{9815C2EB-7FE3-49B0-99AB-5254D958C5A6}.Release|Mixed Platforms.Build.0 = Release|Any CPU
		{9815C2EB-7FE3-49B0-99AB-5254D958C5A6}.Release|x86.ActiveCfg = Release|Any CPU
		{A6A9C8F6-81DE-4005-9F4A-C5D6A361B6FB}.Debug|Any CPU.ActiveCfg = Debug|Any CPU
		{A6A9C8F6-81DE-4005-9F4A-C5D6A361B6FB}.Debug|Any CPU.Build.0 = Debug|Any CPU
		{A6A9C8F6-81DE-4005-9F4A-C5D6A361B6FB}.Debug|Mixed Platforms.ActiveCfg = Debug|Any CPU
		{A6A9C8F6-81DE-4005-9F4A-C5D6A361B6FB}.Debug|Mixed Platforms.Build.0 = Debug|Any CPU
		{A6A9C8F6-81DE-4005-9F4A-C5D6A361B6FB}.Debug|x86.ActiveCfg = Debug|Any CPU
		{A6A9C8F6-81DE-4005-9F4A-C5D6A361B6FB}.Release|Any CPU.ActiveCfg = Release|Any CPU
		{A6A9C8F6-81DE-4005-9F4A-C5D6A361B6FB}.Release|Any CPU.Build.0 = Release|Any CPU
		{A6A9C8F6-81DE-4005-9F4A-C5D6A361B6FB}.Release|Mixed Platforms.ActiveCfg = Release|Any CPU
		{A6A9C8F6-81DE-4005-9F4A-C5D6A361B6FB}.Release|Mixed Platforms.Build.0 = Release|Any CPU
		{A6A9C8F6-81DE-4005-9F4A-C5D6A361B6FB}.Release|x86.ActiveCfg = Release|Any CPU
		{D9AEDCB6-4DE4-4896-86BF-025AF563101E}.Debug|Any CPU.ActiveCfg = Debug|Any CPU
		{D9AEDCB6-4DE4-4896-86BF-025AF563101E}.Debug|Any CPU.Build.0 = Debug|Any CPU
		{D9AEDCB6-4DE4-4896-86BF-025AF563101E}.Debug|Mixed Platforms.ActiveCfg = Debug|Any CPU
		{D9AEDCB6-4DE4-4896-86BF-025AF563101E}.Debug|Mixed Platforms.Build.0 = Debug|Any CPU
		{D9AEDCB6-4DE4-4896-86BF-025AF563101E}.Debug|x86.ActiveCfg = Debug|Any CPU
		{D9AEDCB6-4DE4-4896-86BF-025AF563101E}.Release|Any CPU.ActiveCfg = Release|Any CPU
		{D9AEDCB6-4DE4-4896-86BF-025AF563101E}.Release|Any CPU.Build.0 = Release|Any CPU
		{D9AEDCB6-4DE4-4896-86BF-025AF563101E}.Release|Mixed Platforms.ActiveCfg = Release|Any CPU
		{D9AEDCB6-4DE4-4896-86BF-025AF563101E}.Release|Mixed Platforms.Build.0 = Release|Any CPU
		{D9AEDCB6-4DE4-4896-86BF-025AF563101E}.Release|x86.ActiveCfg = Release|Any CPU
		{43DDE02A-F8DB-4F7F-A4D1-B12E4AA02B6E}.Debug|Any CPU.ActiveCfg = Debug|Any CPU
		{43DDE02A-F8DB-4F7F-A4D1-B12E4AA02B6E}.Debug|Any CPU.Build.0 = Debug|Any CPU
		{43DDE02A-F8DB-4F7F-A4D1-B12E4AA02B6E}.Debug|Mixed Platforms.ActiveCfg = Debug|Any CPU
		{43DDE02A-F8DB-4F7F-A4D1-B12E4AA02B6E}.Debug|Mixed Platforms.Build.0 = Debug|Any CPU
		{43DDE02A-F8DB-4F7F-A4D1-B12E4AA02B6E}.Debug|x86.ActiveCfg = Debug|Any CPU
		{43DDE02A-F8DB-4F7F-A4D1-B12E4AA02B6E}.Release|Any CPU.ActiveCfg = Release|Any CPU
		{43DDE02A-F8DB-4F7F-A4D1-B12E4AA02B6E}.Release|Any CPU.Build.0 = Release|Any CPU
		{43DDE02A-F8DB-4F7F-A4D1-B12E4AA02B6E}.Release|Mixed Platforms.ActiveCfg = Release|Any CPU
		{43DDE02A-F8DB-4F7F-A4D1-B12E4AA02B6E}.Release|Mixed Platforms.Build.0 = Release|Any CPU
		{43DDE02A-F8DB-4F7F-A4D1-B12E4AA02B6E}.Release|x86.ActiveCfg = Release|Any CPU
		{DD1FA937-EA31-4031-8C42-D7EA6B6443DE}.Debug|Any CPU.ActiveCfg = Debug|Any CPU
		{DD1FA937-EA31-4031-8C42-D7EA6B6443DE}.Debug|Any CPU.Build.0 = Debug|Any CPU
		{DD1FA937-EA31-4031-8C42-D7EA6B6443DE}.Debug|Mixed Platforms.ActiveCfg = Debug|Any CPU
		{DD1FA937-EA31-4031-8C42-D7EA6B6443DE}.Debug|Mixed Platforms.Build.0 = Debug|Any CPU
		{DD1FA937-EA31-4031-8C42-D7EA6B6443DE}.Debug|x86.ActiveCfg = Debug|Any CPU
		{DD1FA937-EA31-4031-8C42-D7EA6B6443DE}.Debug|x86.Build.0 = Debug|Any CPU
		{DD1FA937-EA31-4031-8C42-D7EA6B6443DE}.Release|Any CPU.ActiveCfg = Release|Any CPU
		{DD1FA937-EA31-4031-8C42-D7EA6B6443DE}.Release|Any CPU.Build.0 = Release|Any CPU
		{DD1FA937-EA31-4031-8C42-D7EA6B6443DE}.Release|Mixed Platforms.ActiveCfg = Release|Any CPU
		{DD1FA937-EA31-4031-8C42-D7EA6B6443DE}.Release|Mixed Platforms.Build.0 = Release|Any CPU
		{DD1FA937-EA31-4031-8C42-D7EA6B6443DE}.Release|x86.ActiveCfg = Release|Any CPU
		{DD1FA937-EA31-4031-8C42-D7EA6B6443DE}.Release|x86.Build.0 = Release|Any CPU
		{4F8C1A48-D5BF-443A-B10B-1C063C22C7E5}.Debug|Any CPU.ActiveCfg = Debug|Any CPU
		{4F8C1A48-D5BF-443A-B10B-1C063C22C7E5}.Debug|Any CPU.Build.0 = Debug|Any CPU
		{4F8C1A48-D5BF-443A-B10B-1C063C22C7E5}.Debug|Mixed Platforms.ActiveCfg = Debug|Any CPU
		{4F8C1A48-D5BF-443A-B10B-1C063C22C7E5}.Debug|Mixed Platforms.Build.0 = Debug|Any CPU
		{4F8C1A48-D5BF-443A-B10B-1C063C22C7E5}.Debug|x86.ActiveCfg = Debug|Any CPU
		{4F8C1A48-D5BF-443A-B10B-1C063C22C7E5}.Debug|x86.Build.0 = Debug|Any CPU
		{4F8C1A48-D5BF-443A-B10B-1C063C22C7E5}.Release|Any CPU.ActiveCfg = Release|Any CPU
		{4F8C1A48-D5BF-443A-B10B-1C063C22C7E5}.Release|Any CPU.Build.0 = Release|Any CPU
		{4F8C1A48-D5BF-443A-B10B-1C063C22C7E5}.Release|Mixed Platforms.ActiveCfg = Release|Any CPU
		{4F8C1A48-D5BF-443A-B10B-1C063C22C7E5}.Release|Mixed Platforms.Build.0 = Release|Any CPU
		{4F8C1A48-D5BF-443A-B10B-1C063C22C7E5}.Release|x86.ActiveCfg = Release|Any CPU
		{4F8C1A48-D5BF-443A-B10B-1C063C22C7E5}.Release|x86.Build.0 = Release|Any CPU
		{8A701B42-97C3-4B59-9E5F-F0F85C88A9B1}.Debug|Any CPU.ActiveCfg = Debug|Any CPU
		{8A701B42-97C3-4B59-9E5F-F0F85C88A9B1}.Debug|Any CPU.Build.0 = Debug|Any CPU
		{8A701B42-97C3-4B59-9E5F-F0F85C88A9B1}.Debug|Mixed Platforms.ActiveCfg = Debug|Any CPU
		{8A701B42-97C3-4B59-9E5F-F0F85C88A9B1}.Debug|Mixed Platforms.Build.0 = Debug|Any CPU
		{8A701B42-97C3-4B59-9E5F-F0F85C88A9B1}.Debug|x86.ActiveCfg = Debug|Any CPU
		{8A701B42-97C3-4B59-9E5F-F0F85C88A9B1}.Release|Any CPU.ActiveCfg = Release|Any CPU
		{8A701B42-97C3-4B59-9E5F-F0F85C88A9B1}.Release|Any CPU.Build.0 = Release|Any CPU
		{8A701B42-97C3-4B59-9E5F-F0F85C88A9B1}.Release|Mixed Platforms.ActiveCfg = Release|Any CPU
		{8A701B42-97C3-4B59-9E5F-F0F85C88A9B1}.Release|Mixed Platforms.Build.0 = Release|Any CPU
		{8A701B42-97C3-4B59-9E5F-F0F85C88A9B1}.Release|x86.ActiveCfg = Release|Any CPU
		{2A114D61-788B-4D96-95B3-D2B2CDA2D23C}.Debug|Any CPU.ActiveCfg = Debug|Any CPU
		{2A114D61-788B-4D96-95B3-D2B2CDA2D23C}.Debug|Any CPU.Build.0 = Debug|Any CPU
		{2A114D61-788B-4D96-95B3-D2B2CDA2D23C}.Debug|Mixed Platforms.ActiveCfg = Debug|Any CPU
		{2A114D61-788B-4D96-95B3-D2B2CDA2D23C}.Debug|Mixed Platforms.Build.0 = Debug|Any CPU
		{2A114D61-788B-4D96-95B3-D2B2CDA2D23C}.Debug|x86.ActiveCfg = Debug|Any CPU
		{2A114D61-788B-4D96-95B3-D2B2CDA2D23C}.Debug|x86.Build.0 = Debug|Any CPU
		{2A114D61-788B-4D96-95B3-D2B2CDA2D23C}.Release|Any CPU.ActiveCfg = Release|Any CPU
		{2A114D61-788B-4D96-95B3-D2B2CDA2D23C}.Release|Any CPU.Build.0 = Release|Any CPU
		{2A114D61-788B-4D96-95B3-D2B2CDA2D23C}.Release|Mixed Platforms.ActiveCfg = Release|Any CPU
		{2A114D61-788B-4D96-95B3-D2B2CDA2D23C}.Release|Mixed Platforms.Build.0 = Release|Any CPU
		{2A114D61-788B-4D96-95B3-D2B2CDA2D23C}.Release|x86.ActiveCfg = Release|Any CPU
		{2A114D61-788B-4D96-95B3-D2B2CDA2D23C}.Release|x86.Build.0 = Release|Any CPU
		{EB920DB3-55A7-4F47-BED8-96E17864BD69}.Debug|Any CPU.ActiveCfg = Debug|Any CPU
		{EB920DB3-55A7-4F47-BED8-96E17864BD69}.Debug|Any CPU.Build.0 = Debug|Any CPU
		{EB920DB3-55A7-4F47-BED8-96E17864BD69}.Debug|Mixed Platforms.ActiveCfg = Debug|Any CPU
		{EB920DB3-55A7-4F47-BED8-96E17864BD69}.Debug|Mixed Platforms.Build.0 = Debug|Any CPU
		{EB920DB3-55A7-4F47-BED8-96E17864BD69}.Debug|x86.ActiveCfg = Debug|Any CPU
		{EB920DB3-55A7-4F47-BED8-96E17864BD69}.Debug|x86.Build.0 = Debug|Any CPU
		{EB920DB3-55A7-4F47-BED8-96E17864BD69}.Release|Any CPU.ActiveCfg = Release|Any CPU
		{EB920DB3-55A7-4F47-BED8-96E17864BD69}.Release|Any CPU.Build.0 = Release|Any CPU
		{EB920DB3-55A7-4F47-BED8-96E17864BD69}.Release|Mixed Platforms.ActiveCfg = Release|Any CPU
		{EB920DB3-55A7-4F47-BED8-96E17864BD69}.Release|Mixed Platforms.Build.0 = Release|Any CPU
		{EB920DB3-55A7-4F47-BED8-96E17864BD69}.Release|x86.ActiveCfg = Release|Any CPU
		{EB920DB3-55A7-4F47-BED8-96E17864BD69}.Release|x86.Build.0 = Release|Any CPU
		{A635891D-DAC8-4CDE-A85A-E974130DB02A}.Debug|Any CPU.ActiveCfg = Debug|Any CPU
		{A635891D-DAC8-4CDE-A85A-E974130DB02A}.Debug|Any CPU.Build.0 = Debug|Any CPU
		{A635891D-DAC8-4CDE-A85A-E974130DB02A}.Debug|Mixed Platforms.ActiveCfg = Debug|Any CPU
		{A635891D-DAC8-4CDE-A85A-E974130DB02A}.Debug|Mixed Platforms.Build.0 = Debug|Any CPU
		{A635891D-DAC8-4CDE-A85A-E974130DB02A}.Debug|x86.ActiveCfg = Debug|Any CPU
		{A635891D-DAC8-4CDE-A85A-E974130DB02A}.Debug|x86.Build.0 = Debug|Any CPU
		{A635891D-DAC8-4CDE-A85A-E974130DB02A}.Release|Any CPU.ActiveCfg = Release|Any CPU
		{A635891D-DAC8-4CDE-A85A-E974130DB02A}.Release|Any CPU.Build.0 = Release|Any CPU
		{A635891D-DAC8-4CDE-A85A-E974130DB02A}.Release|Mixed Platforms.ActiveCfg = Release|Any CPU
		{A635891D-DAC8-4CDE-A85A-E974130DB02A}.Release|Mixed Platforms.Build.0 = Release|Any CPU
		{A635891D-DAC8-4CDE-A85A-E974130DB02A}.Release|x86.ActiveCfg = Release|Any CPU
		{A635891D-DAC8-4CDE-A85A-E974130DB02A}.Release|x86.Build.0 = Release|Any CPU
		{EA92B4DC-7225-49B2-974C-A4E3FEA428BA}.Debug|Any CPU.ActiveCfg = Debug|Any CPU
		{EA92B4DC-7225-49B2-974C-A4E3FEA428BA}.Debug|Any CPU.Build.0 = Debug|Any CPU
		{EA92B4DC-7225-49B2-974C-A4E3FEA428BA}.Debug|Mixed Platforms.ActiveCfg = Debug|Any CPU
		{EA92B4DC-7225-49B2-974C-A4E3FEA428BA}.Debug|Mixed Platforms.Build.0 = Debug|Any CPU
		{EA92B4DC-7225-49B2-974C-A4E3FEA428BA}.Debug|x86.ActiveCfg = Debug|Any CPU
		{EA92B4DC-7225-49B2-974C-A4E3FEA428BA}.Debug|x86.Build.0 = Debug|Any CPU
		{EA92B4DC-7225-49B2-974C-A4E3FEA428BA}.Release|Any CPU.ActiveCfg = Release|Any CPU
		{EA92B4DC-7225-49B2-974C-A4E3FEA428BA}.Release|Any CPU.Build.0 = Release|Any CPU
		{EA92B4DC-7225-49B2-974C-A4E3FEA428BA}.Release|Mixed Platforms.ActiveCfg = Release|Any CPU
		{EA92B4DC-7225-49B2-974C-A4E3FEA428BA}.Release|Mixed Platforms.Build.0 = Release|Any CPU
		{EA92B4DC-7225-49B2-974C-A4E3FEA428BA}.Release|x86.ActiveCfg = Release|Any CPU
		{EA92B4DC-7225-49B2-974C-A4E3FEA428BA}.Release|x86.Build.0 = Release|Any CPU
		{CA490130-7446-4FF7-95A2-44DC0FDC8079}.Debug|Any CPU.ActiveCfg = Debug|Any CPU
		{CA490130-7446-4FF7-95A2-44DC0FDC8079}.Debug|Any CPU.Build.0 = Debug|Any CPU
		{CA490130-7446-4FF7-95A2-44DC0FDC8079}.Debug|Mixed Platforms.ActiveCfg = Debug|Any CPU
		{CA490130-7446-4FF7-95A2-44DC0FDC8079}.Debug|Mixed Platforms.Build.0 = Debug|Any CPU
		{CA490130-7446-4FF7-95A2-44DC0FDC8079}.Debug|x86.ActiveCfg = Debug|Any CPU
		{CA490130-7446-4FF7-95A2-44DC0FDC8079}.Debug|x86.Build.0 = Debug|Any CPU
		{CA490130-7446-4FF7-95A2-44DC0FDC8079}.Release|Any CPU.ActiveCfg = Release|Any CPU
		{CA490130-7446-4FF7-95A2-44DC0FDC8079}.Release|Any CPU.Build.0 = Release|Any CPU
		{CA490130-7446-4FF7-95A2-44DC0FDC8079}.Release|Mixed Platforms.ActiveCfg = Release|Any CPU
		{CA490130-7446-4FF7-95A2-44DC0FDC8079}.Release|Mixed Platforms.Build.0 = Release|Any CPU
		{CA490130-7446-4FF7-95A2-44DC0FDC8079}.Release|x86.ActiveCfg = Release|Any CPU
		{CA490130-7446-4FF7-95A2-44DC0FDC8079}.Release|x86.Build.0 = Release|Any CPU
		{69DE9514-C3C5-42AF-B016-4491E9B16F1C}.Debug|Any CPU.ActiveCfg = Debug|Any CPU
		{69DE9514-C3C5-42AF-B016-4491E9B16F1C}.Debug|Any CPU.Build.0 = Debug|Any CPU
		{69DE9514-C3C5-42AF-B016-4491E9B16F1C}.Debug|Mixed Platforms.ActiveCfg = Debug|Any CPU
		{69DE9514-C3C5-42AF-B016-4491E9B16F1C}.Debug|Mixed Platforms.Build.0 = Debug|Any CPU
		{69DE9514-C3C5-42AF-B016-4491E9B16F1C}.Debug|x86.ActiveCfg = Debug|Any CPU
		{69DE9514-C3C5-42AF-B016-4491E9B16F1C}.Debug|x86.Build.0 = Debug|Any CPU
		{69DE9514-C3C5-42AF-B016-4491E9B16F1C}.Release|Any CPU.ActiveCfg = Release|Any CPU
		{69DE9514-C3C5-42AF-B016-4491E9B16F1C}.Release|Any CPU.Build.0 = Release|Any CPU
		{69DE9514-C3C5-42AF-B016-4491E9B16F1C}.Release|Mixed Platforms.ActiveCfg = Release|Any CPU
		{69DE9514-C3C5-42AF-B016-4491E9B16F1C}.Release|Mixed Platforms.Build.0 = Release|Any CPU
		{69DE9514-C3C5-42AF-B016-4491E9B16F1C}.Release|x86.ActiveCfg = Release|Any CPU
		{69DE9514-C3C5-42AF-B016-4491E9B16F1C}.Release|x86.Build.0 = Release|Any CPU
		{7E6A23A9-95D4-4E7C-8CB3-B627F82CD872}.Debug|Any CPU.ActiveCfg = Debug|Any CPU
		{7E6A23A9-95D4-4E7C-8CB3-B627F82CD872}.Debug|Any CPU.Build.0 = Debug|Any CPU
		{7E6A23A9-95D4-4E7C-8CB3-B627F82CD872}.Debug|Mixed Platforms.ActiveCfg = Debug|Any CPU
		{7E6A23A9-95D4-4E7C-8CB3-B627F82CD872}.Debug|Mixed Platforms.Build.0 = Debug|Any CPU
		{7E6A23A9-95D4-4E7C-8CB3-B627F82CD872}.Debug|x86.ActiveCfg = Debug|Any CPU
		{7E6A23A9-95D4-4E7C-8CB3-B627F82CD872}.Debug|x86.Build.0 = Debug|Any CPU
		{7E6A23A9-95D4-4E7C-8CB3-B627F82CD872}.Release|Any CPU.ActiveCfg = Release|Any CPU
		{7E6A23A9-95D4-4E7C-8CB3-B627F82CD872}.Release|Any CPU.Build.0 = Release|Any CPU
		{7E6A23A9-95D4-4E7C-8CB3-B627F82CD872}.Release|Mixed Platforms.ActiveCfg = Release|Any CPU
		{7E6A23A9-95D4-4E7C-8CB3-B627F82CD872}.Release|Mixed Platforms.Build.0 = Release|Any CPU
		{7E6A23A9-95D4-4E7C-8CB3-B627F82CD872}.Release|x86.ActiveCfg = Release|Any CPU
		{7E6A23A9-95D4-4E7C-8CB3-B627F82CD872}.Release|x86.Build.0 = Release|Any CPU
		{27FC256B-A88A-43E2-90B9-B2E934B3B8ED}.Debug|Any CPU.ActiveCfg = Debug|Any CPU
		{27FC256B-A88A-43E2-90B9-B2E934B3B8ED}.Debug|Any CPU.Build.0 = Debug|Any CPU
		{27FC256B-A88A-43E2-90B9-B2E934B3B8ED}.Debug|Mixed Platforms.ActiveCfg = Debug|Any CPU
		{27FC256B-A88A-43E2-90B9-B2E934B3B8ED}.Debug|Mixed Platforms.Build.0 = Debug|Any CPU
		{27FC256B-A88A-43E2-90B9-B2E934B3B8ED}.Debug|x86.ActiveCfg = Debug|Any CPU
		{27FC256B-A88A-43E2-90B9-B2E934B3B8ED}.Debug|x86.Build.0 = Debug|Any CPU
		{27FC256B-A88A-43E2-90B9-B2E934B3B8ED}.Release|Any CPU.ActiveCfg = Release|Any CPU
		{27FC256B-A88A-43E2-90B9-B2E934B3B8ED}.Release|Any CPU.Build.0 = Release|Any CPU
		{27FC256B-A88A-43E2-90B9-B2E934B3B8ED}.Release|Mixed Platforms.ActiveCfg = Release|Any CPU
		{27FC256B-A88A-43E2-90B9-B2E934B3B8ED}.Release|Mixed Platforms.Build.0 = Release|Any CPU
		{27FC256B-A88A-43E2-90B9-B2E934B3B8ED}.Release|x86.ActiveCfg = Release|Any CPU
		{27FC256B-A88A-43E2-90B9-B2E934B3B8ED}.Release|x86.Build.0 = Release|Any CPU
		{3E4AB114-74C9-4479-901B-9591BCBD365A}.Debug|Any CPU.ActiveCfg = Debug|Any CPU
		{3E4AB114-74C9-4479-901B-9591BCBD365A}.Debug|Any CPU.Build.0 = Debug|Any CPU
		{3E4AB114-74C9-4479-901B-9591BCBD365A}.Debug|Mixed Platforms.ActiveCfg = Debug|Any CPU
		{3E4AB114-74C9-4479-901B-9591BCBD365A}.Debug|Mixed Platforms.Build.0 = Debug|Any CPU
		{3E4AB114-74C9-4479-901B-9591BCBD365A}.Debug|x86.ActiveCfg = Debug|Any CPU
		{3E4AB114-74C9-4479-901B-9591BCBD365A}.Debug|x86.Build.0 = Debug|Any CPU
		{3E4AB114-74C9-4479-901B-9591BCBD365A}.Release|Any CPU.ActiveCfg = Release|Any CPU
		{3E4AB114-74C9-4479-901B-9591BCBD365A}.Release|Any CPU.Build.0 = Release|Any CPU
		{3E4AB114-74C9-4479-901B-9591BCBD365A}.Release|Mixed Platforms.ActiveCfg = Release|Any CPU
		{3E4AB114-74C9-4479-901B-9591BCBD365A}.Release|Mixed Platforms.Build.0 = Release|Any CPU
		{3E4AB114-74C9-4479-901B-9591BCBD365A}.Release|x86.ActiveCfg = Release|Any CPU
		{3E4AB114-74C9-4479-901B-9591BCBD365A}.Release|x86.Build.0 = Release|Any CPU
		{A69E1209-576C-4B72-A54E-D1C7DDB15B74}.Debug|Any CPU.ActiveCfg = Debug|Any CPU
		{A69E1209-576C-4B72-A54E-D1C7DDB15B74}.Debug|Any CPU.Build.0 = Debug|Any CPU
		{A69E1209-576C-4B72-A54E-D1C7DDB15B74}.Debug|Mixed Platforms.ActiveCfg = Debug|Any CPU
		{A69E1209-576C-4B72-A54E-D1C7DDB15B74}.Debug|Mixed Platforms.Build.0 = Debug|Any CPU
		{A69E1209-576C-4B72-A54E-D1C7DDB15B74}.Debug|x86.ActiveCfg = Debug|Any CPU
		{A69E1209-576C-4B72-A54E-D1C7DDB15B74}.Debug|x86.Build.0 = Debug|Any CPU
		{A69E1209-576C-4B72-A54E-D1C7DDB15B74}.Release|Any CPU.ActiveCfg = Release|Any CPU
		{A69E1209-576C-4B72-A54E-D1C7DDB15B74}.Release|Any CPU.Build.0 = Release|Any CPU
		{A69E1209-576C-4B72-A54E-D1C7DDB15B74}.Release|Mixed Platforms.ActiveCfg = Release|Any CPU
		{A69E1209-576C-4B72-A54E-D1C7DDB15B74}.Release|Mixed Platforms.Build.0 = Release|Any CPU
		{A69E1209-576C-4B72-A54E-D1C7DDB15B74}.Release|x86.ActiveCfg = Release|Any CPU
		{A69E1209-576C-4B72-A54E-D1C7DDB15B74}.Release|x86.Build.0 = Release|Any CPU
		{C67F5C91-49E0-467E-B58E-6363B82AB05A}.Debug|Any CPU.ActiveCfg = Debug|Any CPU
		{C67F5C91-49E0-467E-B58E-6363B82AB05A}.Debug|Any CPU.Build.0 = Debug|Any CPU
		{C67F5C91-49E0-467E-B58E-6363B82AB05A}.Debug|Mixed Platforms.ActiveCfg = Debug|Any CPU
		{C67F5C91-49E0-467E-B58E-6363B82AB05A}.Debug|Mixed Platforms.Build.0 = Debug|Any CPU
		{C67F5C91-49E0-467E-B58E-6363B82AB05A}.Debug|x86.ActiveCfg = Debug|Any CPU
		{C67F5C91-49E0-467E-B58E-6363B82AB05A}.Debug|x86.Build.0 = Debug|Any CPU
		{C67F5C91-49E0-467E-B58E-6363B82AB05A}.Release|Any CPU.ActiveCfg = Release|Any CPU
		{C67F5C91-49E0-467E-B58E-6363B82AB05A}.Release|Any CPU.Build.0 = Release|Any CPU
		{C67F5C91-49E0-467E-B58E-6363B82AB05A}.Release|Mixed Platforms.ActiveCfg = Release|Any CPU
		{C67F5C91-49E0-467E-B58E-6363B82AB05A}.Release|Mixed Platforms.Build.0 = Release|Any CPU
		{C67F5C91-49E0-467E-B58E-6363B82AB05A}.Release|x86.ActiveCfg = Release|Any CPU
		{C67F5C91-49E0-467E-B58E-6363B82AB05A}.Release|x86.Build.0 = Release|Any CPU
		{43F25E00-3CDF-49DD-A805-A50D3BD42022}.Debug|Any CPU.ActiveCfg = Debug|Any CPU
		{43F25E00-3CDF-49DD-A805-A50D3BD42022}.Debug|Any CPU.Build.0 = Debug|Any CPU
		{43F25E00-3CDF-49DD-A805-A50D3BD42022}.Debug|Mixed Platforms.ActiveCfg = Debug|Any CPU
		{43F25E00-3CDF-49DD-A805-A50D3BD42022}.Debug|Mixed Platforms.Build.0 = Debug|Any CPU
		{43F25E00-3CDF-49DD-A805-A50D3BD42022}.Debug|x86.ActiveCfg = Debug|Any CPU
		{43F25E00-3CDF-49DD-A805-A50D3BD42022}.Debug|x86.Build.0 = Debug|Any CPU
		{43F25E00-3CDF-49DD-A805-A50D3BD42022}.Release|Any CPU.ActiveCfg = Release|Any CPU
		{43F25E00-3CDF-49DD-A805-A50D3BD42022}.Release|Any CPU.Build.0 = Release|Any CPU
		{43F25E00-3CDF-49DD-A805-A50D3BD42022}.Release|Mixed Platforms.ActiveCfg = Release|Any CPU
		{43F25E00-3CDF-49DD-A805-A50D3BD42022}.Release|Mixed Platforms.Build.0 = Release|Any CPU
		{43F25E00-3CDF-49DD-A805-A50D3BD42022}.Release|x86.ActiveCfg = Release|Any CPU
		{43F25E00-3CDF-49DD-A805-A50D3BD42022}.Release|x86.Build.0 = Release|Any CPU
		{24E2CC3B-B167-4F1C-8736-97F4CB0AB901}.Debug|Any CPU.ActiveCfg = Debug|Any CPU
		{24E2CC3B-B167-4F1C-8736-97F4CB0AB901}.Debug|Any CPU.Build.0 = Debug|Any CPU
		{24E2CC3B-B167-4F1C-8736-97F4CB0AB901}.Debug|Mixed Platforms.ActiveCfg = Debug|Any CPU
		{24E2CC3B-B167-4F1C-8736-97F4CB0AB901}.Debug|Mixed Platforms.Build.0 = Debug|Any CPU
		{24E2CC3B-B167-4F1C-8736-97F4CB0AB901}.Debug|x86.ActiveCfg = Debug|Any CPU
		{24E2CC3B-B167-4F1C-8736-97F4CB0AB901}.Debug|x86.Build.0 = Debug|Any CPU
		{24E2CC3B-B167-4F1C-8736-97F4CB0AB901}.Release|Any CPU.ActiveCfg = Release|Any CPU
		{24E2CC3B-B167-4F1C-8736-97F4CB0AB901}.Release|Any CPU.Build.0 = Release|Any CPU
		{24E2CC3B-B167-4F1C-8736-97F4CB0AB901}.Release|Mixed Platforms.ActiveCfg = Release|Any CPU
		{24E2CC3B-B167-4F1C-8736-97F4CB0AB901}.Release|Mixed Platforms.Build.0 = Release|Any CPU
		{24E2CC3B-B167-4F1C-8736-97F4CB0AB901}.Release|x86.ActiveCfg = Release|Any CPU
		{24E2CC3B-B167-4F1C-8736-97F4CB0AB901}.Release|x86.Build.0 = Release|Any CPU
		{F98F0110-A22D-4152-B042-AA7D31E4DC2D}.Debug|Any CPU.ActiveCfg = Debug|Any CPU
		{F98F0110-A22D-4152-B042-AA7D31E4DC2D}.Debug|Any CPU.Build.0 = Debug|Any CPU
		{F98F0110-A22D-4152-B042-AA7D31E4DC2D}.Debug|Mixed Platforms.ActiveCfg = Debug|Any CPU
		{F98F0110-A22D-4152-B042-AA7D31E4DC2D}.Debug|Mixed Platforms.Build.0 = Debug|Any CPU
		{F98F0110-A22D-4152-B042-AA7D31E4DC2D}.Debug|x86.ActiveCfg = Debug|Any CPU
		{F98F0110-A22D-4152-B042-AA7D31E4DC2D}.Debug|x86.Build.0 = Debug|Any CPU
		{F98F0110-A22D-4152-B042-AA7D31E4DC2D}.Release|Any CPU.ActiveCfg = Release|Any CPU
		{F98F0110-A22D-4152-B042-AA7D31E4DC2D}.Release|Any CPU.Build.0 = Release|Any CPU
		{F98F0110-A22D-4152-B042-AA7D31E4DC2D}.Release|Mixed Platforms.ActiveCfg = Release|Any CPU
		{F98F0110-A22D-4152-B042-AA7D31E4DC2D}.Release|Mixed Platforms.Build.0 = Release|Any CPU
		{F98F0110-A22D-4152-B042-AA7D31E4DC2D}.Release|x86.ActiveCfg = Release|Any CPU
		{F98F0110-A22D-4152-B042-AA7D31E4DC2D}.Release|x86.Build.0 = Release|Any CPU
		{AF9CF6F8-6F40-46EA-8F63-ADC528BC5E8F}.Debug|Any CPU.ActiveCfg = Debug|Any CPU
		{AF9CF6F8-6F40-46EA-8F63-ADC528BC5E8F}.Debug|Any CPU.Build.0 = Debug|Any CPU
		{AF9CF6F8-6F40-46EA-8F63-ADC528BC5E8F}.Debug|Mixed Platforms.ActiveCfg = Debug|Any CPU
		{AF9CF6F8-6F40-46EA-8F63-ADC528BC5E8F}.Debug|Mixed Platforms.Build.0 = Debug|Any CPU
		{AF9CF6F8-6F40-46EA-8F63-ADC528BC5E8F}.Debug|x86.ActiveCfg = Debug|Any CPU
		{AF9CF6F8-6F40-46EA-8F63-ADC528BC5E8F}.Debug|x86.Build.0 = Debug|Any CPU
		{AF9CF6F8-6F40-46EA-8F63-ADC528BC5E8F}.Release|Any CPU.ActiveCfg = Release|Any CPU
		{AF9CF6F8-6F40-46EA-8F63-ADC528BC5E8F}.Release|Any CPU.Build.0 = Release|Any CPU
		{AF9CF6F8-6F40-46EA-8F63-ADC528BC5E8F}.Release|Mixed Platforms.ActiveCfg = Release|Any CPU
		{AF9CF6F8-6F40-46EA-8F63-ADC528BC5E8F}.Release|Mixed Platforms.Build.0 = Release|Any CPU
		{AF9CF6F8-6F40-46EA-8F63-ADC528BC5E8F}.Release|x86.ActiveCfg = Release|Any CPU
		{AF9CF6F8-6F40-46EA-8F63-ADC528BC5E8F}.Release|x86.Build.0 = Release|Any CPU
		{34F5E1DC-0E3D-4BD3-8687-046C04489AAC}.Debug|Any CPU.ActiveCfg = Debug|Any CPU
		{34F5E1DC-0E3D-4BD3-8687-046C04489AAC}.Debug|Any CPU.Build.0 = Debug|Any CPU
		{34F5E1DC-0E3D-4BD3-8687-046C04489AAC}.Debug|Mixed Platforms.ActiveCfg = Debug|Any CPU
		{34F5E1DC-0E3D-4BD3-8687-046C04489AAC}.Debug|Mixed Platforms.Build.0 = Debug|Any CPU
		{34F5E1DC-0E3D-4BD3-8687-046C04489AAC}.Debug|x86.ActiveCfg = Debug|Any CPU
		{34F5E1DC-0E3D-4BD3-8687-046C04489AAC}.Debug|x86.Build.0 = Debug|Any CPU
		{34F5E1DC-0E3D-4BD3-8687-046C04489AAC}.Release|Any CPU.ActiveCfg = Release|Any CPU
		{34F5E1DC-0E3D-4BD3-8687-046C04489AAC}.Release|Any CPU.Build.0 = Release|Any CPU
		{34F5E1DC-0E3D-4BD3-8687-046C04489AAC}.Release|Mixed Platforms.ActiveCfg = Release|Any CPU
		{34F5E1DC-0E3D-4BD3-8687-046C04489AAC}.Release|Mixed Platforms.Build.0 = Release|Any CPU
		{34F5E1DC-0E3D-4BD3-8687-046C04489AAC}.Release|x86.ActiveCfg = Release|Any CPU
		{34F5E1DC-0E3D-4BD3-8687-046C04489AAC}.Release|x86.Build.0 = Release|Any CPU
		{7E99A877-181E-4360-A8AD-4179329BE0BD}.Debug|Any CPU.ActiveCfg = Debug|Any CPU
		{7E99A877-181E-4360-A8AD-4179329BE0BD}.Debug|Any CPU.Build.0 = Debug|Any CPU
		{7E99A877-181E-4360-A8AD-4179329BE0BD}.Debug|Mixed Platforms.ActiveCfg = Debug|Any CPU
		{7E99A877-181E-4360-A8AD-4179329BE0BD}.Debug|Mixed Platforms.Build.0 = Debug|Any CPU
		{7E99A877-181E-4360-A8AD-4179329BE0BD}.Debug|x86.ActiveCfg = Debug|Any CPU
		{7E99A877-181E-4360-A8AD-4179329BE0BD}.Debug|x86.Build.0 = Debug|Any CPU
		{7E99A877-181E-4360-A8AD-4179329BE0BD}.Release|Any CPU.ActiveCfg = Release|Any CPU
		{7E99A877-181E-4360-A8AD-4179329BE0BD}.Release|Any CPU.Build.0 = Release|Any CPU
		{7E99A877-181E-4360-A8AD-4179329BE0BD}.Release|Mixed Platforms.ActiveCfg = Release|Any CPU
		{7E99A877-181E-4360-A8AD-4179329BE0BD}.Release|Mixed Platforms.Build.0 = Release|Any CPU
		{7E99A877-181E-4360-A8AD-4179329BE0BD}.Release|x86.ActiveCfg = Release|Any CPU
		{7E99A877-181E-4360-A8AD-4179329BE0BD}.Release|x86.Build.0 = Release|Any CPU
		{F23685C9-0352-46C3-9389-0B436F427759}.Debug|Any CPU.ActiveCfg = Debug|Any CPU
		{F23685C9-0352-46C3-9389-0B436F427759}.Debug|Any CPU.Build.0 = Debug|Any CPU
		{F23685C9-0352-46C3-9389-0B436F427759}.Debug|Mixed Platforms.ActiveCfg = Debug|Any CPU
		{F23685C9-0352-46C3-9389-0B436F427759}.Debug|Mixed Platforms.Build.0 = Debug|Any CPU
		{F23685C9-0352-46C3-9389-0B436F427759}.Debug|x86.ActiveCfg = Debug|Any CPU
		{F23685C9-0352-46C3-9389-0B436F427759}.Debug|x86.Build.0 = Debug|Any CPU
		{F23685C9-0352-46C3-9389-0B436F427759}.Release|Any CPU.ActiveCfg = Release|Any CPU
		{F23685C9-0352-46C3-9389-0B436F427759}.Release|Any CPU.Build.0 = Release|Any CPU
		{F23685C9-0352-46C3-9389-0B436F427759}.Release|Mixed Platforms.ActiveCfg = Release|Any CPU
		{F23685C9-0352-46C3-9389-0B436F427759}.Release|Mixed Platforms.Build.0 = Release|Any CPU
		{F23685C9-0352-46C3-9389-0B436F427759}.Release|x86.ActiveCfg = Release|Any CPU
		{F23685C9-0352-46C3-9389-0B436F427759}.Release|x86.Build.0 = Release|Any CPU
		{9704112E-EB2F-4128-98AC-B097C2A37E5D}.Debug|Any CPU.ActiveCfg = Debug|Any CPU
		{9704112E-EB2F-4128-98AC-B097C2A37E5D}.Debug|Any CPU.Build.0 = Debug|Any CPU
		{9704112E-EB2F-4128-98AC-B097C2A37E5D}.Debug|Mixed Platforms.ActiveCfg = Debug|Any CPU
		{9704112E-EB2F-4128-98AC-B097C2A37E5D}.Debug|Mixed Platforms.Build.0 = Debug|Any CPU
		{9704112E-EB2F-4128-98AC-B097C2A37E5D}.Debug|x86.ActiveCfg = Debug|Any CPU
		{9704112E-EB2F-4128-98AC-B097C2A37E5D}.Debug|x86.Build.0 = Debug|Any CPU
		{9704112E-EB2F-4128-98AC-B097C2A37E5D}.Release|Any CPU.ActiveCfg = Release|Any CPU
		{9704112E-EB2F-4128-98AC-B097C2A37E5D}.Release|Any CPU.Build.0 = Release|Any CPU
		{9704112E-EB2F-4128-98AC-B097C2A37E5D}.Release|Mixed Platforms.ActiveCfg = Release|Any CPU
		{9704112E-EB2F-4128-98AC-B097C2A37E5D}.Release|Mixed Platforms.Build.0 = Release|Any CPU
		{9704112E-EB2F-4128-98AC-B097C2A37E5D}.Release|x86.ActiveCfg = Release|Any CPU
		{9704112E-EB2F-4128-98AC-B097C2A37E5D}.Release|x86.Build.0 = Release|Any CPU
		{B4F08859-DD9F-4E41-AAD3-A1FDEB567275}.Debug|Any CPU.ActiveCfg = Debug|Any CPU
		{B4F08859-DD9F-4E41-AAD3-A1FDEB567275}.Debug|Any CPU.Build.0 = Debug|Any CPU
		{B4F08859-DD9F-4E41-AAD3-A1FDEB567275}.Debug|Mixed Platforms.ActiveCfg = Debug|Any CPU
		{B4F08859-DD9F-4E41-AAD3-A1FDEB567275}.Debug|Mixed Platforms.Build.0 = Debug|Any CPU
		{B4F08859-DD9F-4E41-AAD3-A1FDEB567275}.Debug|x86.ActiveCfg = Debug|Any CPU
		{B4F08859-DD9F-4E41-AAD3-A1FDEB567275}.Debug|x86.Build.0 = Debug|Any CPU
		{B4F08859-DD9F-4E41-AAD3-A1FDEB567275}.Release|Any CPU.ActiveCfg = Release|Any CPU
		{B4F08859-DD9F-4E41-AAD3-A1FDEB567275}.Release|Any CPU.Build.0 = Release|Any CPU
		{B4F08859-DD9F-4E41-AAD3-A1FDEB567275}.Release|Mixed Platforms.ActiveCfg = Release|Any CPU
		{B4F08859-DD9F-4E41-AAD3-A1FDEB567275}.Release|Mixed Platforms.Build.0 = Release|Any CPU
		{B4F08859-DD9F-4E41-AAD3-A1FDEB567275}.Release|x86.ActiveCfg = Release|Any CPU
		{B4F08859-DD9F-4E41-AAD3-A1FDEB567275}.Release|x86.Build.0 = Release|Any CPU
	EndGlobalSection
	GlobalSection(SolutionProperties) = preSolution
		HideSolutionNode = FALSE
	EndGlobalSection
	GlobalSection(NestedProjects) = preSolution
		{3850EA81-8E88-4A76-A917-48F9EEACA1C9} = {60CED175-867B-4020-8BBB-D0413A9CE057}
		{E6C07480-3AD7-4FFA-AA9D-57BD64945533} = {60CED175-867B-4020-8BBB-D0413A9CE057}
		{DF512E27-78A7-408A-BEA6-7502518632A0} = {60CED175-867B-4020-8BBB-D0413A9CE057}
		{30F18AD7-F1D1-4C13-BDB2-2E85B40CE8A9} = {60CED175-867B-4020-8BBB-D0413A9CE057}
		{E85CCD8A-2525-4DA0-B589-EABD7FF8C51C} = {60CED175-867B-4020-8BBB-D0413A9CE057}
		{F002ED3E-AD1E-4CDB-A03A-7AE2E7E2523B} = {60CED175-867B-4020-8BBB-D0413A9CE057}
		{9815C2EB-7FE3-49B0-99AB-5254D958C5A6} = {60CED175-867B-4020-8BBB-D0413A9CE057}
		{A6A9C8F6-81DE-4005-9F4A-C5D6A361B6FB} = {60CED175-867B-4020-8BBB-D0413A9CE057}
		{D9AEDCB6-4DE4-4896-86BF-025AF563101E} = {60CED175-867B-4020-8BBB-D0413A9CE057}
		{DD1FA937-EA31-4031-8C42-D7EA6B6443DE} = {60CED175-867B-4020-8BBB-D0413A9CE057}
		{4F8C1A48-D5BF-443A-B10B-1C063C22C7E5} = {60CED175-867B-4020-8BBB-D0413A9CE057}
		{8A701B42-97C3-4B59-9E5F-F0F85C88A9B1} = {60CED175-867B-4020-8BBB-D0413A9CE057}
		{2A114D61-788B-4D96-95B3-D2B2CDA2D23C} = {60CED175-867B-4020-8BBB-D0413A9CE057}
		{EB920DB3-55A7-4F47-BED8-96E17864BD69} = {60CED175-867B-4020-8BBB-D0413A9CE057}
		{A635891D-DAC8-4CDE-A85A-E974130DB02A} = {60CED175-867B-4020-8BBB-D0413A9CE057}
		{EA92B4DC-7225-49B2-974C-A4E3FEA428BA} = {60CED175-867B-4020-8BBB-D0413A9CE057}
		{CA490130-7446-4FF7-95A2-44DC0FDC8079} = {60CED175-867B-4020-8BBB-D0413A9CE057}
		{69DE9514-C3C5-42AF-B016-4491E9B16F1C} = {60CED175-867B-4020-8BBB-D0413A9CE057}
		{7E6A23A9-95D4-4E7C-8CB3-B627F82CD872} = {60CED175-867B-4020-8BBB-D0413A9CE057}
		{27FC256B-A88A-43E2-90B9-B2E934B3B8ED} = {60CED175-867B-4020-8BBB-D0413A9CE057}
		{3E4AB114-74C9-4479-901B-9591BCBD365A} = {60CED175-867B-4020-8BBB-D0413A9CE057}
		{A69E1209-576C-4B72-A54E-D1C7DDB15B74} = {60CED175-867B-4020-8BBB-D0413A9CE057}
		{C67F5C91-49E0-467E-B58E-6363B82AB05A} = {60CED175-867B-4020-8BBB-D0413A9CE057}
		{43F25E00-3CDF-49DD-A805-A50D3BD42022} = {60CED175-867B-4020-8BBB-D0413A9CE057}
		{F98F0110-A22D-4152-B042-AA7D31E4DC2D} = {60CED175-867B-4020-8BBB-D0413A9CE057}
		{AF9CF6F8-6F40-46EA-8F63-ADC528BC5E8F} = {60CED175-867B-4020-8BBB-D0413A9CE057}
		{34F5E1DC-0E3D-4BD3-8687-046C04489AAC} = {60CED175-867B-4020-8BBB-D0413A9CE057}
		{7E99A877-181E-4360-A8AD-4179329BE0BD} = {60CED175-867B-4020-8BBB-D0413A9CE057}
		{F23685C9-0352-46C3-9389-0B436F427759} = {60CED175-867B-4020-8BBB-D0413A9CE057}
		{9704112E-EB2F-4128-98AC-B097C2A37E5D} = {60CED175-867B-4020-8BBB-D0413A9CE057}
		{B4F08859-DD9F-4E41-AAD3-A1FDEB567275} = {60CED175-867B-4020-8BBB-D0413A9CE057}
	EndGlobalSection
	GlobalSection(ExtensibilityGlobals) = postSolution
		SolutionGuid = {F9E2406D-2A2C-460A-A905-8CC7E5CFB92C}
	EndGlobalSection
	GlobalSection(TeamFoundationVersionControl) = preSolution
		SccNumberOfProjects = 50
		SccEnterpriseProvider = {4CA58AB2-18FA-4F8D-95D4-32DDF27D184C}
		SccTeamFoundationServer = http://ztocerv212:8080/tfs/rai
		SccLocalPath0 = .
		SccProjectUniqueName1 = myRai.csproj
		SccLocalPath1 = .
		SccProjectUniqueName2 = ..\\..\\..\\GestionePDFDigigapp\\GestionePDFDigigapp.vbproj
		SccProjectName2 = ../../../GestionePDFDigigapp
		SccLocalPath2 = ..\\..\\..\\GestionePDFDigigapp
		SccProjectUniqueName3 = ..\\myRaiService\\myRaiService.csproj
		SccProjectName3 = ../myRaiService
		SccLocalPath3 = ..\\myRaiService
		SccProjectUniqueName4 = ..\\myRaiServiceTestClient\\myRaiServiceTestClient.csproj
		SccProjectName4 = ../myRaiServiceTestClient
		SccLocalPath4 = ..\\myRaiServiceTestClient
		SccProjectUniqueName5 = ..\\myRaiData\\myRaiData.csproj
		SccProjectName5 = ../myRaiData
		SccLocalPath5 = ..\\myRaiData
		SccProjectUniqueName6 = ..\\..\\..\\wcfApi\\wcfApi\\wcfApi\\wcfApi.csproj
		SccProjectName6 = ../../../wcfApi/wcfApi/wcfApi
		SccLocalPath6 = ..\\..\\..\\wcfApi\\wcfApi\\wcfApi
		SccProjectUniqueName7 = ..\\StoricizzaCasseScontrini\\StoricizzaCasseScontrini.csproj
		SccProjectTopLevelParentUniqueName7 = myRai.sln
		SccProjectName7 = ../StoricizzaCasseScontrini
		SccLocalPath7 = ..\\StoricizzaCasseScontrini
		SccProjectUniqueName8 = ..\\myRaiCommonTasks\\myRaiCommonTasks.csproj
		SccProjectName8 = ../myRaiCommonTasks
		SccLocalPath8 = ..\\myRaiCommonTasks
		SccProjectUniqueName9 = ..\\ComunicaCics\\ComunicaCics.csproj
		SccProjectName9 = ../ComunicaCics
		SccLocalPath9 = ..\\ComunicaCics
		SccProjectUniqueName10 = ..\\Timbrature\\TimbratureCore.csproj
		SccProjectName10 = ../Timbrature
		SccLocalPath10 = ..\\Timbrature
		SccProjectUniqueName11 = ..\\MyRaiServiceInterface\\MyRaiServiceInterface.csproj
		SccProjectName11 = ../MyRaiServiceInterface
		SccLocalPath11 = ..\\MyRaiServiceInterface
		SccProjectUniqueName12 = ..\\PdfPolicy\\PdfPolicy.csproj
		SccProjectName12 = ../PdfPolicy
		SccLocalPath12 = ..\\PdfPolicy
		SccProjectUniqueName13 = ..\\..\\..\\Batch\\LoaderProgViaggiTrasferte\\LoaderProgViaggiTrasferte\\ProgViaggiTrasferteLoader.csproj
		SccProjectName13 = ../../../Batch/LoaderProgViaggiTrasferte/LoaderProgViaggiTrasferte
		SccLocalPath13 = ..\\..\\..\\Batch\\LoaderProgViaggiTrasferte\\LoaderProgViaggiTrasferte
		SccProjectUniqueName14 = ..\\PDFcli\\PDFcli.csproj
		SccProjectName14 = ../PDFcli
		SccLocalPath14 = ..\\PDFcli
		SccProjectUniqueName15 = MyRaiWindowsNotificheServices\\MyRaiWindowsNotificheServices.csproj
		SccProjectName15 = MyRaiWindowsNotificheServices
		SccLocalPath15 = MyRaiWindowsNotificheServices
		SccProjectUniqueName16 = ..\\GeneraPDF\\GeneraPDF.csproj
		SccProjectTopLevelParentUniqueName16 = myRai.sln
		SccProjectName16 = ../GeneraPDF
		SccLocalPath16 = ..\\GeneraPDF
		SccProjectUniqueName17 = ..\\InviaMail_PDFgenerati\\InviaMail_PDFgenerati.csproj
		SccProjectTopLevelParentUniqueName17 = myRai.sln
		SccProjectName17 = ../InviaMail_PDFgenerati
		SccLocalPath17 = ..\\InviaMail_PDFgenerati
		SccProjectUniqueName18 = MarcaUrgentiScadute\\MarcaUrgentiScadute.csproj
		SccProjectTopLevelParentUniqueName18 = myRai.sln
		SccProjectName18 = MarcaUrgentiScadute
		SccLocalPath18 = MarcaUrgentiScadute
		SccProjectUniqueName19 = myRaiCommonDatacontrollers\\myRaiCommonDatacontrollers.csproj
		SccProjectName19 = myRaiCommonDatacontrollers
		SccLocalPath19 = myRaiCommonDatacontrollers
		SccProjectUniqueName20 = InvioMailReminderPerApprovatori\\InvioMailReminderPerApprovatori.csproj
		SccProjectTopLevelParentUniqueName20 = myRai.sln
		SccProjectName20 = InvioMailReminderPerApprovatori
		SccLocalPath20 = InvioMailReminderPerApprovatori
		SccProjectUniqueName21 = InvioMailReminderPDFDaFirmare\\InvioMailReminderPDFDaFirmare.csproj
		SccProjectTopLevelParentUniqueName21 = myRai.sln
		SccProjectName21 = InvioMailReminderPDFDaFirmare
		SccLocalPath21 = InvioMailReminderPDFDaFirmare
		SccProjectUniqueName22 = ..\\InviaNotificheDipendente\\InviaMailNotificheDipendente.csproj
		SccProjectTopLevelParentUniqueName22 = myRai.sln
		SccProjectName22 = ../InviaNotificheDipendente
		SccLocalPath22 = ..\\InviaNotificheDipendente
		SccProjectUniqueName23 = InvioMailRiepilogoRichiesteDaApprovare\\InvioMailRiepilogoRichiesteDaApprovare.csproj
		SccProjectTopLevelParentUniqueName23 = myRai.sln
		SccProjectName23 = InvioMailRiepilogoRichiesteDaApprovare
		SccLocalPath23 = InvioMailRiepilogoRichiesteDaApprovare
		SccProjectUniqueName24 = ..\\ImportProgViaggiTrasferte\\ImportProgViaggiTrasferte.csproj
		SccProjectTopLevelParentUniqueName24 = myRai.sln
		SccProjectName24 = ../ImportProgViaggiTrasferte
		SccLocalPath24 = ..\\ImportProgViaggiTrasferte
		SccProjectUniqueName25 = myRaiIlias\\myRaiIlias.csproj
		SccProjectName25 = myRaiIlias
		SccLocalPath25 = myRaiIlias
		SccProjectUniqueName26 = ..\\CeitonSend\\CeitonSend.csproj
		SccProjectTopLevelParentUniqueName26 = myRai.sln
		SccProjectName26 = ../CeitonSend
		SccLocalPath26 = ..\\CeitonSend
		SccProjectUniqueName27 = ..\\ConsoleCodificaCorsiCics\\ConsoleCodificaCorsiCics\\ConsoleCodificaCorsiCics.csproj
		SccProjectTopLevelParentUniqueName27 = myRai.sln
		SccProjectName27 = ../ConsoleCodificaCorsiCics/ConsoleCodificaCorsiCics
		SccLocalPath27 = ..\\ConsoleCodificaCorsiCics\\ConsoleCodificaCorsiCics
		SccProjectUniqueName28 = ..\\RaiAcademyBatch\\RaiAcademyBatch\\RaiAcademyBatch.csproj
		SccProjectTopLevelParentUniqueName28 = myRai.sln
		SccProjectName28 = ../RaiAcademyBatch/RaiAcademyBatch
		SccLocalPath28 = ..\\RaiAcademyBatch\\RaiAcademyBatch
		SccProjectUniqueName29 = ..\\AllineaInApprovazione\\AllineaInApprovazione.csproj
		SccProjectTopLevelParentUniqueName29 = myRai.sln
		SccProjectName29 = ../AllineaInApprovazione
		SccLocalPath29 = ..\\AllineaInApprovazione
		SccProjectUniqueName30 = ..\\GeneraPDFsostitutivo\\GeneraPDFsostitutivo.csproj
		SccProjectTopLevelParentUniqueName30 = myRai.sln
		SccProjectName30 = ../GeneraPDFsostitutivo
		SccLocalPath30 = ..\\GeneraPDFsostitutivo
		SccProjectUniqueName31 = ..\\..\\..\\Batch\\PuliziaLogErrori\\PuliziaLogErrori.csproj
		SccProjectTopLevelParentUniqueName31 = myRai.sln
		SccProjectName31 = ../../../Batch/PuliziaLogErrori
		SccLocalPath31 = ..\\..\\..\\Batch\\PuliziaLogErrori
		SccProjectUniqueName32 = ..\\AllineaGAPP_DB\\AllineaGAPP_DB.csproj
		SccProjectTopLevelParentUniqueName32 = myRai.sln
		SccProjectName32 = ../AllineaGAPP_DB
		SccLocalPath32 = ..\\AllineaGAPP_DB
		SccProjectUniqueName33 = ..\\AllineaSediGAPPdaHRDW\\AllineaSediGAPPdaHRDW.csproj
		SccProjectTopLevelParentUniqueName33 = myRai.sln
		SccProjectName33 = ../AllineaSediGAPPdaHRDW
		SccLocalPath33 = ..\\AllineaSediGAPPdaHRDW
		SccProjectUniqueName34 = ..\\..\\..\\Batch\\PuliziaLogApi\\PuliziaLogApi.csproj
		SccProjectTopLevelParentUniqueName34 = myRai.sln
		SccProjectName34 = ../../../Batch/PuliziaLogApi
		SccLocalPath34 = ..\\..\\..\\Batch\\PuliziaLogApi
		SccProjectUniqueName35 = ..\\..\\..\\Batch\\PuliziaLogAzioni\\PuliziaLogAzioni.csproj
		SccProjectTopLevelParentUniqueName35 = myRai.sln
		SccProjectName35 = ../../../Batch/PuliziaLogAzioni
		SccLocalPath35 = ..\\..\\..\\Batch\\PuliziaLogAzioni
		SccProjectUniqueName36 = ..\\..\\..\\Batch\\PuliziaLOG\\PuliziaLOG.csproj
		SccProjectTopLevelParentUniqueName36 = myRai.sln
		SccProjectName36 = ../../../Batch/PuliziaLOG
		SccLocalPath36 = ..\\..\\..\\Batch\\PuliziaLOG
		SccProjectUniqueName37 = ..\\..\\..\\Batch\\PuliziaLogDB\\PuliziaLogDB.csproj
		SccProjectTopLevelParentUniqueName37 = myRai.sln
		SccProjectName37 = ../../../Batch/PuliziaLogDB
		SccLocalPath37 = ..\\..\\..\\Batch\\PuliziaLogDB
		SccProjectUniqueName38 = ..\\..\\..\\Batch\\PuliziaLogMensa\\PuliziaLogMensa.csproj
		SccProjectTopLevelParentUniqueName38 = myRai.sln
		SccProjectName38 = ../../../Batch/PuliziaLogMensa
		SccLocalPath38 = ..\\..\\..\\Batch\\PuliziaLogMensa
		SccProjectUniqueName39 = ..\\..\\..\\Batch\\InserimentoPianoFerie\\InserimentoPianoFerie.csproj
		SccProjectTopLevelParentUniqueName39 = myRai.sln
		SccProjectName39 = ../../../Batch/InserimentoPianoFerie
		SccLocalPath39 = ..\\..\\..\\Batch\\InserimentoPianoFerie
		SccProjectUniqueName40 = ..\\..\\..\\Batch\\GestionePianoFerieBatch\\GestionePianoFerieBatch.csproj
		SccProjectTopLevelParentUniqueName40 = myRai.sln
		SccProjectName40 = ../../../Batch/GestionePianoFerieBatch
		SccLocalPath40 = ..\\..\\..\\Batch\\GestionePianoFerieBatch
		SccProjectUniqueName41 = ..\\wsControlloBadge\\wsControlloBadge\\wsControlloBadge.csproj
		SccProjectName41 = ../wsControlloBadge/wsControlloBadge
		SccLocalPath41 = ..\\wsControlloBadge\\wsControlloBadge
		SccProjectUniqueName42 = ..\\..\\..\\Batch\\Allinea_Ceiton_Gapp\\Allinea_Ceiton_Gapp.csproj
		SccProjectTopLevelParentUniqueName42 = myRai.sln
		SccProjectName42 = ../../../Batch/Allinea_Ceiton_Gapp
		SccLocalPath42 = ..\\..\\..\\Batch\\Allinea_Ceiton_Gapp
		SccProjectUniqueName43 = ..\\Multiplo\\Multiplo.csproj
		SccProjectTopLevelParentUniqueName43 = myRai.sln
		SccProjectName43 = ../Multiplo
		SccLocalPath43 = ..\\Multiplo
		SccProjectUniqueName44 = ..\\CezanneBatch\\CezanneBatch.csproj
		SccProjectTopLevelParentUniqueName44 = myRai.sln
		SccProjectName44 = ../CezanneBatch
		SccLocalPath44 = ..\\CezanneBatch
		SccProjectUniqueName45 = AllineaRichiesteEliminate\\AllineaRichiesteEliminate.csproj
		SccProjectTopLevelParentUniqueName45 = myRai.sln
		SccProjectName45 = AllineaRichiesteEliminate
		SccLocalPath45 = AllineaRichiesteEliminate
		SccProjectUniqueName46 = ..\\..\\..\\Batch\\GetReportSedi\\GetReportSedi\\GetReportSedi.csproj
		SccProjectTopLevelParentUniqueName46 = myRai.sln
		SccProjectName46 = ../../../Batch/GetReportSedi/GetReportSedi
		SccLocalPath46 = ..\\..\\..\\Batch\\GetReportSedi\\GetReportSedi
		SccProjectUniqueName47 = ..\\InvioMailDetax\\InvioMailDetax.csproj
		SccProjectTopLevelParentUniqueName47 = myRai.sln
		SccProjectName47 = ../InvioMailDetax
		SccLocalPath47 = ..\\InvioMailDetax
		SccWebProject48 = true
		SccProjectUniqueName48 = ..\\..\\..\\digiGAPPWS
		SccProjectName48 = ../../../digiGAPPWS
		SccLocalPath48 = ..\\..\\..\\digiGAPPWS
		SccProjectEnlistmentChoice48 = 2
		SccProjectUniqueName49 = ..\\..\\..\\Batch\\Detax\\Detax.csproj
		SccProjectTopLevelParentUniqueName49 = myRai.sln
		SccProjectName49 = ../../../Batch/Detax
		SccLocalPath49 = ..\\..\\..\\Batch\\Detax
	EndGlobalSection
EndGlobal
